{
  "object": {
    "pins": [
      {
        "package": "SwiftUIKit",
        "repositoryURL": "https://github.com/danielsaidi/SwiftUIKit.git",
        "state": {
          "branch": "master",
          "revision": "81de7b7319cd89b6b48e5a01a71a6c3c9ffeebc0",
          "version": null
        }
      }
    ]
  },
  "version": 1
}
