{
  "object": {
    "pins": [
      {
        "package": "SwiftUIKit",
        "repositoryURL": "https://github.com/danielsaidi/SwiftUIKit.git",
        "state": {
          "branch": "master",
          "revision": "c721f56ada589d386e3df92f1b7674acf35d064b",
          "version": null
        }
      }
    ]
  },
  "version": 1
}
