{
  "object": {
    "pins": [
      {
        "package": "SwiftUIKit",
        "repositoryURL": "https://github.com/danielsaidi/SwiftUIKit.git",
        "state": {
          "branch": "master",
          "revision": "56d24254a4677b2b402571ebf17e622e039c4363",
          "version": null
        }
      }
    ]
  },
  "version": 1
}
