{
  "object": {
    "pins": [
      {
        "package": "SwiftUIKit",
        "repositoryURL": "https://github.com/danielsaidi/SwiftUIKit.git",
        "state": {
          "branch": null,
          "revision": "7e43f36509628a59eb99199740bdd89f07eafad2",
          "version": "1.3.1"
        }
      }
    ]
  },
  "version": 1
}
