{
  "object": {
    "pins": [
      {
        "package": "SwiftUIKit",
        "repositoryURL": "https://github.com/danielsaidi/SwiftUIKit.git",
        "state": {
          "branch": null,
          "revision": "967a9c37503ac4e5ab3dbef57173c62c2a2c2cc3",
          "version": "1.6.0"
        }
      }
    ]
  },
  "version": 1
}
