{
  "object": {
    "pins": [
      {
        "package": "SwiftUIKit",
        "repositoryURL": "https://github.com/danielsaidi/SwiftUIKit.git",
        "state": {
          "branch": "master",
          "revision": "911bf8d179d1cf998b6cf9f914c166e31fa01112",
          "version": null
        }
      }
    ]
  },
  "version": 1
}
