// !$*UTF8*$!
{
	archiveVersion = 1;
	classes = {
	};
	objectVersion = 52;
	objects = {

/* Begin PBXBuildFile section */
		84060AFB248E666500D65DD1 /* Views.md in Resources */ = {isa = PBXBuildFile; fileRef = 84060AFA248E666500D65DD1 /* Views.md */; };
		845EA61E24190562005976EE /* Fonts.swift in Sources */ = {isa = PBXBuildFile; fileRef = 845EA61924190562005976EE /* Fonts.swift */; };
		845EA61F24190562005976EE /* AbrilFatface-Regular.ttf in Resources */ = {isa = PBXBuildFile; fileRef = 845EA61B24190562005976EE /* AbrilFatface-Regular.ttf */; };
		845EA62024190562005976EE /* LuckiestGuy-Regular.ttf in Resources */ = {isa = PBXBuildFile; fileRef = 845EA61C24190562005976EE /* LuckiestGuy-Regular.ttf */; };
		845EA62124190562005976EE /* Lobster-Regular.ttf in Resources */ = {isa = PBXBuildFile; fileRef = 845EA61D24190562005976EE /* Lobster-Regular.ttf */; };
		845EA623241905CB005976EE /* FontStyleScreen.swift in Sources */ = {isa = PBXBuildFile; fileRef = 845EA622241905CB005976EE /* FontStyleScreen.swift */; };
		847CC5C82549D29F008A36AF /* PresentationScreen.swift in Sources */ = {isa = PBXBuildFile; fileRef = 847CC5C72549D29F008A36AF /* PresentationScreen.swift */; };
		847CC5D12549D351008A36AF /* Sharing.md in Resources */ = {isa = PBXBuildFile; fileRef = 847CC5CC2549D351008A36AF /* Sharing.md */; };
		847CC5D22549D351008A36AF /* Pickers.md in Resources */ = {isa = PBXBuildFile; fileRef = 847CC5CD2549D351008A36AF /* Pickers.md */; };
		847CC5D32549D351008A36AF /* Presentation.md in Resources */ = {isa = PBXBuildFile; fileRef = 847CC5CE2549D351008A36AF /* Presentation.md */; };
		847CC5D42549D351008A36AF /* Camera.md in Resources */ = {isa = PBXBuildFile; fileRef = 847CC5CF2549D351008A36AF /* Camera.md */; };
		847CC5D52549D351008A36AF /* Navigation.md in Resources */ = {isa = PBXBuildFile; fileRef = 847CC5D02549D351008A36AF /* Navigation.md */; };
		84A3926A2500EB0E009E5CC0 /* DemoToast.swift in Sources */ = {isa = PBXBuildFile; fileRef = 84A392692500EB0E009E5CC0 /* DemoToast.swift */; };
		84DDC8DB2417995300EDE944 /* StylesScreen.swift in Sources */ = {isa = PBXBuildFile; fileRef = 84DDC8DA2417995300EDE944 /* StylesScreen.swift */; };
		84DDC8DD241799B800EDE944 /* CornerRadiusStyleScreen.swift in Sources */ = {isa = PBXBuildFile; fileRef = 84DDC8DC241799B800EDE944 /* CornerRadiusStyleScreen.swift */; };
		A9A0581F248D1D5300BCD097 /* Blurs.md in Resources */ = {isa = PBXBuildFile; fileRef = A9A0581C248D1D5300BCD097 /* Blurs.md */; };
		A9A05823248D1DE500BCD097 /* AlertsScreen.swift in Sources */ = {isa = PBXBuildFile; fileRef = A9A05822248D1DE500BCD097 /* AlertsScreen.swift */; };
		A9A05825248D1E0300BCD097 /* DemoAlert.swift in Sources */ = {isa = PBXBuildFile; fileRef = A9A05824248D1E0300BCD097 /* DemoAlert.swift */; };
		A9AE2E19248BFBA500D9BC2A /* Styles.md in Resources */ = {isa = PBXBuildFile; fileRef = A9AE2E16248BFBA500D9BC2A /* Styles.md */; };
		A9AE2E1D248BFCAC00D9BC2A /* SheetsScreen.swift in Sources */ = {isa = PBXBuildFile; fileRef = A9AE2E1C248BFCAC00D9BC2A /* SheetsScreen.swift */; };
		A9AE2E1F248BFE7800D9BC2A /* DemoSheet.swift in Sources */ = {isa = PBXBuildFile; fileRef = A9AE2E1E248BFE7800D9BC2A /* DemoSheet.swift */; };
		A9AE2E26248C03F900D9BC2A /* Data.md in Resources */ = {isa = PBXBuildFile; fileRef = A9AE2E25248C03F800D9BC2A /* Data.md */; };
		A9AE2E2B248C055800D9BC2A /* QrCodeGeneratorScreen.swift in Sources */ = {isa = PBXBuildFile; fileRef = A9AE2E2A248C055800D9BC2A /* QrCodeGeneratorScreen.swift */; };
		A9AE2E2D248C056900D9BC2A /* DataScreen.swift in Sources */ = {isa = PBXBuildFile; fileRef = A9AE2E2C248C056900D9BC2A /* DataScreen.swift */; };
		A9AE2E2F248C059D00D9BC2A /* UserDefaultsPersistedScreen.swift in Sources */ = {isa = PBXBuildFile; fileRef = A9AE2E2E248C059D00D9BC2A /* UserDefaultsPersistedScreen.swift */; };
		A9E9A267241062C900844844 /* AppDelegate.swift in Sources */ = {isa = PBXBuildFile; fileRef = A9E9A266241062C900844844 /* AppDelegate.swift */; };
		A9E9A269241062C900844844 /* SceneDelegate.swift in Sources */ = {isa = PBXBuildFile; fileRef = A9E9A268241062C900844844 /* SceneDelegate.swift */; };
		A9E9A26B241062C900844844 /* HomeScreen.swift in Sources */ = {isa = PBXBuildFile; fileRef = A9E9A26A241062C900844844 /* HomeScreen.swift */; };
		A9E9A26D241062CB00844844 /* Assets.xcassets in Resources */ = {isa = PBXBuildFile; fileRef = A9E9A26C241062CB00844844 /* Assets.xcassets */; };
		A9E9A270241062CB00844844 /* Preview Assets.xcassets in Resources */ = {isa = PBXBuildFile; fileRef = A9E9A26F241062CB00844844 /* Preview Assets.xcassets */; };
		A9E9A273241062CB00844844 /* LaunchScreen.storyboard in Resources */ = {isa = PBXBuildFile; fileRef = A9E9A271241062CB00844844 /* LaunchScreen.storyboard */; };
		A9E9A280241065B700844844 /* SwiftUIKit in Frameworks */ = {isa = PBXBuildFile; productRef = A9E9A27F241065B700844844 /* SwiftUIKit */; };
		A9E9A282241065D900844844 /* BlursScreen.swift in Sources */ = {isa = PBXBuildFile; fileRef = A9E9A281241065D900844844 /* BlursScreen.swift */; };
		A9E9A284241065E700844844 /* BlurCell.swift in Sources */ = {isa = PBXBuildFile; fileRef = A9E9A283241065E700844844 /* BlurCell.swift */; };
		A9E9A2862410661200844844 /* UIBlurEffectStyle+DisplayName.swift in Sources */ = {isa = PBXBuildFile; fileRef = A9E9A2852410661200844844 /* UIBlurEffectStyle+DisplayName.swift */; };
		A9E9A2A8241076FF00844844 /* GesturesScreen.swift in Sources */ = {isa = PBXBuildFile; fileRef = A9E9A2A7241076FF00844844 /* GesturesScreen.swift */; };
		A9E9A2AA2410770B00844844 /* SwipeGestureScreen.swift in Sources */ = {isa = PBXBuildFile; fileRef = A9E9A2A92410770B00844844 /* SwipeGestureScreen.swift */; };
		A9E9A2AC2410776C00844844 /* FlippableViewScreen.swift in Sources */ = {isa = PBXBuildFile; fileRef = A9E9A2AB2410776C00844844 /* FlippableViewScreen.swift */; };
		A9E9A2AF24107E7900844844 /* ExtensionsScreen.swift in Sources */ = {isa = PBXBuildFile; fileRef = A9E9A2AE24107E7900844844 /* ExtensionsScreen.swift */; };
		A9E9A2B7241193C400844844 /* ShadowStyleScreen.swift in Sources */ = {isa = PBXBuildFile; fileRef = A9E9A2B6241193C400844844 /* ShadowStyleScreen.swift */; };
		A9E9A2BC2411962E00844844 /* ToastScreen.swift in Sources */ = {isa = PBXBuildFile; fileRef = A9E9A2BB2411962E00844844 /* ToastScreen.swift */; };
		A9E9A2BF2411979700844844 /* DemoListItem.swift in Sources */ = {isa = PBXBuildFile; fileRef = A9E9A2BE2411979700844844 /* DemoListItem.swift */; };
		A9E9A2C124119B5E00844844 /* DemoList.swift in Sources */ = {isa = PBXBuildFile; fileRef = A9E9A2C024119B5E00844844 /* DemoList.swift */; };
/* End PBXBuildFile section */

/* Begin PBXFileReference section */
		84060AFA248E666500D65DD1 /* Views.md */ = {isa = PBXFileReference; fileEncoding = 4; lastKnownFileType = net.daringfireball.markdown; path = Views.md; sourceTree = "<group>"; };
		845EA61724190519005976EE /* swiftgen.yml */ = {isa = PBXFileReference; lastKnownFileType = text.yaml; path = swiftgen.yml; sourceTree = "<group>"; };
		845EA61924190562005976EE /* Fonts.swift */ = {isa = PBXFileReference; fileEncoding = 4; lastKnownFileType = sourcecode.swift; path = Fonts.swift; sourceTree = "<group>"; };
		845EA61B24190562005976EE /* AbrilFatface-Regular.ttf */ = {isa = PBXFileReference; lastKnownFileType = file; path = "AbrilFatface-Regular.ttf"; sourceTree = "<group>"; };
		845EA61C24190562005976EE /* LuckiestGuy-Regular.ttf */ = {isa = PBXFileReference; lastKnownFileType = file; path = "LuckiestGuy-Regular.ttf"; sourceTree = "<group>"; };
		845EA61D24190562005976EE /* Lobster-Regular.ttf */ = {isa = PBXFileReference; lastKnownFileType = file; path = "Lobster-Regular.ttf"; sourceTree = "<group>"; };
		845EA622241905CB005976EE /* FontStyleScreen.swift */ = {isa = PBXFileReference; lastKnownFileType = sourcecode.swift; path = FontStyleScreen.swift; sourceTree = "<group>"; };
		847CC5C72549D29F008A36AF /* PresentationScreen.swift */ = {isa = PBXFileReference; lastKnownFileType = sourcecode.swift; path = PresentationScreen.swift; sourceTree = "<group>"; };
		847CC5CC2549D351008A36AF /* Sharing.md */ = {isa = PBXFileReference; fileEncoding = 4; lastKnownFileType = net.daringfireball.markdown; path = Sharing.md; sourceTree = "<group>"; };
		847CC5CD2549D351008A36AF /* Pickers.md */ = {isa = PBXFileReference; fileEncoding = 4; lastKnownFileType = net.daringfireball.markdown; path = Pickers.md; sourceTree = "<group>"; };
		847CC5CE2549D351008A36AF /* Presentation.md */ = {isa = PBXFileReference; fileEncoding = 4; lastKnownFileType = net.daringfireball.markdown; path = Presentation.md; sourceTree = "<group>"; };
		847CC5CF2549D351008A36AF /* Camera.md */ = {isa = PBXFileReference; fileEncoding = 4; lastKnownFileType = net.daringfireball.markdown; path = Camera.md; sourceTree = "<group>"; };
		847CC5D02549D351008A36AF /* Navigation.md */ = {isa = PBXFileReference; fileEncoding = 4; lastKnownFileType = net.daringfireball.markdown; path = Navigation.md; sourceTree = "<group>"; };
		84A392692500EB0E009E5CC0 /* DemoToast.swift */ = {isa = PBXFileReference; lastKnownFileType = sourcecode.swift; path = DemoToast.swift; sourceTree = "<group>"; };
		84DDC8DA2417995300EDE944 /* StylesScreen.swift */ = {isa = PBXFileReference; lastKnownFileType = sourcecode.swift; path = StylesScreen.swift; sourceTree = "<group>"; };
		84DDC8DC241799B800EDE944 /* CornerRadiusStyleScreen.swift */ = {isa = PBXFileReference; lastKnownFileType = sourcecode.swift; path = CornerRadiusStyleScreen.swift; sourceTree = "<group>"; };
		A9A0581C248D1D5300BCD097 /* Blurs.md */ = {isa = PBXFileReference; fileEncoding = 4; lastKnownFileType = net.daringfireball.markdown; path = Blurs.md; sourceTree = "<group>"; };
		A9A05822248D1DE500BCD097 /* AlertsScreen.swift */ = {isa = PBXFileReference; lastKnownFileType = sourcecode.swift; path = AlertsScreen.swift; sourceTree = "<group>"; };
		A9A05824248D1E0300BCD097 /* DemoAlert.swift */ = {isa = PBXFileReference; lastKnownFileType = sourcecode.swift; path = DemoAlert.swift; sourceTree = "<group>"; };
		A9A05826248D279200BCD097 /* DSSwiftUIKit.podspec */ = {isa = PBXFileReference; fileEncoding = 4; lastKnownFileType = text; path = DSSwiftUIKit.podspec; sourceTree = "<group>"; };
		A9AE2E16248BFBA500D9BC2A /* Styles.md */ = {isa = PBXFileReference; fileEncoding = 4; lastKnownFileType = net.daringfireball.markdown; path = Styles.md; sourceTree = "<group>"; };
		A9AE2E1C248BFCAC00D9BC2A /* SheetsScreen.swift */ = {isa = PBXFileReference; lastKnownFileType = sourcecode.swift; path = SheetsScreen.swift; sourceTree = "<group>"; };
		A9AE2E1E248BFE7800D9BC2A /* DemoSheet.swift */ = {isa = PBXFileReference; lastKnownFileType = sourcecode.swift; path = DemoSheet.swift; sourceTree = "<group>"; };
		A9AE2E25248C03F800D9BC2A /* Data.md */ = {isa = PBXFileReference; fileEncoding = 4; lastKnownFileType = net.daringfireball.markdown; path = Data.md; sourceTree = "<group>"; };
		A9AE2E2A248C055800D9BC2A /* QrCodeGeneratorScreen.swift */ = {isa = PBXFileReference; lastKnownFileType = sourcecode.swift; path = QrCodeGeneratorScreen.swift; sourceTree = "<group>"; };
		A9AE2E2C248C056900D9BC2A /* DataScreen.swift */ = {isa = PBXFileReference; lastKnownFileType = sourcecode.swift; path = DataScreen.swift; sourceTree = "<group>"; };
		A9AE2E2E248C059D00D9BC2A /* UserDefaultsPersistedScreen.swift */ = {isa = PBXFileReference; lastKnownFileType = sourcecode.swift; path = UserDefaultsPersistedScreen.swift; sourceTree = "<group>"; };
		A9E9A263241062C900844844 /* SwiftUIKitDemo.app */ = {isa = PBXFileReference; explicitFileType = wrapper.application; includeInIndex = 0; path = SwiftUIKitDemo.app; sourceTree = BUILT_PRODUCTS_DIR; };
		A9E9A266241062C900844844 /* AppDelegate.swift */ = {isa = PBXFileReference; lastKnownFileType = sourcecode.swift; path = AppDelegate.swift; sourceTree = "<group>"; };
		A9E9A268241062C900844844 /* SceneDelegate.swift */ = {isa = PBXFileReference; lastKnownFileType = sourcecode.swift; path = SceneDelegate.swift; sourceTree = "<group>"; };
		A9E9A26A241062C900844844 /* HomeScreen.swift */ = {isa = PBXFileReference; lastKnownFileType = sourcecode.swift; path = HomeScreen.swift; sourceTree = "<group>"; };
		A9E9A26C241062CB00844844 /* Assets.xcassets */ = {isa = PBXFileReference; lastKnownFileType = folder.assetcatalog; path = Assets.xcassets; sourceTree = "<group>"; };
		A9E9A26F241062CB00844844 /* Preview Assets.xcassets */ = {isa = PBXFileReference; lastKnownFileType = folder.assetcatalog; path = "Preview Assets.xcassets"; sourceTree = "<group>"; };
		A9E9A272241062CB00844844 /* Base */ = {isa = PBXFileReference; lastKnownFileType = file.storyboard; name = Base; path = Base.lproj/LaunchScreen.storyboard; sourceTree = "<group>"; };
		A9E9A274241062CB00844844 /* Info.plist */ = {isa = PBXFileReference; lastKnownFileType = text.plist.xml; path = Info.plist; sourceTree = "<group>"; };
		A9E9A281241065D900844844 /* BlursScreen.swift */ = {isa = PBXFileReference; fileEncoding = 4; lastKnownFileType = sourcecode.swift; path = BlursScreen.swift; sourceTree = "<group>"; };
		A9E9A283241065E700844844 /* BlurCell.swift */ = {isa = PBXFileReference; fileEncoding = 4; lastKnownFileType = sourcecode.swift; path = BlurCell.swift; sourceTree = "<group>"; };
		A9E9A2852410661200844844 /* UIBlurEffectStyle+DisplayName.swift */ = {isa = PBXFileReference; fileEncoding = 4; lastKnownFileType = sourcecode.swift; path = "UIBlurEffectStyle+DisplayName.swift"; sourceTree = "<group>"; };
		A9E9A2982410756100844844 /* Fastfile */ = {isa = PBXFileReference; lastKnownFileType = text; name = Fastfile; path = Fastlane/Fastfile; sourceTree = "<group>"; };
		A9E9A2992410756A00844844 /* Package.swift */ = {isa = PBXFileReference; lastKnownFileType = sourcecode.swift; path = Package.swift; sourceTree = "<group>"; };
		A9E9A29A2410756A00844844 /* README.md */ = {isa = PBXFileReference; lastKnownFileType = net.daringfireball.markdown; path = README.md; sourceTree = "<group>"; };
		A9E9A29B2410756A00844844 /* LICENSE */ = {isa = PBXFileReference; lastKnownFileType = text; path = LICENSE; sourceTree = "<group>"; };
		A9E9A29C2410757200844844 /* .swiftlint.yml */ = {isa = PBXFileReference; lastKnownFileType = text.yaml; path = .swiftlint.yml; sourceTree = "<group>"; };
		A9E9A29D2410757200844844 /* .gitignore */ = {isa = PBXFileReference; lastKnownFileType = text; path = .gitignore; sourceTree = "<group>"; };
		A9E9A29E241075A300844844 /* Release Notes.md */ = {isa = PBXFileReference; lastKnownFileType = net.daringfireball.markdown; path = "Release Notes.md"; sourceTree = "<group>"; };
		A9E9A2A7241076FF00844844 /* GesturesScreen.swift */ = {isa = PBXFileReference; lastKnownFileType = sourcecode.swift; path = GesturesScreen.swift; sourceTree = "<group>"; };
		A9E9A2A92410770B00844844 /* SwipeGestureScreen.swift */ = {isa = PBXFileReference; lastKnownFileType = sourcecode.swift; path = SwipeGestureScreen.swift; sourceTree = "<group>"; };
		A9E9A2AB2410776C00844844 /* FlippableViewScreen.swift */ = {isa = PBXFileReference; lastKnownFileType = sourcecode.swift; path = FlippableViewScreen.swift; sourceTree = "<group>"; };
		A9E9A2AE24107E7900844844 /* ExtensionsScreen.swift */ = {isa = PBXFileReference; lastKnownFileType = sourcecode.swift; path = ExtensionsScreen.swift; sourceTree = "<group>"; };
		A9E9A2B124114E7400844844 /* Gestures.md */ = {isa = PBXFileReference; lastKnownFileType = net.daringfireball.markdown; path = Gestures.md; sourceTree = "<group>"; };
		A9E9A2B424114E7400844844 /* Extensions.md */ = {isa = PBXFileReference; lastKnownFileType = net.daringfireball.markdown; path = Extensions.md; sourceTree = "<group>"; };
		A9E9A2B6241193C400844844 /* ShadowStyleScreen.swift */ = {isa = PBXFileReference; lastKnownFileType = sourcecode.swift; path = ShadowStyleScreen.swift; sourceTree = "<group>"; };
		A9E9A2BB2411962E00844844 /* ToastScreen.swift */ = {isa = PBXFileReference; lastKnownFileType = sourcecode.swift; path = ToastScreen.swift; sourceTree = "<group>"; };
		A9E9A2BE2411979700844844 /* DemoListItem.swift */ = {isa = PBXFileReference; lastKnownFileType = sourcecode.swift; path = DemoListItem.swift; sourceTree = "<group>"; };
		A9E9A2C024119B5E00844844 /* DemoList.swift */ = {isa = PBXFileReference; lastKnownFileType = sourcecode.swift; path = DemoList.swift; sourceTree = "<group>"; };
/* End PBXFileReference section */

/* Begin PBXFrameworksBuildPhase section */
		A9E9A260241062C900844844 /* Frameworks */ = {
			isa = PBXFrameworksBuildPhase;
			buildActionMask = 2147483647;
			files = (
				A9E9A280241065B700844844 /* SwiftUIKit in Frameworks */,
			);
			runOnlyForDeploymentPostprocessing = 0;
		};
/* End PBXFrameworksBuildPhase section */

/* Begin PBXGroup section */
		845EA6162419045A005976EE /* Resources */ = {
			isa = PBXGroup;
			children = (
				A9E9A26C241062CB00844844 /* Assets.xcassets */,
				845EA61A24190562005976EE /* Fonts */,
				845EA61924190562005976EE /* Fonts.swift */,
			);
			path = Resources;
			sourceTree = "<group>";
		};
		845EA61A24190562005976EE /* Fonts */ = {
			isa = PBXGroup;
			children = (
				845EA61B24190562005976EE /* AbrilFatface-Regular.ttf */,
				845EA61D24190562005976EE /* Lobster-Regular.ttf */,
				845EA61C24190562005976EE /* LuckiestGuy-Regular.ttf */,
			);
			path = Fonts;
			sourceTree = "<group>";
		};
		A9A05821248D1DD900BCD097 /* Presentation */ = {
			isa = PBXGroup;
			children = (
				A9A05822248D1DE500BCD097 /* AlertsScreen.swift */,
				A9A05824248D1E0300BCD097 /* DemoAlert.swift */,
				A9AE2E1E248BFE7800D9BC2A /* DemoSheet.swift */,
				84A392692500EB0E009E5CC0 /* DemoToast.swift */,
				847CC5C72549D29F008A36AF /* PresentationScreen.swift */,
				A9AE2E1C248BFCAC00D9BC2A /* SheetsScreen.swift */,
				A9E9A2BB2411962E00844844 /* ToastScreen.swift */,
			);
			path = Presentation;
			sourceTree = "<group>";
		};
		A9AE2E27248C053E00D9BC2A /* Data */ = {
			isa = PBXGroup;
			children = (
				A9AE2E2C248C056900D9BC2A /* DataScreen.swift */,
				A9AE2E2A248C055800D9BC2A /* QrCodeGeneratorScreen.swift */,
				A9AE2E2E248C059D00D9BC2A /* UserDefaultsPersistedScreen.swift */,
			);
			path = Data;
			sourceTree = "<group>";
		};
		A9E9A25A241062C900844844 = {
			isa = PBXGroup;
			children = (
				A9E9A265241062C900844844 /* SwiftUIKitDemo */,
				A9E9A264241062C900844844 /* Products */,
				A9E9A2972410753D00844844 /* Project Files */,
			);
			sourceTree = "<group>";
		};
		A9E9A264241062C900844844 /* Products */ = {
			isa = PBXGroup;
			children = (
				A9E9A263241062C900844844 /* SwiftUIKitDemo.app */,
			);
			name = Products;
			sourceTree = "<group>";
		};
		A9E9A265241062C900844844 /* SwiftUIKitDemo */ = {
			isa = PBXGroup;
			children = (
				A9E9A2882410669000844844 /* App */,
				A9E9A27D241063AE00844844 /* Blurs */,
				A9AE2E27248C053E00D9BC2A /* Data */,
				A9E9A2BD2411978D00844844 /* Demo */,
				A9E9A2AD24107E6F00844844 /* Extensions */,
				A9E9A2A6241076F200844844 /* Gestures */,
				A9A05821248D1DD900BCD097 /* Presentation */,
				A9E9A26E241062CB00844844 /* Preview Content */,
				845EA6162419045A005976EE /* Resources */,
				A9E9A2B5241193B500844844 /* Styles */,
			);
			path = SwiftUIKitDemo;
			sourceTree = "<group>";
		};
		A9E9A26E241062CB00844844 /* Preview Content */ = {
			isa = PBXGroup;
			children = (
				A9E9A26F241062CB00844844 /* Preview Assets.xcassets */,
			);
			path = "Preview Content";
			sourceTree = "<group>";
		};
		A9E9A27D241063AE00844844 /* Blurs */ = {
			isa = PBXGroup;
			children = (
				A9E9A283241065E700844844 /* BlurCell.swift */,
				A9E9A281241065D900844844 /* BlursScreen.swift */,
				A9E9A2852410661200844844 /* UIBlurEffectStyle+DisplayName.swift */,
			);
			path = Blurs;
			sourceTree = "<group>";
		};
		A9E9A2882410669000844844 /* App */ = {
			isa = PBXGroup;
			children = (
				A9E9A266241062C900844844 /* AppDelegate.swift */,
				A9E9A26A241062C900844844 /* HomeScreen.swift */,
				A9E9A274241062CB00844844 /* Info.plist */,
				A9E9A271241062CB00844844 /* LaunchScreen.storyboard */,
				A9E9A268241062C900844844 /* SceneDelegate.swift */,
			);
			name = App;
			sourceTree = "<group>";
		};
		A9E9A2972410753D00844844 /* Project Files */ = {
			isa = PBXGroup;
			children = (
				A9E9A2B024114E7400844844 /* Readmes */,
				A9E9A29D2410757200844844 /* .gitignore */,
				A9E9A29C2410757200844844 /* .swiftlint.yml */,
				A9E9A2982410756100844844 /* Fastfile */,
				A9E9A29B2410756A00844844 /* LICENSE */,
				A9A05826248D279200BCD097 /* DSSwiftUIKit.podspec */,
				A9E9A2992410756A00844844 /* Package.swift */,
				A9E9A29A2410756A00844844 /* README.md */,
				A9E9A29E241075A300844844 /* Release Notes.md */,
				845EA61724190519005976EE /* swiftgen.yml */,
			);
			name = "Project Files";
			sourceTree = "<group>";
		};
		A9E9A2A6241076F200844844 /* Gestures */ = {
			isa = PBXGroup;
			children = (
				A9E9A2AB2410776C00844844 /* FlippableViewScreen.swift */,
				A9E9A2A7241076FF00844844 /* GesturesScreen.swift */,
				A9E9A2A92410770B00844844 /* SwipeGestureScreen.swift */,
			);
			path = Gestures;
			sourceTree = "<group>";
		};
		A9E9A2AD24107E6F00844844 /* Extensions */ = {
			isa = PBXGroup;
			children = (
				A9E9A2AE24107E7900844844 /* ExtensionsScreen.swift */,
			);
			path = Extensions;
			sourceTree = "<group>";
		};
		A9E9A2B024114E7400844844 /* Readmes */ = {
			isa = PBXGroup;
			children = (
				A9A0581C248D1D5300BCD097 /* Blurs.md */,
				847CC5CF2549D351008A36AF /* Camera.md */,
				A9AE2E25248C03F800D9BC2A /* Data.md */,
				A9E9A2B424114E7400844844 /* Extensions.md */,
				A9E9A2B124114E7400844844 /* Gestures.md */,
				847CC5D02549D351008A36AF /* Navigation.md */,
				847CC5CD2549D351008A36AF /* Pickers.md */,
				847CC5CE2549D351008A36AF /* Presentation.md */,
				847CC5CC2549D351008A36AF /* Sharing.md */,
				A9AE2E16248BFBA500D9BC2A /* Styles.md */,
				84060AFA248E666500D65DD1 /* Views.md */,
			);
			path = Readmes;
			sourceTree = "<group>";
		};
		A9E9A2B5241193B500844844 /* Styles */ = {
			isa = PBXGroup;
			children = (
				84DDC8DC241799B800EDE944 /* CornerRadiusStyleScreen.swift */,
				845EA622241905CB005976EE /* FontStyleScreen.swift */,
				A9E9A2B6241193C400844844 /* ShadowStyleScreen.swift */,
				84DDC8DA2417995300EDE944 /* StylesScreen.swift */,
			);
			path = Styles;
			sourceTree = "<group>";
		};
		A9E9A2BD2411978D00844844 /* Demo */ = {
			isa = PBXGroup;
			children = (
				A9E9A2C024119B5E00844844 /* DemoList.swift */,
				A9E9A2BE2411979700844844 /* DemoListItem.swift */,
			);
			path = Demo;
			sourceTree = "<group>";
		};
/* End PBXGroup section */

/* Begin PBXNativeTarget section */
		A9E9A262241062C900844844 /* SwiftUIKitDemo */ = {
			isa = PBXNativeTarget;
			buildConfigurationList = A9E9A277241062CB00844844 /* Build configuration list for PBXNativeTarget "SwiftUIKitDemo" */;
			buildPhases = (
				845EA6182419053C005976EE /* SwiftGen */,
				A9E9A25F241062C900844844 /* Sources */,
				A9E9A260241062C900844844 /* Frameworks */,
				A9E9A261241062C900844844 /* Resources */,
			);
			buildRules = (
			);
			dependencies = (
			);
			name = SwiftUIKitDemo;
			packageProductDependencies = (
				A9E9A27F241065B700844844 /* SwiftUIKit */,
			);
			productName = SwiftUIKitDemo;
			productReference = A9E9A263241062C900844844 /* SwiftUIKitDemo.app */;
			productType = "com.apple.product-type.application";
		};
/* End PBXNativeTarget section */

/* Begin PBXProject section */
		A9E9A25B241062C900844844 /* Project object */ = {
			isa = PBXProject;
			attributes = {
				LastSwiftUpdateCheck = 1130;
				LastUpgradeCheck = 1200;
				ORGANIZATIONNAME = "Daniel Saidi";
				TargetAttributes = {
					A9E9A262241062C900844844 = {
						CreatedOnToolsVersion = 11.3.1;
					};
				};
			};
			buildConfigurationList = A9E9A25E241062C900844844 /* Build configuration list for PBXProject "SwiftUIKitDemo" */;
			compatibilityVersion = "Xcode 9.3";
			developmentRegion = en;
			hasScannedForEncodings = 0;
			knownRegions = (
				en,
				Base,
			);
			mainGroup = A9E9A25A241062C900844844;
			packageReferences = (
				A9E9A27E241065B700844844 /* XCRemoteSwiftPackageReference "SwiftUIKit" */,
			);
			productRefGroup = A9E9A264241062C900844844 /* Products */;
			projectDirPath = "";
			projectRoot = "";
			targets = (
				A9E9A262241062C900844844 /* SwiftUIKitDemo */,
			);
		};
/* End PBXProject section */

/* Begin PBXResourcesBuildPhase section */
		A9E9A261241062C900844844 /* Resources */ = {
			isa = PBXResourcesBuildPhase;
			buildActionMask = 2147483647;
			files = (
				A9AE2E26248C03F900D9BC2A /* Data.md in Resources */,
				847CC5D42549D351008A36AF /* Camera.md in Resources */,
				847CC5D12549D351008A36AF /* Sharing.md in Resources */,
				A9E9A273241062CB00844844 /* LaunchScreen.storyboard in Resources */,
				84060AFB248E666500D65DD1 /* Views.md in Resources */,
				A9A0581F248D1D5300BCD097 /* Blurs.md in Resources */,
				845EA62124190562005976EE /* Lobster-Regular.ttf in Resources */,
				847CC5D22549D351008A36AF /* Pickers.md in Resources */,
				847CC5D32549D351008A36AF /* Presentation.md in Resources */,
				A9E9A270241062CB00844844 /* Preview Assets.xcassets in Resources */,
				A9AE2E19248BFBA500D9BC2A /* Styles.md in Resources */,
				847CC5D52549D351008A36AF /* Navigation.md in Resources */,
				A9E9A26D241062CB00844844 /* Assets.xcassets in Resources */,
				845EA62024190562005976EE /* LuckiestGuy-Regular.ttf in Resources */,
				845EA61F24190562005976EE /* AbrilFatface-Regular.ttf in Resources */,
			);
			runOnlyForDeploymentPostprocessing = 0;
		};
/* End PBXResourcesBuildPhase section */

/* Begin PBXShellScriptBuildPhase section */
		845EA6182419053C005976EE /* SwiftGen */ = {
			isa = PBXShellScriptBuildPhase;
			buildActionMask = 2147483647;
			files = (
			);
			inputFileListPaths = (
			);
			inputPaths = (
			);
			name = SwiftGen;
			outputFileListPaths = (
			);
			outputPaths = (
			);
			runOnlyForDeploymentPostprocessing = 0;
			shellPath = /bin/sh;
			shellScript = "# Uncomment this to regenerate enums from available resources\n# swiftgen\n";
		};
/* End PBXShellScriptBuildPhase section */

/* Begin PBXSourcesBuildPhase section */
		A9E9A25F241062C900844844 /* Sources */ = {
			isa = PBXSourcesBuildPhase;
			buildActionMask = 2147483647;
			files = (
				A9A05823248D1DE500BCD097 /* AlertsScreen.swift in Sources */,
				A9E9A267241062C900844844 /* AppDelegate.swift in Sources */,
				A9E9A2C124119B5E00844844 /* DemoList.swift in Sources */,
				84DDC8DB2417995300EDE944 /* StylesScreen.swift in Sources */,
				A9AE2E2F248C059D00D9BC2A /* UserDefaultsPersistedScreen.swift in Sources */,
				A9A05825248D1E0300BCD097 /* DemoAlert.swift in Sources */,
				A9E9A2AF24107E7900844844 /* ExtensionsScreen.swift in Sources */,
				847CC5C82549D29F008A36AF /* PresentationScreen.swift in Sources */,
				A9E9A269241062C900844844 /* SceneDelegate.swift in Sources */,
				84DDC8DD241799B800EDE944 /* CornerRadiusStyleScreen.swift in Sources */,
				A9AE2E2B248C055800D9BC2A /* QrCodeGeneratorScreen.swift in Sources */,
				845EA623241905CB005976EE /* FontStyleScreen.swift in Sources */,
				A9E9A2BF2411979700844844 /* DemoListItem.swift in Sources */,
				A9AE2E1F248BFE7800D9BC2A /* DemoSheet.swift in Sources */,
				84A3926A2500EB0E009E5CC0 /* DemoToast.swift in Sources */,
				845EA61E24190562005976EE /* Fonts.swift in Sources */,
				A9E9A2AA2410770B00844844 /* SwipeGestureScreen.swift in Sources */,
				A9E9A282241065D900844844 /* BlursScreen.swift in Sources */,
				A9AE2E2D248C056900D9BC2A /* DataScreen.swift in Sources */,
				A9E9A284241065E700844844 /* BlurCell.swift in Sources */,
				A9E9A2A8241076FF00844844 /* GesturesScreen.swift in Sources */,
				A9E9A26B241062C900844844 /* HomeScreen.swift in Sources */,
				A9E9A2AC2410776C00844844 /* FlippableViewScreen.swift in Sources */,
				A9E9A2BC2411962E00844844 /* ToastScreen.swift in Sources */,
				A9E9A2B7241193C400844844 /* ShadowStyleScreen.swift in Sources */,
				A9E9A2862410661200844844 /* UIBlurEffectStyle+DisplayName.swift in Sources */,
				A9AE2E1D248BFCAC00D9BC2A /* SheetsScreen.swift in Sources */,
			);
			runOnlyForDeploymentPostprocessing = 0;
		};
/* End PBXSourcesBuildPhase section */

/* Begin PBXVariantGroup section */
		A9E9A271241062CB00844844 /* LaunchScreen.storyboard */ = {
			isa = PBXVariantGroup;
			children = (
				A9E9A272241062CB00844844 /* Base */,
			);
			name = LaunchScreen.storyboard;
			sourceTree = "<group>";
		};
/* End PBXVariantGroup section */

/* Begin XCBuildConfiguration section */
		A9E9A275241062CB00844844 /* Debug */ = {
			isa = XCBuildConfiguration;
			buildSettings = {
				ALWAYS_SEARCH_USER_PATHS = NO;
				CLANG_ANALYZER_NONNULL = YES;
				CLANG_ANALYZER_NUMBER_OBJECT_CONVERSION = YES_AGGRESSIVE;
				CLANG_CXX_LANGUAGE_STANDARD = "gnu++14";
				CLANG_CXX_LIBRARY = "libc++";
				CLANG_ENABLE_MODULES = YES;
				CLANG_ENABLE_OBJC_ARC = YES;
				CLANG_ENABLE_OBJC_WEAK = YES;
				CLANG_WARN_BLOCK_CAPTURE_AUTORELEASING = YES;
				CLANG_WARN_BOOL_CONVERSION = YES;
				CLANG_WARN_COMMA = YES;
				CLANG_WARN_CONSTANT_CONVERSION = YES;
				CLANG_WARN_DEPRECATED_OBJC_IMPLEMENTATIONS = YES;
				CLANG_WARN_DIRECT_OBJC_ISA_USAGE = YES_ERROR;
				CLANG_WARN_DOCUMENTATION_COMMENTS = YES;
				CLANG_WARN_EMPTY_BODY = YES;
				CLANG_WARN_ENUM_CONVERSION = YES;
				CLANG_WARN_INFINITE_RECURSION = YES;
				CLANG_WARN_INT_CONVERSION = YES;
				CLANG_WARN_NON_LITERAL_NULL_CONVERSION = YES;
				CLANG_WARN_OBJC_IMPLICIT_RETAIN_SELF = YES;
				CLANG_WARN_OBJC_LITERAL_CONVERSION = YES;
				CLANG_WARN_OBJC_ROOT_CLASS = YES_ERROR;
				CLANG_WARN_QUOTED_INCLUDE_IN_FRAMEWORK_HEADER = YES;
				CLANG_WARN_RANGE_LOOP_ANALYSIS = YES;
				CLANG_WARN_STRICT_PROTOTYPES = YES;
				CLANG_WARN_SUSPICIOUS_MOVE = YES;
				CLANG_WARN_UNGUARDED_AVAILABILITY = YES_AGGRESSIVE;
				CLANG_WARN_UNREACHABLE_CODE = YES;
				CLANG_WARN__DUPLICATE_METHOD_MATCH = YES;
				COPY_PHASE_STRIP = NO;
				DEBUG_INFORMATION_FORMAT = dwarf;
				ENABLE_STRICT_OBJC_MSGSEND = YES;
				ENABLE_TESTABILITY = YES;
				GCC_C_LANGUAGE_STANDARD = gnu11;
				GCC_DYNAMIC_NO_PIC = NO;
				GCC_NO_COMMON_BLOCKS = YES;
				GCC_OPTIMIZATION_LEVEL = 0;
				GCC_PREPROCESSOR_DEFINITIONS = (
					"DEBUG=1",
					"$(inherited)",
				);
				GCC_WARN_64_TO_32_BIT_CONVERSION = YES;
				GCC_WARN_ABOUT_RETURN_TYPE = YES_ERROR;
				GCC_WARN_UNDECLARED_SELECTOR = YES;
				GCC_WARN_UNINITIALIZED_AUTOS = YES_AGGRESSIVE;
				GCC_WARN_UNUSED_FUNCTION = YES;
				GCC_WARN_UNUSED_VARIABLE = YES;
				IPHONEOS_DEPLOYMENT_TARGET = 14.0;
				MTL_ENABLE_DEBUG_INFO = INCLUDE_SOURCE;
				MTL_FAST_MATH = YES;
				ONLY_ACTIVE_ARCH = YES;
				SDKROOT = iphoneos;
				SWIFT_ACTIVE_COMPILATION_CONDITIONS = DEBUG;
				SWIFT_OPTIMIZATION_LEVEL = "-Onone";
			};
			name = Debug;
		};
		A9E9A276241062CB00844844 /* Release */ = {
			isa = XCBuildConfiguration;
			buildSettings = {
				ALWAYS_SEARCH_USER_PATHS = NO;
				CLANG_ANALYZER_NONNULL = YES;
				CLANG_ANALYZER_NUMBER_OBJECT_CONVERSION = YES_AGGRESSIVE;
				CLANG_CXX_LANGUAGE_STANDARD = "gnu++14";
				CLANG_CXX_LIBRARY = "libc++";
				CLANG_ENABLE_MODULES = YES;
				CLANG_ENABLE_OBJC_ARC = YES;
				CLANG_ENABLE_OBJC_WEAK = YES;
				CLANG_WARN_BLOCK_CAPTURE_AUTORELEASING = YES;
				CLANG_WARN_BOOL_CONVERSION = YES;
				CLANG_WARN_COMMA = YES;
				CLANG_WARN_CONSTANT_CONVERSION = YES;
				CLANG_WARN_DEPRECATED_OBJC_IMPLEMENTATIONS = YES;
				CLANG_WARN_DIRECT_OBJC_ISA_USAGE = YES_ERROR;
				CLANG_WARN_DOCUMENTATION_COMMENTS = YES;
				CLANG_WARN_EMPTY_BODY = YES;
				CLANG_WARN_ENUM_CONVERSION = YES;
				CLANG_WARN_INFINITE_RECURSION = YES;
				CLANG_WARN_INT_CONVERSION = YES;
				CLANG_WARN_NON_LITERAL_NULL_CONVERSION = YES;
				CLANG_WARN_OBJC_IMPLICIT_RETAIN_SELF = YES;
				CLANG_WARN_OBJC_LITERAL_CONVERSION = YES;
				CLANG_WARN_OBJC_ROOT_CLASS = YES_ERROR;
				CLANG_WARN_QUOTED_INCLUDE_IN_FRAMEWORK_HEADER = YES;
				CLANG_WARN_RANGE_LOOP_ANALYSIS = YES;
				CLANG_WARN_STRICT_PROTOTYPES = YES;
				CLANG_WARN_SUSPICIOUS_MOVE = YES;
				CLANG_WARN_UNGUARDED_AVAILABILITY = YES_AGGRESSIVE;
				CLANG_WARN_UNREACHABLE_CODE = YES;
				CLANG_WARN__DUPLICATE_METHOD_MATCH = YES;
				COPY_PHASE_STRIP = NO;
				DEBUG_INFORMATION_FORMAT = "dwarf-with-dsym";
				ENABLE_NS_ASSERTIONS = NO;
				ENABLE_STRICT_OBJC_MSGSEND = YES;
				GCC_C_LANGUAGE_STANDARD = gnu11;
				GCC_NO_COMMON_BLOCKS = YES;
				GCC_WARN_64_TO_32_BIT_CONVERSION = YES;
				GCC_WARN_ABOUT_RETURN_TYPE = YES_ERROR;
				GCC_WARN_UNDECLARED_SELECTOR = YES;
				GCC_WARN_UNINITIALIZED_AUTOS = YES_AGGRESSIVE;
				GCC_WARN_UNUSED_FUNCTION = YES;
				GCC_WARN_UNUSED_VARIABLE = YES;
				IPHONEOS_DEPLOYMENT_TARGET = 14.0;
				MTL_ENABLE_DEBUG_INFO = NO;
				MTL_FAST_MATH = YES;
				SDKROOT = iphoneos;
				SWIFT_COMPILATION_MODE = wholemodule;
				SWIFT_OPTIMIZATION_LEVEL = "-O";
				VALIDATE_PRODUCT = YES;
			};
			name = Release;
		};
		A9E9A278241062CB00844844 /* Debug */ = {
			isa = XCBuildConfiguration;
			buildSettings = {
				ASSETCATALOG_COMPILER_APPICON_NAME = AppIcon;
				CODE_SIGN_STYLE = Automatic;
				DEVELOPMENT_ASSET_PATHS = "\"SwiftUIKitDemo/Preview Content\"";
				DEVELOPMENT_TEAM = PMEDFW438U;
				ENABLE_PREVIEWS = YES;
				INFOPLIST_FILE = SwiftUIKitDemo/Info.plist;
				LD_RUNPATH_SEARCH_PATHS = (
					"$(inherited)",
					"@executable_path/Frameworks",
				);
				PRODUCT_BUNDLE_IDENTIFIER = com.danielsaidi.swiftuikit.demo;
				PRODUCT_NAME = "$(TARGET_NAME)";
				SWIFT_VERSION = 5.0;
				TARGETED_DEVICE_FAMILY = "1,2";
			};
			name = Debug;
		};
		A9E9A279241062CB00844844 /* Release */ = {
			isa = XCBuildConfiguration;
			buildSettings = {
				ASSETCATALOG_COMPILER_APPICON_NAME = AppIcon;
				CODE_SIGN_STYLE = Automatic;
				DEVELOPMENT_ASSET_PATHS = "\"SwiftUIKitDemo/Preview Content\"";
				DEVELOPMENT_TEAM = PMEDFW438U;
				ENABLE_PREVIEWS = YES;
				INFOPLIST_FILE = SwiftUIKitDemo/Info.plist;
				LD_RUNPATH_SEARCH_PATHS = (
					"$(inherited)",
					"@executable_path/Frameworks",
				);
				PRODUCT_BUNDLE_IDENTIFIER = com.danielsaidi.swiftuikit.demo;
				PRODUCT_NAME = "$(TARGET_NAME)";
				SWIFT_VERSION = 5.0;
				TARGETED_DEVICE_FAMILY = "1,2";
			};
			name = Release;
		};
/* End XCBuildConfiguration section */

/* Begin XCConfigurationList section */
		A9E9A25E241062C900844844 /* Build configuration list for PBXProject "SwiftUIKitDemo" */ = {
			isa = XCConfigurationList;
			buildConfigurations = (
				A9E9A275241062CB00844844 /* Debug */,
				A9E9A276241062CB00844844 /* Release */,
			);
			defaultConfigurationIsVisible = 0;
			defaultConfigurationName = Release;
		};
		A9E9A277241062CB00844844 /* Build configuration list for PBXNativeTarget "SwiftUIKitDemo" */ = {
			isa = XCConfigurationList;
			buildConfigurations = (
				A9E9A278241062CB00844844 /* Debug */,
				A9E9A279241062CB00844844 /* Release */,
			);
			defaultConfigurationIsVisible = 0;
			defaultConfigurationName = Release;
		};
/* End XCConfigurationList section */

/* Begin XCRemoteSwiftPackageReference section */
		A9E9A27E241065B700844844 /* XCRemoteSwiftPackageReference "SwiftUIKit" */ = {
			isa = XCRemoteSwiftPackageReference;
			repositoryURL = "https://github.com/danielsaidi/SwiftUIKit.git";
			requirement = {
				branch = master;
				kind = branch;
			};
		};
/* End XCRemoteSwiftPackageReference section */

/* Begin XCSwiftPackageProductDependency section */
		A9E9A27F241065B700844844 /* SwiftUIKit */ = {
			isa = XCSwiftPackageProductDependency;
			package = A9E9A27E241065B700844844 /* XCRemoteSwiftPackageReference "SwiftUIKit" */;
			productName = SwiftUIKit;
		};
/* End XCSwiftPackageProductDependency section */
	};
	rootObject = A9E9A25B241062C900844844 /* Project object */;
}
