// !$*UTF8*$!
{
	archiveVersion = 1;
	classes = {
	};
	objectVersion = 52;
	objects = {

/* Begin PBXBuildFile section */
		A901F03A256F8CA600F1C285 /* DataScreen.swift in Sources */ = {isa = PBXBuildFile; fileRef = A901F039256F8CA600F1C285 /* DataScreen.swift */; };
		A901F03B256F8CA600F1C285 /* DataScreen.swift in Sources */ = {isa = PBXBuildFile; fileRef = A901F039256F8CA600F1C285 /* DataScreen.swift */; };
		A901F03F256F8CB100F1C285 /* ExtensionsScreen.swift in Sources */ = {isa = PBXBuildFile; fileRef = A901F03E256F8CB100F1C285 /* ExtensionsScreen.swift */; };
		A901F040256F8CB100F1C285 /* ExtensionsScreen.swift in Sources */ = {isa = PBXBuildFile; fileRef = A901F03E256F8CB100F1C285 /* ExtensionsScreen.swift */; };
		A901F044256F8CBC00F1C285 /* GesturesScreen.swift in Sources */ = {isa = PBXBuildFile; fileRef = A901F043256F8CBC00F1C285 /* GesturesScreen.swift */; };
		A901F045256F8CBC00F1C285 /* GesturesScreen.swift in Sources */ = {isa = PBXBuildFile; fileRef = A901F043256F8CBC00F1C285 /* GesturesScreen.swift */; };
		A901F049256F8CC900F1C285 /* PresentationScreen.swift in Sources */ = {isa = PBXBuildFile; fileRef = A901F048256F8CC900F1C285 /* PresentationScreen.swift */; };
		A901F04A256F8CC900F1C285 /* PresentationScreen.swift in Sources */ = {isa = PBXBuildFile; fileRef = A901F048256F8CC900F1C285 /* PresentationScreen.swift */; };
		A901F04E256F8CFE00F1C285 /* StylesScreen.swift in Sources */ = {isa = PBXBuildFile; fileRef = A901F04D256F8CFE00F1C285 /* StylesScreen.swift */; };
		A901F04F256F8CFE00F1C285 /* StylesScreen.swift in Sources */ = {isa = PBXBuildFile; fileRef = A901F04D256F8CFE00F1C285 /* StylesScreen.swift */; };
		A901F074256F962600F1C285 /* CamerasScreen.swift in Sources */ = {isa = PBXBuildFile; fileRef = A901F073256F962600F1C285 /* CamerasScreen.swift */; };
		A901F075256F962600F1C285 /* CamerasScreen.swift in Sources */ = {isa = PBXBuildFile; fileRef = A901F073256F962600F1C285 /* CamerasScreen.swift */; };
		A901F07B256F963400F1C285 /* PickersScreen.swift in Sources */ = {isa = PBXBuildFile; fileRef = A901F07A256F963400F1C285 /* PickersScreen.swift */; };
		A901F07C256F963400F1C285 /* PickersScreen.swift in Sources */ = {isa = PBXBuildFile; fileRef = A901F07A256F963400F1C285 /* PickersScreen.swift */; };
		A901F080256F963E00F1C285 /* SharingScreen.swift in Sources */ = {isa = PBXBuildFile; fileRef = A901F07F256F963E00F1C285 /* SharingScreen.swift */; };
		A901F081256F963E00F1C285 /* SharingScreen.swift in Sources */ = {isa = PBXBuildFile; fileRef = A901F07F256F963E00F1C285 /* SharingScreen.swift */; };
		A901F085256F964600F1C285 /* ViewsScreen.swift in Sources */ = {isa = PBXBuildFile; fileRef = A901F084256F964600F1C285 /* ViewsScreen.swift */; };
		A901F086256F964600F1C285 /* ViewsScreen.swift in Sources */ = {isa = PBXBuildFile; fileRef = A901F084256F964600F1C285 /* ViewsScreen.swift */; };
		A901F099256FAF0100F1C285 /* ScanCodeGeneratorScreen.swift in Sources */ = {isa = PBXBuildFile; fileRef = A901F098256FAF0100F1C285 /* ScanCodeGeneratorScreen.swift */; };
		A901F09A256FAF0100F1C285 /* ScanCodeGeneratorScreen.swift in Sources */ = {isa = PBXBuildFile; fileRef = A901F098256FAF0100F1C285 /* ScanCodeGeneratorScreen.swift */; };
		A901F0A0256FAF9A00F1C285 /* PersistedScreen.swift in Sources */ = {isa = PBXBuildFile; fileRef = A901F09F256FAF9A00F1C285 /* PersistedScreen.swift */; };
		A901F0A1256FAF9A00F1C285 /* PersistedScreen.swift in Sources */ = {isa = PBXBuildFile; fileRef = A901F09F256FAF9A00F1C285 /* PersistedScreen.swift */; };
		A901F0BC256FBFF700F1C285 /* SwipeGestureScreen.swift in Sources */ = {isa = PBXBuildFile; fileRef = A901F0BB256FBFF700F1C285 /* SwipeGestureScreen.swift */; };
		A901F0BD256FBFF700F1C285 /* SwipeGestureScreen.swift in Sources */ = {isa = PBXBuildFile; fileRef = A901F0BB256FBFF700F1C285 /* SwipeGestureScreen.swift */; };
		A901F0CB256FE62E00F1C285 /* AlertsScreen.swift in Sources */ = {isa = PBXBuildFile; fileRef = A901F0CA256FE62E00F1C285 /* AlertsScreen.swift */; };
		A901F0CC256FE62E00F1C285 /* AlertsScreen.swift in Sources */ = {isa = PBXBuildFile; fileRef = A901F0CA256FE62E00F1C285 /* AlertsScreen.swift */; };
		A901F0D0256FE63A00F1C285 /* CoversScreen.swift in Sources */ = {isa = PBXBuildFile; fileRef = A901F0CF256FE63A00F1C285 /* CoversScreen.swift */; };
		A901F0D1256FE63A00F1C285 /* CoversScreen.swift in Sources */ = {isa = PBXBuildFile; fileRef = A901F0CF256FE63A00F1C285 /* CoversScreen.swift */; };
		A901F0D5256FE64500F1C285 /* SheetsScreen.swift in Sources */ = {isa = PBXBuildFile; fileRef = A901F0D4256FE64500F1C285 /* SheetsScreen.swift */; };
		A901F0D6256FE64500F1C285 /* SheetsScreen.swift in Sources */ = {isa = PBXBuildFile; fileRef = A901F0D4256FE64500F1C285 /* SheetsScreen.swift */; };
		A901F0DA256FE65200F1C285 /* ToastsScreen.swift in Sources */ = {isa = PBXBuildFile; fileRef = A901F0D9256FE65200F1C285 /* ToastsScreen.swift */; };
		A901F0DB256FE65200F1C285 /* ToastsScreen.swift in Sources */ = {isa = PBXBuildFile; fileRef = A901F0D9256FE65200F1C285 /* ToastsScreen.swift */; };
		A901F0DF256FE65E00F1C285 /* DemoPresentable.swift in Sources */ = {isa = PBXBuildFile; fileRef = A901F0DE256FE65E00F1C285 /* DemoPresentable.swift */; };
		A901F0E0256FE65E00F1C285 /* DemoPresentable.swift in Sources */ = {isa = PBXBuildFile; fileRef = A901F0DE256FE65E00F1C285 /* DemoPresentable.swift */; };
		A901F0E92570027400F1C285 /* CornerRadiusStyleScreen.swift in Sources */ = {isa = PBXBuildFile; fileRef = A901F0E82570027400F1C285 /* CornerRadiusStyleScreen.swift */; };
		A901F0EA2570027400F1C285 /* CornerRadiusStyleScreen.swift in Sources */ = {isa = PBXBuildFile; fileRef = A901F0E82570027400F1C285 /* CornerRadiusStyleScreen.swift */; };
		A901F0EE2570027F00F1C285 /* FontStyleScreen.swift in Sources */ = {isa = PBXBuildFile; fileRef = A901F0ED2570027F00F1C285 /* FontStyleScreen.swift */; };
		A901F0EF2570027F00F1C285 /* FontStyleScreen.swift in Sources */ = {isa = PBXBuildFile; fileRef = A901F0ED2570027F00F1C285 /* FontStyleScreen.swift */; };
		A901F0F32570028800F1C285 /* ShadowStyleScreen.swift in Sources */ = {isa = PBXBuildFile; fileRef = A901F0F22570028800F1C285 /* ShadowStyleScreen.swift */; };
		A901F0F42570028800F1C285 /* ShadowStyleScreen.swift in Sources */ = {isa = PBXBuildFile; fileRef = A901F0F22570028800F1C285 /* ShadowStyleScreen.swift */; };
		A901F1102570079800F1C285 /* Fonts.swift in Sources */ = {isa = PBXBuildFile; fileRef = A901F10E2570079800F1C285 /* Fonts.swift */; };
		A901F1112570079800F1C285 /* Fonts.swift in Sources */ = {isa = PBXBuildFile; fileRef = A901F10E2570079800F1C285 /* Fonts.swift */; };
		A901F11B257010DC00F1C285 /* FlipViewScreen.swift in Sources */ = {isa = PBXBuildFile; fileRef = A901F11A257010DB00F1C285 /* FlipViewScreen.swift */; };
		A901F11C257010DC00F1C285 /* FlipViewScreen.swift in Sources */ = {isa = PBXBuildFile; fileRef = A901F11A257010DB00F1C285 /* FlipViewScreen.swift */; };
		A901F1222570633900F1C285 /* AsyncImageScreen.swift in Sources */ = {isa = PBXBuildFile; fileRef = A901F1212570633900F1C285 /* AsyncImageScreen.swift */; };
		A901F1232570633900F1C285 /* AsyncImageScreen.swift in Sources */ = {isa = PBXBuildFile; fileRef = A901F1212570633900F1C285 /* AsyncImageScreen.swift */; };
		A901F12925706F4E00F1C285 /* CollectionViewShelvesScreen.swift in Sources */ = {isa = PBXBuildFile; fileRef = A901F12825706F4E00F1C285 /* CollectionViewShelvesScreen.swift */; };
		A901F12A25706F4E00F1C285 /* CollectionViewShelvesScreen.swift in Sources */ = {isa = PBXBuildFile; fileRef = A901F12825706F4E00F1C285 /* CollectionViewShelvesScreen.swift */; };
		A901F1302570754A00F1C285 /* CollectionViewGridScreen.swift in Sources */ = {isa = PBXBuildFile; fileRef = A901F12F2570754A00F1C285 /* CollectionViewGridScreen.swift */; };
		A901F1312570754A00F1C285 /* CollectionViewGridScreen.swift in Sources */ = {isa = PBXBuildFile; fileRef = A901F12F2570754A00F1C285 /* CollectionViewGridScreen.swift */; };
		A901F1372570771600F1C285 /* CircularProgressBarScreen.swift in Sources */ = {isa = PBXBuildFile; fileRef = A901F1362570771600F1C285 /* CircularProgressBarScreen.swift */; };
		A901F1382570771600F1C285 /* CircularProgressBarScreen.swift in Sources */ = {isa = PBXBuildFile; fileRef = A901F1362570771600F1C285 /* CircularProgressBarScreen.swift */; };
		A901F13E2570797E00F1C285 /* CircularProgressViewScreen.swift in Sources */ = {isa = PBXBuildFile; fileRef = A901F13D2570797E00F1C285 /* CircularProgressViewScreen.swift */; };
		A901F13F2570797E00F1C285 /* CircularProgressViewScreen.swift in Sources */ = {isa = PBXBuildFile; fileRef = A901F13D2570797E00F1C285 /* CircularProgressViewScreen.swift */; };
		A901F14725707A8F00F1C285 /* ConditionalViewScreen.swift in Sources */ = {isa = PBXBuildFile; fileRef = A901F14625707A8F00F1C285 /* ConditionalViewScreen.swift */; };
		A901F14825707A8F00F1C285 /* ConditionalViewScreen.swift in Sources */ = {isa = PBXBuildFile; fileRef = A901F14625707A8F00F1C285 /* ConditionalViewScreen.swift */; };
		A901F14E25707CFD00F1C285 /* DismissableViewScreen.swift in Sources */ = {isa = PBXBuildFile; fileRef = A901F14D25707CFD00F1C285 /* DismissableViewScreen.swift */; };
		A901F14F25707CFD00F1C285 /* DismissableViewScreen.swift in Sources */ = {isa = PBXBuildFile; fileRef = A901F14D25707CFD00F1C285 /* DismissableViewScreen.swift */; };
		A901F15525707D8000F1C285 /* FetchedDataViewScreen.swift in Sources */ = {isa = PBXBuildFile; fileRef = A901F15425707D8000F1C285 /* FetchedDataViewScreen.swift */; };
		A901F15625707D8000F1C285 /* FetchedDataViewScreen.swift in Sources */ = {isa = PBXBuildFile; fileRef = A901F15425707D8000F1C285 /* FetchedDataViewScreen.swift */; };
		A917E2FA261C37F500745DB2 /* SwiftUIKit in Frameworks */ = {isa = PBXBuildFile; productRef = A917E2F9261C37F500745DB2 /* SwiftUIKit */; };
		A917E2FF261C37FC00745DB2 /* SwiftUIKit in Frameworks */ = {isa = PBXBuildFile; productRef = A917E2FE261C37FC00745DB2 /* SwiftUIKit */; };
		A92115FF25D5B691003510D9 /* LuckiestGuy-Regular.ttf in Resources */ = {isa = PBXBuildFile; fileRef = A92115FC25D5B690003510D9 /* LuckiestGuy-Regular.ttf */; };
		A921160025D5B691003510D9 /* AbrilFatface-Regular.ttf in Resources */ = {isa = PBXBuildFile; fileRef = A92115FD25D5B690003510D9 /* AbrilFatface-Regular.ttf */; };
		A921160125D5B691003510D9 /* Lobster-Regular.ttf in Resources */ = {isa = PBXBuildFile; fileRef = A92115FE25D5B691003510D9 /* Lobster-Regular.ttf */; };
		A9355043256F7E3D00BBE9CE /* DemoApp.swift in Sources */ = {isa = PBXBuildFile; fileRef = A9355030256F7E3C00BBE9CE /* DemoApp.swift */; };
		A9355044256F7E3D00BBE9CE /* DemoApp.swift in Sources */ = {isa = PBXBuildFile; fileRef = A9355030256F7E3C00BBE9CE /* DemoApp.swift */; };
		A9355045256F7E3D00BBE9CE /* ContentView.swift in Sources */ = {isa = PBXBuildFile; fileRef = A9355031256F7E3C00BBE9CE /* ContentView.swift */; };
		A9355046256F7E3D00BBE9CE /* ContentView.swift in Sources */ = {isa = PBXBuildFile; fileRef = A9355031256F7E3C00BBE9CE /* ContentView.swift */; };
		A9355047256F7E3D00BBE9CE /* Assets.xcassets in Resources */ = {isa = PBXBuildFile; fileRef = A9355032256F7E3D00BBE9CE /* Assets.xcassets */; };
		A9355048256F7E3D00BBE9CE /* Assets.xcassets in Resources */ = {isa = PBXBuildFile; fileRef = A9355032256F7E3D00BBE9CE /* Assets.xcassets */; };
		A9355055256F7E6C00BBE9CE /* Image+Demo.swift in Sources */ = {isa = PBXBuildFile; fileRef = A9355054256F7E6C00BBE9CE /* Image+Demo.swift */; };
		A9355056256F7E6C00BBE9CE /* Image+Demo.swift in Sources */ = {isa = PBXBuildFile; fileRef = A9355054256F7E6C00BBE9CE /* Image+Demo.swift */; };
		A9544B3C25710F2200522141 /* MultilineTextFieldScreen.swift in Sources */ = {isa = PBXBuildFile; fileRef = A9544B3B25710F2200522141 /* MultilineTextFieldScreen.swift */; };
		A9544B3D25710F2200522141 /* MultilineTextFieldScreen.swift in Sources */ = {isa = PBXBuildFile; fileRef = A9544B3B25710F2200522141 /* MultilineTextFieldScreen.swift */; };
		A9544B412571114400522141 /* PageViewScreen.swift in Sources */ = {isa = PBXBuildFile; fileRef = A9544B402571114400522141 /* PageViewScreen.swift */; };
		A9544B422571114400522141 /* PageViewScreen.swift in Sources */ = {isa = PBXBuildFile; fileRef = A9544B402571114400522141 /* PageViewScreen.swift */; };
		A9544B48257113E800522141 /* OptionalViewScreen.swift in Sources */ = {isa = PBXBuildFile; fileRef = A9544B47257113E800522141 /* OptionalViewScreen.swift */; };
		A9544B49257113E800522141 /* OptionalViewScreen.swift in Sources */ = {isa = PBXBuildFile; fileRef = A9544B47257113E800522141 /* OptionalViewScreen.swift */; };
		A9544B4D2571179F00522141 /* UIViewWrapperScreen.swift in Sources */ = {isa = PBXBuildFile; fileRef = A9544B4C2571179F00522141 /* UIViewWrapperScreen.swift */; };
		A9544B4E2571179F00522141 /* UIViewWrapperScreen.swift in Sources */ = {isa = PBXBuildFile; fileRef = A9544B4C2571179F00522141 /* UIViewWrapperScreen.swift */; };
		A9544B52257132FA00522141 /* DocumentCameraScreen.swift in Sources */ = {isa = PBXBuildFile; fileRef = A9544B51257132FA00522141 /* DocumentCameraScreen.swift */; };
		A9544B53257132FA00522141 /* DocumentCameraScreen.swift in Sources */ = {isa = PBXBuildFile; fileRef = A9544B51257132FA00522141 /* DocumentCameraScreen.swift */; };
		A9544B572571404E00522141 /* ShareSheetScreen.swift in Sources */ = {isa = PBXBuildFile; fileRef = A9544B562571404E00522141 /* ShareSheetScreen.swift */; };
		A9544B582571404E00522141 /* ShareSheetScreen.swift in Sources */ = {isa = PBXBuildFile; fileRef = A9544B562571404E00522141 /* ShareSheetScreen.swift */; };
		A9544B5C2571481800522141 /* FilePickerScreen.swift in Sources */ = {isa = PBXBuildFile; fileRef = A9544B5B2571481800522141 /* FilePickerScreen.swift */; };
		A9544B5D2571481800522141 /* FilePickerScreen.swift in Sources */ = {isa = PBXBuildFile; fileRef = A9544B5B2571481800522141 /* FilePickerScreen.swift */; };
		A9544B612571482200522141 /* ImagePickerScreen.swift in Sources */ = {isa = PBXBuildFile; fileRef = A9544B602571482200522141 /* ImagePickerScreen.swift */; };
		A9544B622571482200522141 /* ImagePickerScreen.swift in Sources */ = {isa = PBXBuildFile; fileRef = A9544B602571482200522141 /* ImagePickerScreen.swift */; };
		A9544B932571B34D00522141 /* PhotoCameraScreen.swift in Sources */ = {isa = PBXBuildFile; fileRef = A9544B922571B34D00522141 /* PhotoCameraScreen.swift */; };
		A9544B942571B34D00522141 /* PhotoCameraScreen.swift in Sources */ = {isa = PBXBuildFile; fileRef = A9544B922571B34D00522141 /* PhotoCameraScreen.swift */; };
		A9544BAE2571BA8300522141 /* Fastfile in Resources */ = {isa = PBXBuildFile; fileRef = A9544BAD2571BA8300522141 /* Fastfile */; };
		A9544BAF2571BA8300522141 /* Fastfile in Resources */ = {isa = PBXBuildFile; fileRef = A9544BAD2571BA8300522141 /* Fastfile */; };
		A98278E1257E969C0006D64F /* Color+Demo.swift in Sources */ = {isa = PBXBuildFile; fileRef = A98278E0257E969C0006D64F /* Color+Demo.swift */; };
		A98278E2257E969C0006D64F /* Color+Demo.swift in Sources */ = {isa = PBXBuildFile; fileRef = A98278E0257E969C0006D64F /* Color+Demo.swift */; };
		A9F85336259B4D9200C98870 /* WebViewScreen.swift in Sources */ = {isa = PBXBuildFile; fileRef = A9F85335259B4D9200C98870 /* WebViewScreen.swift */; };
		A9F85337259B4D9200C98870 /* WebViewScreen.swift in Sources */ = {isa = PBXBuildFile; fileRef = A9F85335259B4D9200C98870 /* WebViewScreen.swift */; };
/* End PBXBuildFile section */

/* Begin PBXFileReference section */
		A901F039256F8CA600F1C285 /* DataScreen.swift */ = {isa = PBXFileReference; lastKnownFileType = sourcecode.swift; path = DataScreen.swift; sourceTree = "<group>"; };
		A901F03E256F8CB100F1C285 /* ExtensionsScreen.swift */ = {isa = PBXFileReference; lastKnownFileType = sourcecode.swift; path = ExtensionsScreen.swift; sourceTree = "<group>"; };
		A901F043256F8CBC00F1C285 /* GesturesScreen.swift */ = {isa = PBXFileReference; lastKnownFileType = sourcecode.swift; path = GesturesScreen.swift; sourceTree = "<group>"; };
		A901F048256F8CC900F1C285 /* PresentationScreen.swift */ = {isa = PBXFileReference; lastKnownFileType = sourcecode.swift; path = PresentationScreen.swift; sourceTree = "<group>"; };
		A901F04D256F8CFE00F1C285 /* StylesScreen.swift */ = {isa = PBXFileReference; lastKnownFileType = sourcecode.swift; path = StylesScreen.swift; sourceTree = "<group>"; };
		A901F073256F962600F1C285 /* CamerasScreen.swift */ = {isa = PBXFileReference; lastKnownFileType = sourcecode.swift; path = CamerasScreen.swift; sourceTree = "<group>"; };
		A901F07A256F963400F1C285 /* PickersScreen.swift */ = {isa = PBXFileReference; lastKnownFileType = sourcecode.swift; path = PickersScreen.swift; sourceTree = "<group>"; };
		A901F07F256F963E00F1C285 /* SharingScreen.swift */ = {isa = PBXFileReference; lastKnownFileType = sourcecode.swift; path = SharingScreen.swift; sourceTree = "<group>"; };
		A901F084256F964600F1C285 /* ViewsScreen.swift */ = {isa = PBXFileReference; lastKnownFileType = sourcecode.swift; path = ViewsScreen.swift; sourceTree = "<group>"; };
		A901F098256FAF0100F1C285 /* ScanCodeGeneratorScreen.swift */ = {isa = PBXFileReference; lastKnownFileType = sourcecode.swift; path = ScanCodeGeneratorScreen.swift; sourceTree = "<group>"; };
		A901F09F256FAF9A00F1C285 /* PersistedScreen.swift */ = {isa = PBXFileReference; lastKnownFileType = sourcecode.swift; path = PersistedScreen.swift; sourceTree = "<group>"; };
		A901F0BB256FBFF700F1C285 /* SwipeGestureScreen.swift */ = {isa = PBXFileReference; lastKnownFileType = sourcecode.swift; path = SwipeGestureScreen.swift; sourceTree = "<group>"; };
		A901F0CA256FE62E00F1C285 /* AlertsScreen.swift */ = {isa = PBXFileReference; lastKnownFileType = sourcecode.swift; path = AlertsScreen.swift; sourceTree = "<group>"; };
		A901F0CF256FE63A00F1C285 /* CoversScreen.swift */ = {isa = PBXFileReference; lastKnownFileType = sourcecode.swift; path = CoversScreen.swift; sourceTree = "<group>"; };
		A901F0D4256FE64500F1C285 /* SheetsScreen.swift */ = {isa = PBXFileReference; lastKnownFileType = sourcecode.swift; path = SheetsScreen.swift; sourceTree = "<group>"; };
		A901F0D9256FE65200F1C285 /* ToastsScreen.swift */ = {isa = PBXFileReference; lastKnownFileType = sourcecode.swift; path = ToastsScreen.swift; sourceTree = "<group>"; };
		A901F0DE256FE65E00F1C285 /* DemoPresentable.swift */ = {isa = PBXFileReference; lastKnownFileType = sourcecode.swift; path = DemoPresentable.swift; sourceTree = "<group>"; };
		A901F0E82570027400F1C285 /* CornerRadiusStyleScreen.swift */ = {isa = PBXFileReference; lastKnownFileType = sourcecode.swift; path = CornerRadiusStyleScreen.swift; sourceTree = "<group>"; };
		A901F0ED2570027F00F1C285 /* FontStyleScreen.swift */ = {isa = PBXFileReference; lastKnownFileType = sourcecode.swift; path = FontStyleScreen.swift; sourceTree = "<group>"; };
		A901F0F22570028800F1C285 /* ShadowStyleScreen.swift */ = {isa = PBXFileReference; lastKnownFileType = sourcecode.swift; path = ShadowStyleScreen.swift; sourceTree = "<group>"; };
		A901F10E2570079800F1C285 /* Fonts.swift */ = {isa = PBXFileReference; fileEncoding = 4; lastKnownFileType = sourcecode.swift; path = Fonts.swift; sourceTree = "<group>"; };
		A901F11A257010DB00F1C285 /* FlipViewScreen.swift */ = {isa = PBXFileReference; lastKnownFileType = sourcecode.swift; path = FlipViewScreen.swift; sourceTree = "<group>"; };
		A901F1212570633900F1C285 /* AsyncImageScreen.swift */ = {isa = PBXFileReference; lastKnownFileType = sourcecode.swift; path = AsyncImageScreen.swift; sourceTree = "<group>"; };
		A901F12825706F4E00F1C285 /* CollectionViewShelvesScreen.swift */ = {isa = PBXFileReference; lastKnownFileType = sourcecode.swift; path = CollectionViewShelvesScreen.swift; sourceTree = "<group>"; };
		A901F12F2570754A00F1C285 /* CollectionViewGridScreen.swift */ = {isa = PBXFileReference; lastKnownFileType = sourcecode.swift; path = CollectionViewGridScreen.swift; sourceTree = "<group>"; };
		A901F1362570771600F1C285 /* CircularProgressBarScreen.swift */ = {isa = PBXFileReference; lastKnownFileType = sourcecode.swift; path = CircularProgressBarScreen.swift; sourceTree = "<group>"; };
		A901F13D2570797E00F1C285 /* CircularProgressViewScreen.swift */ = {isa = PBXFileReference; lastKnownFileType = sourcecode.swift; path = CircularProgressViewScreen.swift; sourceTree = "<group>"; };
		A901F14625707A8F00F1C285 /* ConditionalViewScreen.swift */ = {isa = PBXFileReference; lastKnownFileType = sourcecode.swift; path = ConditionalViewScreen.swift; sourceTree = "<group>"; };
		A901F14D25707CFD00F1C285 /* DismissableViewScreen.swift */ = {isa = PBXFileReference; lastKnownFileType = sourcecode.swift; path = DismissableViewScreen.swift; sourceTree = "<group>"; };
		A901F15425707D8000F1C285 /* FetchedDataViewScreen.swift */ = {isa = PBXFileReference; lastKnownFileType = sourcecode.swift; path = FetchedDataViewScreen.swift; sourceTree = "<group>"; };
		A92115FC25D5B690003510D9 /* LuckiestGuy-Regular.ttf */ = {isa = PBXFileReference; lastKnownFileType = file; path = "LuckiestGuy-Regular.ttf"; sourceTree = "<group>"; };
		A92115FD25D5B690003510D9 /* AbrilFatface-Regular.ttf */ = {isa = PBXFileReference; lastKnownFileType = file; path = "AbrilFatface-Regular.ttf"; sourceTree = "<group>"; };
		A92115FE25D5B691003510D9 /* Lobster-Regular.ttf */ = {isa = PBXFileReference; lastKnownFileType = file; path = "Lobster-Regular.ttf"; sourceTree = "<group>"; };
		A9355030256F7E3C00BBE9CE /* DemoApp.swift */ = {isa = PBXFileReference; lastKnownFileType = sourcecode.swift; path = DemoApp.swift; sourceTree = "<group>"; };
		A9355031256F7E3C00BBE9CE /* ContentView.swift */ = {isa = PBXFileReference; lastKnownFileType = sourcecode.swift; path = ContentView.swift; sourceTree = "<group>"; };
		A9355032256F7E3D00BBE9CE /* Assets.xcassets */ = {isa = PBXFileReference; lastKnownFileType = folder.assetcatalog; path = Assets.xcassets; sourceTree = "<group>"; };
		A9355037256F7E3D00BBE9CE /* Demo.app */ = {isa = PBXFileReference; explicitFileType = wrapper.application; includeInIndex = 0; path = Demo.app; sourceTree = BUILT_PRODUCTS_DIR; };
		A935503A256F7E3D00BBE9CE /* Info.plist */ = {isa = PBXFileReference; lastKnownFileType = text.plist.xml; path = Info.plist; sourceTree = "<group>"; };
		A935503F256F7E3D00BBE9CE /* Demo.app */ = {isa = PBXFileReference; explicitFileType = wrapper.application; includeInIndex = 0; path = Demo.app; sourceTree = BUILT_PRODUCTS_DIR; };
		A9355041256F7E3D00BBE9CE /* Info.plist */ = {isa = PBXFileReference; lastKnownFileType = text.plist.xml; path = Info.plist; sourceTree = "<group>"; };
		A9355042256F7E3D00BBE9CE /* macOS.entitlements */ = {isa = PBXFileReference; lastKnownFileType = text.plist.entitlements; path = macOS.entitlements; sourceTree = "<group>"; };
		A9355054256F7E6C00BBE9CE /* Image+Demo.swift */ = {isa = PBXFileReference; lastKnownFileType = sourcecode.swift; path = "Image+Demo.swift"; sourceTree = "<group>"; };
		A9544B3B25710F2200522141 /* MultilineTextFieldScreen.swift */ = {isa = PBXFileReference; lastKnownFileType = sourcecode.swift; path = MultilineTextFieldScreen.swift; sourceTree = "<group>"; };
		A9544B402571114400522141 /* PageViewScreen.swift */ = {isa = PBXFileReference; lastKnownFileType = sourcecode.swift; path = PageViewScreen.swift; sourceTree = "<group>"; };
		A9544B47257113E800522141 /* OptionalViewScreen.swift */ = {isa = PBXFileReference; lastKnownFileType = sourcecode.swift; path = OptionalViewScreen.swift; sourceTree = "<group>"; };
		A9544B4C2571179F00522141 /* UIViewWrapperScreen.swift */ = {isa = PBXFileReference; lastKnownFileType = sourcecode.swift; path = UIViewWrapperScreen.swift; sourceTree = "<group>"; };
		A9544B51257132FA00522141 /* DocumentCameraScreen.swift */ = {isa = PBXFileReference; lastKnownFileType = sourcecode.swift; path = DocumentCameraScreen.swift; sourceTree = "<group>"; };
		A9544B562571404E00522141 /* ShareSheetScreen.swift */ = {isa = PBXFileReference; lastKnownFileType = sourcecode.swift; path = ShareSheetScreen.swift; sourceTree = "<group>"; };
		A9544B5B2571481800522141 /* FilePickerScreen.swift */ = {isa = PBXFileReference; lastKnownFileType = sourcecode.swift; path = FilePickerScreen.swift; sourceTree = "<group>"; };
		A9544B602571482200522141 /* ImagePickerScreen.swift */ = {isa = PBXFileReference; lastKnownFileType = sourcecode.swift; path = ImagePickerScreen.swift; sourceTree = "<group>"; };
		A9544B922571B34D00522141 /* PhotoCameraScreen.swift */ = {isa = PBXFileReference; lastKnownFileType = sourcecode.swift; path = PhotoCameraScreen.swift; sourceTree = "<group>"; };
		A9544BA72571BA7B00522141 /* Release Notes.md */ = {isa = PBXFileReference; lastKnownFileType = net.daringfireball.markdown; name = "Release Notes.md"; path = "../Release Notes.md"; sourceTree = "<group>"; };
		A9544BA82571BA7B00522141 /* swiftgen.yml */ = {isa = PBXFileReference; lastKnownFileType = text.yaml; name = swiftgen.yml; path = ../swiftgen.yml; sourceTree = "<group>"; };
		A9544BA92571BA7C00522141 /* LICENSE */ = {isa = PBXFileReference; lastKnownFileType = text; name = LICENSE; path = ../LICENSE; sourceTree = "<group>"; };
		A9544BAA2571BA7C00522141 /* README.md */ = {isa = PBXFileReference; lastKnownFileType = net.daringfireball.markdown; name = README.md; path = ../README.md; sourceTree = "<group>"; };
		A9544BAB2571BA7C00522141 /* DSSwiftUIKit.podspec */ = {isa = PBXFileReference; lastKnownFileType = text; name = DSSwiftUIKit.podspec; path = ../DSSwiftUIKit.podspec; sourceTree = "<group>"; };
		A9544BAC2571BA7C00522141 /* Package.swift */ = {isa = PBXFileReference; lastKnownFileType = sourcecode.swift; name = Package.swift; path = ../Package.swift; sourceTree = "<group>"; };
		A9544BAD2571BA8300522141 /* Fastfile */ = {isa = PBXFileReference; fileEncoding = 4; lastKnownFileType = text; name = Fastfile; path = ../Fastlane/Fastfile; sourceTree = "<group>"; };
		A9544BB42571BA9100522141 /* .swiftlint.yml */ = {isa = PBXFileReference; lastKnownFileType = text.yaml; name = .swiftlint.yml; path = ../.swiftlint.yml; sourceTree = "<group>"; };
		A9544BB52571BA9100522141 /* .gitignore */ = {isa = PBXFileReference; lastKnownFileType = text; name = .gitignore; path = ../.gitignore; sourceTree = "<group>"; };
		A9544BB72571BAD800522141 /* .swiftlint.yml */ = {isa = PBXFileReference; lastKnownFileType = text.yaml; path = .swiftlint.yml; sourceTree = "<group>"; };
		A98278E0257E969C0006D64F /* Color+Demo.swift */ = {isa = PBXFileReference; lastKnownFileType = sourcecode.swift; path = "Color+Demo.swift"; sourceTree = "<group>"; };
		A9F85335259B4D9200C98870 /* WebViewScreen.swift */ = {isa = PBXFileReference; lastKnownFileType = sourcecode.swift; path = WebViewScreen.swift; sourceTree = "<group>"; };
/* End PBXFileReference section */

/* Begin PBXFrameworksBuildPhase section */
		A9355034256F7E3D00BBE9CE /* Frameworks */ = {
			isa = PBXFrameworksBuildPhase;
			buildActionMask = 2147483647;
			files = (
				A917E2FA261C37F500745DB2 /* SwiftUIKit in Frameworks */,
			);
			runOnlyForDeploymentPostprocessing = 0;
		};
		A935503C256F7E3D00BBE9CE /* Frameworks */ = {
			isa = PBXFrameworksBuildPhase;
			buildActionMask = 2147483647;
			files = (
				A917E2FF261C37FC00745DB2 /* SwiftUIKit in Frameworks */,
			);
			runOnlyForDeploymentPostprocessing = 0;
		};
/* End PBXFrameworksBuildPhase section */

/* Begin PBXGroup section */
		A901F052256F8D0E00F1C285 /* Extensions */ = {
			isa = PBXGroup;
			children = (
				A901F03E256F8CB100F1C285 /* ExtensionsScreen.swift */,
			);
			path = Extensions;
			sourceTree = "<group>";
		};
		A901F053256F8D1700F1C285 /* Data */ = {
			isa = PBXGroup;
			children = (
				A901F039256F8CA600F1C285 /* DataScreen.swift */,
				A901F09F256FAF9A00F1C285 /* PersistedScreen.swift */,
				A901F098256FAF0100F1C285 /* ScanCodeGeneratorScreen.swift */,
			);
			path = Data;
			sourceTree = "<group>";
		};
		A901F054256F8D1D00F1C285 /* Gestures */ = {
			isa = PBXGroup;
			children = (
				A901F043256F8CBC00F1C285 /* GesturesScreen.swift */,
				A901F0BB256FBFF700F1C285 /* SwipeGestureScreen.swift */,
			);
			path = Gestures;
			sourceTree = "<group>";
		};
		A901F055256F8D2400F1C285 /* Presentation */ = {
			isa = PBXGroup;
			children = (
				A901F048256F8CC900F1C285 /* PresentationScreen.swift */,
				A901F0DE256FE65E00F1C285 /* DemoPresentable.swift */,
				A901F0CA256FE62E00F1C285 /* AlertsScreen.swift */,
				A901F0CF256FE63A00F1C285 /* CoversScreen.swift */,
				A901F0D4256FE64500F1C285 /* SheetsScreen.swift */,
				A901F0D9256FE65200F1C285 /* ToastsScreen.swift */,
			);
			path = Presentation;
			sourceTree = "<group>";
		};
		A901F056256F8D2A00F1C285 /* Styles */ = {
			isa = PBXGroup;
			children = (
				A901F04D256F8CFE00F1C285 /* StylesScreen.swift */,
				A901F0E82570027400F1C285 /* CornerRadiusStyleScreen.swift */,
				A901F0ED2570027F00F1C285 /* FontStyleScreen.swift */,
				A901F0F22570028800F1C285 /* ShadowStyleScreen.swift */,
			);
			path = Styles;
			sourceTree = "<group>";
		};
		A901F089256F964C00F1C285 /* Cameras */ = {
			isa = PBXGroup;
			children = (
				A901F073256F962600F1C285 /* CamerasScreen.swift */,
				A9544B51257132FA00522141 /* DocumentCameraScreen.swift */,
				A9544B922571B34D00522141 /* PhotoCameraScreen.swift */,
			);
			path = Cameras;
			sourceTree = "<group>";
		};
		A901F08A256F965300F1C285 /* Pickers */ = {
			isa = PBXGroup;
			children = (
				A901F07A256F963400F1C285 /* PickersScreen.swift */,
				A9544B5B2571481800522141 /* FilePickerScreen.swift */,
				A9544B602571482200522141 /* ImagePickerScreen.swift */,
			);
			path = Pickers;
			sourceTree = "<group>";
		};
		A901F08B256F965900F1C285 /* Sharing */ = {
			isa = PBXGroup;
			children = (
				A901F07F256F963E00F1C285 /* SharingScreen.swift */,
				A9544B562571404E00522141 /* ShareSheetScreen.swift */,
			);
			path = Sharing;
			sourceTree = "<group>";
		};
		A901F08C256F965F00F1C285 /* Views */ = {
			isa = PBXGroup;
			children = (
				A901F084256F964600F1C285 /* ViewsScreen.swift */,
				A901F1212570633900F1C285 /* AsyncImageScreen.swift */,
				A901F1362570771600F1C285 /* CircularProgressBarScreen.swift */,
				A901F13D2570797E00F1C285 /* CircularProgressViewScreen.swift */,
				A901F12F2570754A00F1C285 /* CollectionViewGridScreen.swift */,
				A901F12825706F4E00F1C285 /* CollectionViewShelvesScreen.swift */,
				A901F14625707A8F00F1C285 /* ConditionalViewScreen.swift */,
				A901F14D25707CFD00F1C285 /* DismissableViewScreen.swift */,
				A901F15425707D8000F1C285 /* FetchedDataViewScreen.swift */,
				A901F11A257010DB00F1C285 /* FlipViewScreen.swift */,
				A9544B3B25710F2200522141 /* MultilineTextFieldScreen.swift */,
				A9544B47257113E800522141 /* OptionalViewScreen.swift */,
				A9544B402571114400522141 /* PageViewScreen.swift */,
				A9544B4C2571179F00522141 /* UIViewWrapperScreen.swift */,
				A9F85335259B4D9200C98870 /* WebViewScreen.swift */,
			);
			path = Views;
			sourceTree = "<group>";
		};
		A901F0F92570041100F1C285 /* Resources */ = {
			isa = PBXGroup;
			children = (
				A9355032256F7E3D00BBE9CE /* Assets.xcassets */,
				A901F10F2570079800F1C285 /* Fonts */,
				A901F10E2570079800F1C285 /* Fonts.swift */,
				A9355054256F7E6C00BBE9CE /* Image+Demo.swift */,
				A98278E0257E969C0006D64F /* Color+Demo.swift */,
			);
			path = Resources;
			sourceTree = "<group>";
		};
		A901F10F2570079800F1C285 /* Fonts */ = {
			isa = PBXGroup;
			children = (
				A92115FD25D5B690003510D9 /* AbrilFatface-Regular.ttf */,
				A92115FE25D5B691003510D9 /* Lobster-Regular.ttf */,
				A92115FC25D5B690003510D9 /* LuckiestGuy-Regular.ttf */,
			);
			path = Fonts;
			sourceTree = "<group>";
		};
		A917E2FD261C37FC00745DB2 /* Frameworks */ = {
			isa = PBXGroup;
			children = (
			);
			name = Frameworks;
			sourceTree = "<group>";
		};
		A935502A256F7E3C00BBE9CE = {
			isa = PBXGroup;
			children = (
				A9355039256F7E3D00BBE9CE /* iOS */,
				A9355040256F7E3D00BBE9CE /* macOS */,
				A935502F256F7E3C00BBE9CE /* Shared */,
				A9355038256F7E3D00BBE9CE /* Products */,
				A9544BA62571BA6200522141 /* Project FIles */,
				A917E2FD261C37FC00745DB2 /* Frameworks */,
			);
			sourceTree = "<group>";
		};
		A935502F256F7E3C00BBE9CE /* Shared */ = {
			isa = PBXGroup;
			children = (
				A901F089256F964C00F1C285 /* Cameras */,
				A901F053256F8D1700F1C285 /* Data */,
				A9355053256F7E5D00BBE9CE /* Demo */,
				A901F052256F8D0E00F1C285 /* Extensions */,
				A901F054256F8D1D00F1C285 /* Gestures */,
				A901F08A256F965300F1C285 /* Pickers */,
				A901F055256F8D2400F1C285 /* Presentation */,
				A901F0F92570041100F1C285 /* Resources */,
				A901F08B256F965900F1C285 /* Sharing */,
				A901F056256F8D2A00F1C285 /* Styles */,
				A901F08C256F965F00F1C285 /* Views */,
			);
			path = Shared;
			sourceTree = "<group>";
		};
		A9355038256F7E3D00BBE9CE /* Products */ = {
			isa = PBXGroup;
			children = (
				A9355037256F7E3D00BBE9CE /* Demo.app */,
				A935503F256F7E3D00BBE9CE /* Demo.app */,
			);
			name = Products;
			sourceTree = "<group>";
		};
		A9355039256F7E3D00BBE9CE /* iOS */ = {
			isa = PBXGroup;
			children = (
				A935503A256F7E3D00BBE9CE /* Info.plist */,
			);
			path = iOS;
			sourceTree = "<group>";
		};
		A9355040256F7E3D00BBE9CE /* macOS */ = {
			isa = PBXGroup;
			children = (
				A9355041256F7E3D00BBE9CE /* Info.plist */,
				A9355042256F7E3D00BBE9CE /* macOS.entitlements */,
			);
			path = macOS;
			sourceTree = "<group>";
		};
		A9355053256F7E5D00BBE9CE /* Demo */ = {
			isa = PBXGroup;
			children = (
				A9355031256F7E3C00BBE9CE /* ContentView.swift */,
				A9355030256F7E3C00BBE9CE /* DemoApp.swift */,
			);
			path = Demo;
			sourceTree = "<group>";
		};
		A9544BA62571BA6200522141 /* Project FIles */ = {
			isa = PBXGroup;
			children = (
				A9544BB62571BACB00522141 /* Demo */,
				A9544BB52571BA9100522141 /* .gitignore */,
				A9544BB42571BA9100522141 /* .swiftlint.yml */,
				A9544BAB2571BA7C00522141 /* DSSwiftUIKit.podspec */,
				A9544BAD2571BA8300522141 /* Fastfile */,
				A9544BA92571BA7C00522141 /* LICENSE */,
				A9544BAC2571BA7C00522141 /* Package.swift */,
				A9544BAA2571BA7C00522141 /* README.md */,
				A9544BA72571BA7B00522141 /* Release Notes.md */,
				A9544BA82571BA7B00522141 /* swiftgen.yml */,
			);
			name = "Project FIles";
			sourceTree = "<group>";
		};
		A9544BB62571BACB00522141 /* Demo */ = {
			isa = PBXGroup;
			children = (
				A9544BB72571BAD800522141 /* .swiftlint.yml */,
			);
			name = Demo;
			sourceTree = "<group>";
		};
/* End PBXGroup section */

/* Begin PBXNativeTarget section */
		A9355036256F7E3D00BBE9CE /* Demo (iOS) */ = {
			isa = PBXNativeTarget;
			buildConfigurationList = A935504B256F7E3D00BBE9CE /* Build configuration list for PBXNativeTarget "Demo (iOS)" */;
			buildPhases = (
				A9544B9B2571B8DE00522141 /* [SwiftLint] */,
				A9355033256F7E3D00BBE9CE /* Sources */,
				A9355034256F7E3D00BBE9CE /* Frameworks */,
				A9355035256F7E3D00BBE9CE /* Resources */,
			);
			buildRules = (
			);
			dependencies = (
			);
			name = "Demo (iOS)";
			packageProductDependencies = (
				A917E2F9261C37F500745DB2 /* SwiftUIKit */,
			);
			productName = "Demo (iOS)";
			productReference = A9355037256F7E3D00BBE9CE /* Demo.app */;
			productType = "com.apple.product-type.application";
		};
		A935503E256F7E3D00BBE9CE /* Demo (macOS) */ = {
			isa = PBXNativeTarget;
			buildConfigurationList = A935504E256F7E3D00BBE9CE /* Build configuration list for PBXNativeTarget "Demo (macOS)" */;
			buildPhases = (
				A935503B256F7E3D00BBE9CE /* Sources */,
				A935503C256F7E3D00BBE9CE /* Frameworks */,
				A935503D256F7E3D00BBE9CE /* Resources */,
			);
			buildRules = (
			);
			dependencies = (
			);
			name = "Demo (macOS)";
			packageProductDependencies = (
				A917E2FE261C37FC00745DB2 /* SwiftUIKit */,
			);
			productName = "Demo (macOS)";
			productReference = A935503F256F7E3D00BBE9CE /* Demo.app */;
			productType = "com.apple.product-type.application";
		};
/* End PBXNativeTarget section */

/* Begin PBXProject section */
		A935502B256F7E3C00BBE9CE /* Project object */ = {
			isa = PBXProject;
			attributes = {
				LastSwiftUpdateCheck = 1220;
				LastUpgradeCheck = 1310;
				ORGANIZATIONNAME = "Daniel Saidi";
				TargetAttributes = {
					A9355036256F7E3D00BBE9CE = {
						CreatedOnToolsVersion = 12.2;
					};
					A935503E256F7E3D00BBE9CE = {
						CreatedOnToolsVersion = 12.2;
					};
				};
			};
			buildConfigurationList = A935502E256F7E3C00BBE9CE /* Build configuration list for PBXProject "Demo" */;
			compatibilityVersion = "Xcode 9.3";
			developmentRegion = en;
			hasScannedForEncodings = 0;
			knownRegions = (
				en,
				Base,
			);
			mainGroup = A935502A256F7E3C00BBE9CE;
			packageReferences = (
				A917E2F8261C37F500745DB2 /* XCRemoteSwiftPackageReference "SwiftUIKit" */,
			);
			productRefGroup = A9355038256F7E3D00BBE9CE /* Products */;
			projectDirPath = "";
			projectRoot = "";
			targets = (
				A9355036256F7E3D00BBE9CE /* Demo (iOS) */,
				A935503E256F7E3D00BBE9CE /* Demo (macOS) */,
			);
		};
/* End PBXProject section */

/* Begin PBXResourcesBuildPhase section */
		A9355035256F7E3D00BBE9CE /* Resources */ = {
			isa = PBXResourcesBuildPhase;
			buildActionMask = 2147483647;
			files = (
				A921160125D5B691003510D9 /* Lobster-Regular.ttf in Resources */,
				A9544BAE2571BA8300522141 /* Fastfile in Resources */,
				A9355047256F7E3D00BBE9CE /* Assets.xcassets in Resources */,
				A92115FF25D5B691003510D9 /* LuckiestGuy-Regular.ttf in Resources */,
				A921160025D5B691003510D9 /* AbrilFatface-Regular.ttf in Resources */,
			);
			runOnlyForDeploymentPostprocessing = 0;
		};
		A935503D256F7E3D00BBE9CE /* Resources */ = {
			isa = PBXResourcesBuildPhase;
			buildActionMask = 2147483647;
			files = (
				A9544BAF2571BA8300522141 /* Fastfile in Resources */,
				A9355048256F7E3D00BBE9CE /* Assets.xcassets in Resources */,
			);
			runOnlyForDeploymentPostprocessing = 0;
		};
/* End PBXResourcesBuildPhase section */

/* Begin PBXShellScriptBuildPhase section */
		A9544B9B2571B8DE00522141 /* [SwiftLint] */ = {
			isa = PBXShellScriptBuildPhase;
			buildActionMask = 2147483647;
			files = (
			);
			inputFileListPaths = (
			);
			inputPaths = (
			);
			name = "[SwiftLint]";
			outputFileListPaths = (
			);
			outputPaths = (
			);
			runOnlyForDeploymentPostprocessing = 0;
			shellPath = /bin/sh;
			shellScript = "if which swiftlint >/dev/null; then\n  swiftlint\nfi\n";
		};
/* End PBXShellScriptBuildPhase section */

/* Begin PBXSourcesBuildPhase section */
		A9355033256F7E3D00BBE9CE /* Sources */ = {
			isa = PBXSourcesBuildPhase;
			buildActionMask = 2147483647;
			files = (
				A901F099256FAF0100F1C285 /* ScanCodeGeneratorScreen.swift in Sources */,
				A901F0DF256FE65E00F1C285 /* DemoPresentable.swift in Sources */,
				A9F85336259B4D9200C98870 /* WebViewScreen.swift in Sources */,
				A901F044256F8CBC00F1C285 /* GesturesScreen.swift in Sources */,
				A901F1302570754A00F1C285 /* CollectionViewGridScreen.swift in Sources */,
				A9544B5C2571481800522141 /* FilePickerScreen.swift in Sources */,
				A901F0BC256FBFF700F1C285 /* SwipeGestureScreen.swift in Sources */,
				A9544B412571114400522141 /* PageViewScreen.swift in Sources */,
				A901F049256F8CC900F1C285 /* PresentationScreen.swift in Sources */,
				A901F13E2570797E00F1C285 /* CircularProgressViewScreen.swift in Sources */,
				A9355045256F7E3D00BBE9CE /* ContentView.swift in Sources */,
				A901F1372570771600F1C285 /* CircularProgressBarScreen.swift in Sources */,
				A901F085256F964600F1C285 /* ViewsScreen.swift in Sources */,
				A901F0CB256FE62E00F1C285 /* AlertsScreen.swift in Sources */,
				A9544B572571404E00522141 /* ShareSheetScreen.swift in Sources */,
				A901F0D0256FE63A00F1C285 /* CoversScreen.swift in Sources */,
				A901F074256F962600F1C285 /* CamerasScreen.swift in Sources */,
				A901F0DA256FE65200F1C285 /* ToastsScreen.swift in Sources */,
				A98278E1257E969C0006D64F /* Color+Demo.swift in Sources */,
				A901F15525707D8000F1C285 /* FetchedDataViewScreen.swift in Sources */,
				A9544B4D2571179F00522141 /* UIViewWrapperScreen.swift in Sources */,
				A901F07B256F963400F1C285 /* PickersScreen.swift in Sources */,
				A901F03A256F8CA600F1C285 /* DataScreen.swift in Sources */,
				A901F03F256F8CB100F1C285 /* ExtensionsScreen.swift in Sources */,
				A9544B612571482200522141 /* ImagePickerScreen.swift in Sources */,
				A901F0D5256FE64500F1C285 /* SheetsScreen.swift in Sources */,
				A9355043256F7E3D00BBE9CE /* DemoApp.swift in Sources */,
				A901F0F32570028800F1C285 /* ShadowStyleScreen.swift in Sources */,
				A9355055256F7E6C00BBE9CE /* Image+Demo.swift in Sources */,
				A901F12925706F4E00F1C285 /* CollectionViewShelvesScreen.swift in Sources */,
				A901F11B257010DC00F1C285 /* FlipViewScreen.swift in Sources */,
				A9544B48257113E800522141 /* OptionalViewScreen.swift in Sources */,
				A901F0E92570027400F1C285 /* CornerRadiusStyleScreen.swift in Sources */,
				A901F04E256F8CFE00F1C285 /* StylesScreen.swift in Sources */,
				A901F14E25707CFD00F1C285 /* DismissableViewScreen.swift in Sources */,
				A901F0A0256FAF9A00F1C285 /* PersistedScreen.swift in Sources */,
				A901F080256F963E00F1C285 /* SharingScreen.swift in Sources */,
				A901F0EE2570027F00F1C285 /* FontStyleScreen.swift in Sources */,
				A9544B932571B34D00522141 /* PhotoCameraScreen.swift in Sources */,
				A9544B3C25710F2200522141 /* MultilineTextFieldScreen.swift in Sources */,
				A901F1222570633900F1C285 /* AsyncImageScreen.swift in Sources */,
				A901F14725707A8F00F1C285 /* ConditionalViewScreen.swift in Sources */,
				A9544B52257132FA00522141 /* DocumentCameraScreen.swift in Sources */,
				A901F1102570079800F1C285 /* Fonts.swift in Sources */,
			);
			runOnlyForDeploymentPostprocessing = 0;
		};
		A935503B256F7E3D00BBE9CE /* Sources */ = {
			isa = PBXSourcesBuildPhase;
			buildActionMask = 2147483647;
			files = (
				A901F09A256FAF0100F1C285 /* ScanCodeGeneratorScreen.swift in Sources */,
				A901F0E0256FE65E00F1C285 /* DemoPresentable.swift in Sources */,
				A9F85337259B4D9200C98870 /* WebViewScreen.swift in Sources */,
				A901F045256F8CBC00F1C285 /* GesturesScreen.swift in Sources */,
				A901F1312570754A00F1C285 /* CollectionViewGridScreen.swift in Sources */,
				A9544B5D2571481800522141 /* FilePickerScreen.swift in Sources */,
				A901F0BD256FBFF700F1C285 /* SwipeGestureScreen.swift in Sources */,
				A9544B422571114400522141 /* PageViewScreen.swift in Sources */,
				A901F04A256F8CC900F1C285 /* PresentationScreen.swift in Sources */,
				A901F13F2570797E00F1C285 /* CircularProgressViewScreen.swift in Sources */,
				A9355046256F7E3D00BBE9CE /* ContentView.swift in Sources */,
				A901F1382570771600F1C285 /* CircularProgressBarScreen.swift in Sources */,
				A901F086256F964600F1C285 /* ViewsScreen.swift in Sources */,
				A901F0CC256FE62E00F1C285 /* AlertsScreen.swift in Sources */,
				A9544B582571404E00522141 /* ShareSheetScreen.swift in Sources */,
				A901F0D1256FE63A00F1C285 /* CoversScreen.swift in Sources */,
				A901F075256F962600F1C285 /* CamerasScreen.swift in Sources */,
				A901F0DB256FE65200F1C285 /* ToastsScreen.swift in Sources */,
				A98278E2257E969C0006D64F /* Color+Demo.swift in Sources */,
				A901F15625707D8000F1C285 /* FetchedDataViewScreen.swift in Sources */,
				A9544B4E2571179F00522141 /* UIViewWrapperScreen.swift in Sources */,
				A901F07C256F963400F1C285 /* PickersScreen.swift in Sources */,
				A901F03B256F8CA600F1C285 /* DataScreen.swift in Sources */,
				A901F040256F8CB100F1C285 /* ExtensionsScreen.swift in Sources */,
				A9544B622571482200522141 /* ImagePickerScreen.swift in Sources */,
				A901F0D6256FE64500F1C285 /* SheetsScreen.swift in Sources */,
				A9355044256F7E3D00BBE9CE /* DemoApp.swift in Sources */,
				A901F0F42570028800F1C285 /* ShadowStyleScreen.swift in Sources */,
				A9355056256F7E6C00BBE9CE /* Image+Demo.swift in Sources */,
				A901F12A25706F4E00F1C285 /* CollectionViewShelvesScreen.swift in Sources */,
				A901F11C257010DC00F1C285 /* FlipViewScreen.swift in Sources */,
				A9544B49257113E800522141 /* OptionalViewScreen.swift in Sources */,
				A901F0EA2570027400F1C285 /* CornerRadiusStyleScreen.swift in Sources */,
				A901F04F256F8CFE00F1C285 /* StylesScreen.swift in Sources */,
				A901F14F25707CFD00F1C285 /* DismissableViewScreen.swift in Sources */,
				A901F0A1256FAF9A00F1C285 /* PersistedScreen.swift in Sources */,
				A901F081256F963E00F1C285 /* SharingScreen.swift in Sources */,
				A901F0EF2570027F00F1C285 /* FontStyleScreen.swift in Sources */,
				A9544B942571B34D00522141 /* PhotoCameraScreen.swift in Sources */,
				A9544B3D25710F2200522141 /* MultilineTextFieldScreen.swift in Sources */,
				A901F1232570633900F1C285 /* AsyncImageScreen.swift in Sources */,
				A901F14825707A8F00F1C285 /* ConditionalViewScreen.swift in Sources */,
				A9544B53257132FA00522141 /* DocumentCameraScreen.swift in Sources */,
				A901F1112570079800F1C285 /* Fonts.swift in Sources */,
			);
			runOnlyForDeploymentPostprocessing = 0;
		};
/* End PBXSourcesBuildPhase section */

/* Begin XCBuildConfiguration section */
		A9355049256F7E3D00BBE9CE /* Debug */ = {
			isa = XCBuildConfiguration;
			buildSettings = {
				ALWAYS_SEARCH_USER_PATHS = NO;
				CLANG_ANALYZER_NONNULL = YES;
				CLANG_ANALYZER_NUMBER_OBJECT_CONVERSION = YES_AGGRESSIVE;
				CLANG_CXX_LANGUAGE_STANDARD = "gnu++14";
				CLANG_CXX_LIBRARY = "libc++";
				CLANG_ENABLE_MODULES = YES;
				CLANG_ENABLE_OBJC_ARC = YES;
				CLANG_ENABLE_OBJC_WEAK = YES;
				CLANG_WARN_BLOCK_CAPTURE_AUTORELEASING = YES;
				CLANG_WARN_BOOL_CONVERSION = YES;
				CLANG_WARN_COMMA = YES;
				CLANG_WARN_CONSTANT_CONVERSION = YES;
				CLANG_WARN_DEPRECATED_OBJC_IMPLEMENTATIONS = YES;
				CLANG_WARN_DIRECT_OBJC_ISA_USAGE = YES_ERROR;
				CLANG_WARN_DOCUMENTATION_COMMENTS = YES;
				CLANG_WARN_EMPTY_BODY = YES;
				CLANG_WARN_ENUM_CONVERSION = YES;
				CLANG_WARN_INFINITE_RECURSION = YES;
				CLANG_WARN_INT_CONVERSION = YES;
				CLANG_WARN_NON_LITERAL_NULL_CONVERSION = YES;
				CLANG_WARN_OBJC_IMPLICIT_RETAIN_SELF = YES;
				CLANG_WARN_OBJC_LITERAL_CONVERSION = YES;
				CLANG_WARN_OBJC_ROOT_CLASS = YES_ERROR;
				CLANG_WARN_QUOTED_INCLUDE_IN_FRAMEWORK_HEADER = YES;
				CLANG_WARN_RANGE_LOOP_ANALYSIS = YES;
				CLANG_WARN_STRICT_PROTOTYPES = YES;
				CLANG_WARN_SUSPICIOUS_MOVE = YES;
				CLANG_WARN_UNGUARDED_AVAILABILITY = YES_AGGRESSIVE;
				CLANG_WARN_UNREACHABLE_CODE = YES;
				CLANG_WARN__DUPLICATE_METHOD_MATCH = YES;
				COPY_PHASE_STRIP = NO;
				DEBUG_INFORMATION_FORMAT = dwarf;
				ENABLE_STRICT_OBJC_MSGSEND = YES;
				ENABLE_TESTABILITY = YES;
				GCC_C_LANGUAGE_STANDARD = gnu11;
				GCC_DYNAMIC_NO_PIC = NO;
				GCC_NO_COMMON_BLOCKS = YES;
				GCC_OPTIMIZATION_LEVEL = 0;
				GCC_PREPROCESSOR_DEFINITIONS = (
					"DEBUG=1",
					"$(inherited)",
				);
				GCC_WARN_64_TO_32_BIT_CONVERSION = YES;
				GCC_WARN_ABOUT_RETURN_TYPE = YES_ERROR;
				GCC_WARN_UNDECLARED_SELECTOR = YES;
				GCC_WARN_UNINITIALIZED_AUTOS = YES_AGGRESSIVE;
				GCC_WARN_UNUSED_FUNCTION = YES;
				GCC_WARN_UNUSED_VARIABLE = YES;
				MTL_ENABLE_DEBUG_INFO = INCLUDE_SOURCE;
				MTL_FAST_MATH = YES;
				ONLY_ACTIVE_ARCH = YES;
				SWIFT_ACTIVE_COMPILATION_CONDITIONS = DEBUG;
				SWIFT_OPTIMIZATION_LEVEL = "-Onone";
			};
			name = Debug;
		};
		A935504A256F7E3D00BBE9CE /* Release */ = {
			isa = XCBuildConfiguration;
			buildSettings = {
				ALWAYS_SEARCH_USER_PATHS = NO;
				CLANG_ANALYZER_NONNULL = YES;
				CLANG_ANALYZER_NUMBER_OBJECT_CONVERSION = YES_AGGRESSIVE;
				CLANG_CXX_LANGUAGE_STANDARD = "gnu++14";
				CLANG_CXX_LIBRARY = "libc++";
				CLANG_ENABLE_MODULES = YES;
				CLANG_ENABLE_OBJC_ARC = YES;
				CLANG_ENABLE_OBJC_WEAK = YES;
				CLANG_WARN_BLOCK_CAPTURE_AUTORELEASING = YES;
				CLANG_WARN_BOOL_CONVERSION = YES;
				CLANG_WARN_COMMA = YES;
				CLANG_WARN_CONSTANT_CONVERSION = YES;
				CLANG_WARN_DEPRECATED_OBJC_IMPLEMENTATIONS = YES;
				CLANG_WARN_DIRECT_OBJC_ISA_USAGE = YES_ERROR;
				CLANG_WARN_DOCUMENTATION_COMMENTS = YES;
				CLANG_WARN_EMPTY_BODY = YES;
				CLANG_WARN_ENUM_CONVERSION = YES;
				CLANG_WARN_INFINITE_RECURSION = YES;
				CLANG_WARN_INT_CONVERSION = YES;
				CLANG_WARN_NON_LITERAL_NULL_CONVERSION = YES;
				CLANG_WARN_OBJC_IMPLICIT_RETAIN_SELF = YES;
				CLANG_WARN_OBJC_LITERAL_CONVERSION = YES;
				CLANG_WARN_OBJC_ROOT_CLASS = YES_ERROR;
				CLANG_WARN_QUOTED_INCLUDE_IN_FRAMEWORK_HEADER = YES;
				CLANG_WARN_RANGE_LOOP_ANALYSIS = YES;
				CLANG_WARN_STRICT_PROTOTYPES = YES;
				CLANG_WARN_SUSPICIOUS_MOVE = YES;
				CLANG_WARN_UNGUARDED_AVAILABILITY = YES_AGGRESSIVE;
				CLANG_WARN_UNREACHABLE_CODE = YES;
				CLANG_WARN__DUPLICATE_METHOD_MATCH = YES;
				COPY_PHASE_STRIP = NO;
				DEBUG_INFORMATION_FORMAT = "dwarf-with-dsym";
				ENABLE_NS_ASSERTIONS = NO;
				ENABLE_STRICT_OBJC_MSGSEND = YES;
				GCC_C_LANGUAGE_STANDARD = gnu11;
				GCC_NO_COMMON_BLOCKS = YES;
				GCC_WARN_64_TO_32_BIT_CONVERSION = YES;
				GCC_WARN_ABOUT_RETURN_TYPE = YES_ERROR;
				GCC_WARN_UNDECLARED_SELECTOR = YES;
				GCC_WARN_UNINITIALIZED_AUTOS = YES_AGGRESSIVE;
				GCC_WARN_UNUSED_FUNCTION = YES;
				GCC_WARN_UNUSED_VARIABLE = YES;
				MTL_ENABLE_DEBUG_INFO = NO;
				MTL_FAST_MATH = YES;
				SWIFT_COMPILATION_MODE = wholemodule;
				SWIFT_OPTIMIZATION_LEVEL = "-O";
			};
			name = Release;
		};
		A935504C256F7E3D00BBE9CE /* Debug */ = {
			isa = XCBuildConfiguration;
			buildSettings = {
				ASSETCATALOG_COMPILER_APPICON_NAME = AppIcon;
				ASSETCATALOG_COMPILER_GLOBAL_ACCENT_COLOR_NAME = AccentColor;
				CODE_SIGN_STYLE = Automatic;
				DEVELOPMENT_TEAM = PMEDFW438U;
				ENABLE_PREVIEWS = YES;
				INFOPLIST_FILE = iOS/Info.plist;
				IPHONEOS_DEPLOYMENT_TARGET = 14.0;
				LD_RUNPATH_SEARCH_PATHS = (
					"$(inherited)",
					"@executable_path/Frameworks",
				);
				PRODUCT_BUNDLE_IDENTIFIER = com.danielsaidi.swiftuikit.demo;
				PRODUCT_NAME = Demo;
				SDKROOT = iphoneos;
				SWIFT_VERSION = 5.0;
				TARGETED_DEVICE_FAMILY = "1,2";
			};
			name = Debug;
		};
		A935504D256F7E3D00BBE9CE /* Release */ = {
			isa = XCBuildConfiguration;
			buildSettings = {
				ASSETCATALOG_COMPILER_APPICON_NAME = AppIcon;
				ASSETCATALOG_COMPILER_GLOBAL_ACCENT_COLOR_NAME = AccentColor;
				CODE_SIGN_STYLE = Automatic;
				DEVELOPMENT_TEAM = PMEDFW438U;
				ENABLE_PREVIEWS = YES;
				INFOPLIST_FILE = iOS/Info.plist;
				IPHONEOS_DEPLOYMENT_TARGET = 14.0;
				LD_RUNPATH_SEARCH_PATHS = (
					"$(inherited)",
					"@executable_path/Frameworks",
				);
				PRODUCT_BUNDLE_IDENTIFIER = com.danielsaidi.swiftuikit.demo;
				PRODUCT_NAME = Demo;
				SDKROOT = iphoneos;
				SWIFT_VERSION = 5.0;
				TARGETED_DEVICE_FAMILY = "1,2";
				VALIDATE_PRODUCT = YES;
			};
			name = Release;
		};
		A935504F256F7E3D00BBE9CE /* Debug */ = {
			isa = XCBuildConfiguration;
			buildSettings = {
				ASSETCATALOG_COMPILER_APPICON_NAME = AppIcon;
				ASSETCATALOG_COMPILER_GLOBAL_ACCENT_COLOR_NAME = AccentColor;
				CODE_SIGN_ENTITLEMENTS = macOS/macOS.entitlements;
				CODE_SIGN_IDENTITY = "-";
				CODE_SIGN_STYLE = Automatic;
				COMBINE_HIDPI_IMAGES = YES;
				DEVELOPMENT_TEAM = PMEDFW438U;
				ENABLE_HARDENED_RUNTIME = YES;
				ENABLE_PREVIEWS = YES;
				INFOPLIST_FILE = macOS/Info.plist;
				LD_RUNPATH_SEARCH_PATHS = (
					"$(inherited)",
					"@executable_path/../Frameworks",
				);
				MACOSX_DEPLOYMENT_TARGET = 11.0;
				PRODUCT_BUNDLE_IDENTIFIER = com.danielsaidi.swiftuikit.demo;
				PRODUCT_NAME = Demo;
				SDKROOT = macosx;
				SWIFT_VERSION = 5.0;
			};
			name = Debug;
		};
		A9355050256F7E3D00BBE9CE /* Release */ = {
			isa = XCBuildConfiguration;
			buildSettings = {
				ASSETCATALOG_COMPILER_APPICON_NAME = AppIcon;
				ASSETCATALOG_COMPILER_GLOBAL_ACCENT_COLOR_NAME = AccentColor;
				CODE_SIGN_ENTITLEMENTS = macOS/macOS.entitlements;
				CODE_SIGN_IDENTITY = "-";
				CODE_SIGN_STYLE = Automatic;
				COMBINE_HIDPI_IMAGES = YES;
				DEVELOPMENT_TEAM = PMEDFW438U;
				ENABLE_HARDENED_RUNTIME = YES;
				ENABLE_PREVIEWS = YES;
				INFOPLIST_FILE = macOS/Info.plist;
				LD_RUNPATH_SEARCH_PATHS = (
					"$(inherited)",
					"@executable_path/../Frameworks",
				);
				MACOSX_DEPLOYMENT_TARGET = 11.0;
				PRODUCT_BUNDLE_IDENTIFIER = com.danielsaidi.swiftuikit.demo;
				PRODUCT_NAME = Demo;
				SDKROOT = macosx;
				SWIFT_VERSION = 5.0;
			};
			name = Release;
		};
/* End XCBuildConfiguration section */

/* Begin XCConfigurationList section */
		A935502E256F7E3C00BBE9CE /* Build configuration list for PBXProject "Demo" */ = {
			isa = XCConfigurationList;
			buildConfigurations = (
				A9355049256F7E3D00BBE9CE /* Debug */,
				A935504A256F7E3D00BBE9CE /* Release */,
			);
			defaultConfigurationIsVisible = 0;
			defaultConfigurationName = Release;
		};
		A935504B256F7E3D00BBE9CE /* Build configuration list for PBXNativeTarget "Demo (iOS)" */ = {
			isa = XCConfigurationList;
			buildConfigurations = (
				A935504C256F7E3D00BBE9CE /* Debug */,
				A935504D256F7E3D00BBE9CE /* Release */,
			);
			defaultConfigurationIsVisible = 0;
			defaultConfigurationName = Release;
		};
		A935504E256F7E3D00BBE9CE /* Build configuration list for PBXNativeTarget "Demo (macOS)" */ = {
			isa = XCConfigurationList;
			buildConfigurations = (
				A935504F256F7E3D00BBE9CE /* Debug */,
				A9355050256F7E3D00BBE9CE /* Release */,
			);
			defaultConfigurationIsVisible = 0;
			defaultConfigurationName = Release;
		};
/* End XCConfigurationList section */

/* Begin XCRemoteSwiftPackageReference section */
		A917E2F8261C37F500745DB2 /* XCRemoteSwiftPackageReference "SwiftUIKit" */ = {
			isa = XCRemoteSwiftPackageReference;
			repositoryURL = "https://github.com/danielsaidi/SwiftUIKit.git";
			requirement = {
				kind = upToNextMajorVersion;
				minimumVersion = 2.2.0;
			};
		};
/* End XCRemoteSwiftPackageReference section */

/* Begin XCSwiftPackageProductDependency section */
		A917E2F9261C37F500745DB2 /* SwiftUIKit */ = {
			isa = XCSwiftPackageProductDependency;
			package = A917E2F8261C37F500745DB2 /* XCRemoteSwiftPackageReference "SwiftUIKit" */;
			productName = SwiftUIKit;
		};
		A917E2FE261C37FC00745DB2 /* SwiftUIKit */ = {
			isa = XCSwiftPackageProductDependency;
			package = A917E2F8261C37F500745DB2 /* XCRemoteSwiftPackageReference "SwiftUIKit" */;
			productName = SwiftUIKit;
		};
/* End XCSwiftPackageProductDependency section */
	};
	rootObject = A935502B256F7E3C00BBE9CE /* Project object */;
}
