// !$*UTF8*$!
{
	archiveVersion = 1;
	classes = {
	};
	objectVersion = 50;
	objects = {

/* Begin PBXBuildFile section */
		A901EF91256F8C1B00F1C285 /* ShareSheet.swift in Sources */ = {isa = PBXBuildFile; fileRef = A901EF34256F8C1A00F1C285 /* ShareSheet.swift */; };
		A901EF92256F8C1B00F1C285 /* ShareSheet.swift in Sources */ = {isa = PBXBuildFile; fileRef = A901EF34256F8C1A00F1C285 /* ShareSheet.swift */; };
		A901EF93256F8C1B00F1C285 /* DocumentCamera.swift in Sources */ = {isa = PBXBuildFile; fileRef = A901EF36256F8C1A00F1C285 /* DocumentCamera.swift */; };
		A901EF94256F8C1B00F1C285 /* DocumentCamera.swift in Sources */ = {isa = PBXBuildFile; fileRef = A901EF36256F8C1A00F1C285 /* DocumentCamera.swift */; };
		A901EF95256F8C1B00F1C285 /* UrlOpener.swift in Sources */ = {isa = PBXBuildFile; fileRef = A901EF38256F8C1A00F1C285 /* UrlOpener.swift */; };
		A901EF96256F8C1B00F1C285 /* UrlOpener.swift in Sources */ = {isa = PBXBuildFile; fileRef = A901EF38256F8C1A00F1C285 /* UrlOpener.swift */; };
		A901EF97256F8C1B00F1C285 /* View+Snapshot.swift in Sources */ = {isa = PBXBuildFile; fileRef = A901EF3A256F8C1A00F1C285 /* View+Snapshot.swift */; };
		A901EF98256F8C1B00F1C285 /* View+Snapshot.swift in Sources */ = {isa = PBXBuildFile; fileRef = A901EF3A256F8C1A00F1C285 /* View+Snapshot.swift */; };
		A901EF99256F8C1B00F1C285 /* EdgeInsets+Edge.swift in Sources */ = {isa = PBXBuildFile; fileRef = A901EF3B256F8C1A00F1C285 /* EdgeInsets+Edge.swift */; };
		A901EF9A256F8C1B00F1C285 /* EdgeInsets+Edge.swift in Sources */ = {isa = PBXBuildFile; fileRef = A901EF3B256F8C1A00F1C285 /* EdgeInsets+Edge.swift */; };
		A901EF9B256F8C1B00F1C285 /* Color+Random.swift in Sources */ = {isa = PBXBuildFile; fileRef = A901EF3C256F8C1A00F1C285 /* Color+Random.swift */; };
		A901EF9C256F8C1B00F1C285 /* Color+Random.swift in Sources */ = {isa = PBXBuildFile; fileRef = A901EF3C256F8C1A00F1C285 /* Color+Random.swift */; };
		A901EF9D256F8C1B00F1C285 /* View+Visible.swift in Sources */ = {isa = PBXBuildFile; fileRef = A901EF3D256F8C1A00F1C285 /* View+Visible.swift */; };
		A901EF9E256F8C1B00F1C285 /* View+Visible.swift in Sources */ = {isa = PBXBuildFile; fileRef = A901EF3D256F8C1A00F1C285 /* View+Visible.swift */; };
		A901EF9F256F8C1B00F1C285 /* View+Geometry.swift in Sources */ = {isa = PBXBuildFile; fileRef = A901EF3E256F8C1A00F1C285 /* View+Geometry.swift */; };
		A901EFA0256F8C1B00F1C285 /* View+Geometry.swift in Sources */ = {isa = PBXBuildFile; fileRef = A901EF3E256F8C1A00F1C285 /* View+Geometry.swift */; };
		A901EFA1256F8C1B00F1C285 /* Text+SingleLine.swift in Sources */ = {isa = PBXBuildFile; fileRef = A901EF3F256F8C1A00F1C285 /* Text+SingleLine.swift */; };
		A901EFA2256F8C1B00F1C285 /* Text+SingleLine.swift in Sources */ = {isa = PBXBuildFile; fileRef = A901EF3F256F8C1A00F1C285 /* Text+SingleLine.swift */; };
		A901EFA3256F8C1B00F1C285 /* View+Border.swift in Sources */ = {isa = PBXBuildFile; fileRef = A901EF40256F8C1A00F1C285 /* View+Border.swift */; };
		A901EFA4256F8C1B00F1C285 /* View+Border.swift in Sources */ = {isa = PBXBuildFile; fileRef = A901EF40256F8C1A00F1C285 /* View+Border.swift */; };
		A901EFA5256F8C1B00F1C285 /* View+AnyView.swift in Sources */ = {isa = PBXBuildFile; fileRef = A901EF41256F8C1A00F1C285 /* View+AnyView.swift */; };
		A901EFA6256F8C1B00F1C285 /* View+AnyView.swift in Sources */ = {isa = PBXBuildFile; fileRef = A901EF41256F8C1A00F1C285 /* View+AnyView.swift */; };
		A901EFA7256F8C1B00F1C285 /* FontStyle.swift in Sources */ = {isa = PBXBuildFile; fileRef = A901EF43256F8C1A00F1C285 /* FontStyle.swift */; };
		A901EFA8256F8C1B00F1C285 /* FontStyle.swift in Sources */ = {isa = PBXBuildFile; fileRef = A901EF43256F8C1A00F1C285 /* FontStyle.swift */; };
		A901EFA9256F8C1B00F1C285 /* ShadowStyle.swift in Sources */ = {isa = PBXBuildFile; fileRef = A901EF44256F8C1A00F1C285 /* ShadowStyle.swift */; };
		A901EFAA256F8C1B00F1C285 /* ShadowStyle.swift in Sources */ = {isa = PBXBuildFile; fileRef = A901EF44256F8C1A00F1C285 /* ShadowStyle.swift */; };
		A901EFAB256F8C1B00F1C285 /* CornerRadiusStyle.swift in Sources */ = {isa = PBXBuildFile; fileRef = A901EF45256F8C1A00F1C285 /* CornerRadiusStyle.swift */; };
		A901EFAC256F8C1B00F1C285 /* CornerRadiusStyle.swift in Sources */ = {isa = PBXBuildFile; fileRef = A901EF45256F8C1A00F1C285 /* CornerRadiusStyle.swift */; };
		A901EFAD256F8C1B00F1C285 /* View+CornerRadius.swift in Sources */ = {isa = PBXBuildFile; fileRef = A901EF46256F8C1A00F1C285 /* View+CornerRadius.swift */; };
		A901EFAE256F8C1B00F1C285 /* View+CornerRadius.swift in Sources */ = {isa = PBXBuildFile; fileRef = A901EF46256F8C1A00F1C285 /* View+CornerRadius.swift */; };
		A901EFAF256F8C1B00F1C285 /* View+Font.swift in Sources */ = {isa = PBXBuildFile; fileRef = A901EF47256F8C1A00F1C285 /* View+Font.swift */; };
		A901EFB0256F8C1B00F1C285 /* View+Font.swift in Sources */ = {isa = PBXBuildFile; fileRef = A901EF47256F8C1A00F1C285 /* View+Font.swift */; };
		A901EFB1256F8C1B00F1C285 /* FontIdentifier.swift in Sources */ = {isa = PBXBuildFile; fileRef = A901EF48256F8C1A00F1C285 /* FontIdentifier.swift */; };
		A901EFB2256F8C1B00F1C285 /* FontIdentifier.swift in Sources */ = {isa = PBXBuildFile; fileRef = A901EF48256F8C1A00F1C285 /* FontIdentifier.swift */; };
		A901EFB3256F8C1B00F1C285 /* View+Shadow.swift in Sources */ = {isa = PBXBuildFile; fileRef = A901EF49256F8C1A00F1C285 /* View+Shadow.swift */; };
		A901EFB4256F8C1B00F1C285 /* View+Shadow.swift in Sources */ = {isa = PBXBuildFile; fileRef = A901EF49256F8C1A00F1C285 /* View+Shadow.swift */; };
		A901EFB5256F8C1B00F1C285 /* View+SwipeGesture.swift in Sources */ = {isa = PBXBuildFile; fileRef = A901EF4B256F8C1A00F1C285 /* View+SwipeGesture.swift */; };
		A901EFB6256F8C1B00F1C285 /* View+SwipeGesture.swift in Sources */ = {isa = PBXBuildFile; fileRef = A901EF4B256F8C1A00F1C285 /* View+SwipeGesture.swift */; };
		A901EFB7256F8C1B00F1C285 /* SwipeGesture+Coordinator.swift in Sources */ = {isa = PBXBuildFile; fileRef = A901EF4C256F8C1A00F1C285 /* SwipeGesture+Coordinator.swift */; };
		A901EFB8256F8C1B00F1C285 /* SwipeGesture+Coordinator.swift in Sources */ = {isa = PBXBuildFile; fileRef = A901EF4C256F8C1A00F1C285 /* SwipeGesture+Coordinator.swift */; };
		A901EFB9256F8C1B00F1C285 /* UIView+SwipeGesture.swift in Sources */ = {isa = PBXBuildFile; fileRef = A901EF4D256F8C1A00F1C285 /* UIView+SwipeGesture.swift */; };
		A901EFBA256F8C1B00F1C285 /* UIView+SwipeGesture.swift in Sources */ = {isa = PBXBuildFile; fileRef = A901EF4D256F8C1A00F1C285 /* UIView+SwipeGesture.swift */; };
		A901EFBB256F8C1B00F1C285 /* SwipeGesture.swift in Sources */ = {isa = PBXBuildFile; fileRef = A901EF4E256F8C1A00F1C285 /* SwipeGesture.swift */; };
		A901EFBC256F8C1B00F1C285 /* SwipeGesture.swift in Sources */ = {isa = PBXBuildFile; fileRef = A901EF4E256F8C1A00F1C285 /* SwipeGesture.swift */; };
		A901EFBD256F8C1B00F1C285 /* SwipeGesture+Actions.swift in Sources */ = {isa = PBXBuildFile; fileRef = A901EF4F256F8C1A00F1C285 /* SwipeGesture+Actions.swift */; };
		A901EFBE256F8C1B00F1C285 /* SwipeGesture+Actions.swift in Sources */ = {isa = PBXBuildFile; fileRef = A901EF4F256F8C1A00F1C285 /* SwipeGesture+Actions.swift */; };
		A901EFBF256F8C1B00F1C285 /* FlipDirection.swift in Sources */ = {isa = PBXBuildFile; fileRef = A901EF51256F8C1A00F1C285 /* FlipDirection.swift */; };
		A901EFC0256F8C1B00F1C285 /* FlipDirection.swift in Sources */ = {isa = PBXBuildFile; fileRef = A901EF51256F8C1A00F1C285 /* FlipDirection.swift */; };
		A901EFC1256F8C1B00F1C285 /* Flippable.swift in Sources */ = {isa = PBXBuildFile; fileRef = A901EF52256F8C1A00F1C285 /* Flippable.swift */; };
		A901EFC2256F8C1B00F1C285 /* Flippable.swift in Sources */ = {isa = PBXBuildFile; fileRef = A901EF52256F8C1A00F1C285 /* Flippable.swift */; };
		A901EFC3256F8C1B00F1C285 /* FlippableView.swift in Sources */ = {isa = PBXBuildFile; fileRef = A901EF53256F8C1A00F1C285 /* FlippableView.swift */; };
		A901EFC4256F8C1B00F1C285 /* FlippableView.swift in Sources */ = {isa = PBXBuildFile; fileRef = A901EF53256F8C1A00F1C285 /* FlippableView.swift */; };
		A901EFC5256F8C1B00F1C285 /* ImagePickerPhotosCompletionHandler.swift in Sources */ = {isa = PBXBuildFile; fileRef = A901EF56256F8C1A00F1C285 /* ImagePickerPhotosCompletionHandler.swift */; };
		A901EFC6256F8C1B00F1C285 /* ImagePickerPhotosCompletionHandler.swift in Sources */ = {isa = PBXBuildFile; fileRef = A901EF56256F8C1A00F1C285 /* ImagePickerPhotosCompletionHandler.swift */; };
		A901EFC7256F8C1B00F1C285 /* ImagePickerStandardCompletionHandler.swift in Sources */ = {isa = PBXBuildFile; fileRef = A901EF57256F8C1A00F1C285 /* ImagePickerStandardCompletionHandler.swift */; };
		A901EFC8256F8C1B00F1C285 /* ImagePickerStandardCompletionHandler.swift in Sources */ = {isa = PBXBuildFile; fileRef = A901EF57256F8C1A00F1C285 /* ImagePickerStandardCompletionHandler.swift */; };
		A901EFC9256F8C1B00F1C285 /* ImagePickerCompletionHandler.swift in Sources */ = {isa = PBXBuildFile; fileRef = A901EF58256F8C1A00F1C285 /* ImagePickerCompletionHandler.swift */; };
		A901EFCA256F8C1B00F1C285 /* ImagePickerCompletionHandler.swift in Sources */ = {isa = PBXBuildFile; fileRef = A901EF58256F8C1A00F1C285 /* ImagePickerCompletionHandler.swift */; };
		A901EFCB256F8C1B00F1C285 /* SimplePicker.swift in Sources */ = {isa = PBXBuildFile; fileRef = A901EF59256F8C1A00F1C285 /* SimplePicker.swift */; };
		A901EFCC256F8C1B00F1C285 /* SimplePicker.swift in Sources */ = {isa = PBXBuildFile; fileRef = A901EF59256F8C1A00F1C285 /* SimplePicker.swift */; };
		A901EFCD256F8C1B00F1C285 /* SimpleOptionalPicker.swift in Sources */ = {isa = PBXBuildFile; fileRef = A901EF5A256F8C1A00F1C285 /* SimpleOptionalPicker.swift */; };
		A901EFCE256F8C1B00F1C285 /* SimpleOptionalPicker.swift in Sources */ = {isa = PBXBuildFile; fileRef = A901EF5A256F8C1A00F1C285 /* SimpleOptionalPicker.swift */; };
		A901EFCF256F8C1B00F1C285 /* SimplePickerValue.swift in Sources */ = {isa = PBXBuildFile; fileRef = A901EF5B256F8C1A00F1C285 /* SimplePickerValue.swift */; };
		A901EFD0256F8C1B00F1C285 /* SimplePickerValue.swift in Sources */ = {isa = PBXBuildFile; fileRef = A901EF5B256F8C1A00F1C285 /* SimplePickerValue.swift */; };
		A901EFD1256F8C1B00F1C285 /* SimplePickerScreen.swift in Sources */ = {isa = PBXBuildFile; fileRef = A901EF5C256F8C1A00F1C285 /* SimplePickerScreen.swift */; };
		A901EFD2256F8C1B00F1C285 /* SimplePickerScreen.swift in Sources */ = {isa = PBXBuildFile; fileRef = A901EF5C256F8C1A00F1C285 /* SimplePickerScreen.swift */; };
		A901EFD3256F8C1B00F1C285 /* ImagePicker.swift in Sources */ = {isa = PBXBuildFile; fileRef = A901EF5D256F8C1A00F1C285 /* ImagePicker.swift */; };
		A901EFD4256F8C1B00F1C285 /* ImagePicker.swift in Sources */ = {isa = PBXBuildFile; fileRef = A901EF5D256F8C1A00F1C285 /* ImagePicker.swift */; };
		A901EFD5256F8C1B00F1C285 /* SimpleMultiPicker.swift in Sources */ = {isa = PBXBuildFile; fileRef = A901EF5E256F8C1A00F1C285 /* SimpleMultiPicker.swift */; };
		A901EFD6256F8C1B00F1C285 /* SimpleMultiPicker.swift in Sources */ = {isa = PBXBuildFile; fileRef = A901EF5E256F8C1A00F1C285 /* SimpleMultiPicker.swift */; };
		A901EFD7256F8C1B00F1C285 /* SimpleSinglePicker.swift in Sources */ = {isa = PBXBuildFile; fileRef = A901EF5F256F8C1A00F1C285 /* SimpleSinglePicker.swift */; };
		A901EFD8256F8C1B00F1C285 /* SimpleSinglePicker.swift in Sources */ = {isa = PBXBuildFile; fileRef = A901EF5F256F8C1A00F1C285 /* SimpleSinglePicker.swift */; };
		A901EFD9256F8C1B00F1C285 /* FilePicker.swift in Sources */ = {isa = PBXBuildFile; fileRef = A901EF60256F8C1A00F1C285 /* FilePicker.swift */; };
		A901EFDA256F8C1B00F1C285 /* FilePicker.swift in Sources */ = {isa = PBXBuildFile; fileRef = A901EF60256F8C1A00F1C285 /* FilePicker.swift */; };
		A901EFDB256F8C1B00F1C285 /* AsyncImageLoader.swift in Sources */ = {isa = PBXBuildFile; fileRef = A901EF62256F8C1A00F1C285 /* AsyncImageLoader.swift */; };
		A901EFDC256F8C1B00F1C285 /* AsyncImageLoader.swift in Sources */ = {isa = PBXBuildFile; fileRef = A901EF62256F8C1A00F1C285 /* AsyncImageLoader.swift */; };
		A901EFDD256F8C1B00F1C285 /* QrCodeGenerator.swift in Sources */ = {isa = PBXBuildFile; fileRef = A901EF63256F8C1A00F1C285 /* QrCodeGenerator.swift */; };
		A901EFDE256F8C1B00F1C285 /* QrCodeGenerator.swift in Sources */ = {isa = PBXBuildFile; fileRef = A901EF63256F8C1A00F1C285 /* QrCodeGenerator.swift */; };
		A901EFDF256F8C1B00F1C285 /* UserDefaultsPersisted.swift in Sources */ = {isa = PBXBuildFile; fileRef = A901EF64256F8C1A00F1C285 /* UserDefaultsPersisted.swift */; };
		A901EFE0256F8C1B00F1C285 /* UserDefaultsPersisted.swift in Sources */ = {isa = PBXBuildFile; fileRef = A901EF64256F8C1A00F1C285 /* UserDefaultsPersisted.swift */; };
		A901EFE1256F8C1B00F1C285 /* StandardQrCodeGenerator.swift in Sources */ = {isa = PBXBuildFile; fileRef = A901EF65256F8C1A00F1C285 /* StandardQrCodeGenerator.swift */; };
		A901EFE2256F8C1B00F1C285 /* StandardQrCodeGenerator.swift in Sources */ = {isa = PBXBuildFile; fileRef = A901EF65256F8C1A00F1C285 /* StandardQrCodeGenerator.swift */; };
		A901EFE3256F8C1B00F1C285 /* MultilineTextField.swift in Sources */ = {isa = PBXBuildFile; fileRef = A901EF67256F8C1A00F1C285 /* MultilineTextField.swift */; };
		A901EFE4256F8C1B00F1C285 /* MultilineTextField.swift in Sources */ = {isa = PBXBuildFile; fileRef = A901EF67256F8C1A00F1C285 /* MultilineTextField.swift */; };
		A901EFE5256F8C1B00F1C285 /* CircularProgressBar.swift in Sources */ = {isa = PBXBuildFile; fileRef = A901EF68256F8C1A00F1C285 /* CircularProgressBar.swift */; };
		A901EFE6256F8C1B00F1C285 /* CircularProgressBar.swift in Sources */ = {isa = PBXBuildFile; fileRef = A901EF68256F8C1A00F1C285 /* CircularProgressBar.swift */; };
		A901EFE7256F8C1B00F1C285 /* CollectionViewLayout.swift in Sources */ = {isa = PBXBuildFile; fileRef = A901EF6A256F8C1A00F1C285 /* CollectionViewLayout.swift */; };
		A901EFE8256F8C1B00F1C285 /* CollectionViewLayout.swift in Sources */ = {isa = PBXBuildFile; fileRef = A901EF6A256F8C1A00F1C285 /* CollectionViewLayout.swift */; };
		A901EFE9256F8C1B00F1C285 /* CollectionView.swift in Sources */ = {isa = PBXBuildFile; fileRef = A901EF6B256F8C1A00F1C285 /* CollectionView.swift */; };
		A901EFEA256F8C1B00F1C285 /* CollectionView.swift in Sources */ = {isa = PBXBuildFile; fileRef = A901EF6B256F8C1A00F1C285 /* CollectionView.swift */; };
		A901EFEB256F8C1B00F1C285 /* CollectionViewLayout+VerticalGrid.swift in Sources */ = {isa = PBXBuildFile; fileRef = A901EF6D256F8C1A00F1C285 /* CollectionViewLayout+VerticalGrid.swift */; };
		A901EFEC256F8C1B00F1C285 /* CollectionViewLayout+VerticalGrid.swift in Sources */ = {isa = PBXBuildFile; fileRef = A901EF6D256F8C1A00F1C285 /* CollectionViewLayout+VerticalGrid.swift */; };
		A901EFED256F8C1B00F1C285 /* CollectionViewLayout+Shelves.swift in Sources */ = {isa = PBXBuildFile; fileRef = A901EF6E256F8C1A00F1C285 /* CollectionViewLayout+Shelves.swift */; };
		A901EFEE256F8C1B00F1C285 /* CollectionViewLayout+Shelves.swift in Sources */ = {isa = PBXBuildFile; fileRef = A901EF6E256F8C1A00F1C285 /* CollectionViewLayout+Shelves.swift */; };
		A901EFEF256F8C1B00F1C285 /* CollectionViewRow.swift in Sources */ = {isa = PBXBuildFile; fileRef = A901EF6F256F8C1A00F1C285 /* CollectionViewRow.swift */; };
		A901EFF0256F8C1B00F1C285 /* CollectionViewRow.swift in Sources */ = {isa = PBXBuildFile; fileRef = A901EF6F256F8C1A00F1C285 /* CollectionViewRow.swift */; };
		A901EFF1256F8C1B00F1C285 /* UIHostingController+SafeArea.swift in Sources */ = {isa = PBXBuildFile; fileRef = A901EF70256F8C1A00F1C285 /* UIHostingController+SafeArea.swift */; };
		A901EFF2256F8C1B00F1C285 /* UIHostingController+SafeArea.swift in Sources */ = {isa = PBXBuildFile; fileRef = A901EF70256F8C1A00F1C285 /* UIHostingController+SafeArea.swift */; };
		A901EFF3256F8C1B00F1C285 /* CircularProgressView.swift in Sources */ = {isa = PBXBuildFile; fileRef = A901EF71256F8C1A00F1C285 /* CircularProgressView.swift */; };
		A901EFF4256F8C1B00F1C285 /* CircularProgressView.swift in Sources */ = {isa = PBXBuildFile; fileRef = A901EF71256F8C1A00F1C285 /* CircularProgressView.swift */; };
		A901EFF5256F8C1B00F1C285 /* MinWidthButton.swift in Sources */ = {isa = PBXBuildFile; fileRef = A901EF72256F8C1A00F1C285 /* MinWidthButton.swift */; };
		A901EFF6256F8C1B00F1C285 /* MinWidthButton.swift in Sources */ = {isa = PBXBuildFile; fileRef = A901EF72256F8C1A00F1C285 /* MinWidthButton.swift */; };
		A901EFF7256F8C1B00F1C285 /* LazyNavigationLink.swift in Sources */ = {isa = PBXBuildFile; fileRef = A901EF73256F8C1A00F1C285 /* LazyNavigationLink.swift */; };
		A901EFF8256F8C1B00F1C285 /* LazyNavigationLink.swift in Sources */ = {isa = PBXBuildFile; fileRef = A901EF73256F8C1A00F1C285 /* LazyNavigationLink.swift */; };
		A901EFF9256F8C1B00F1C285 /* LazyView.swift in Sources */ = {isa = PBXBuildFile; fileRef = A901EF74256F8C1A00F1C285 /* LazyView.swift */; };
		A901EFFA256F8C1B00F1C285 /* LazyView.swift in Sources */ = {isa = PBXBuildFile; fileRef = A901EF74256F8C1A00F1C285 /* LazyView.swift */; };
		A901EFFB256F8C1B00F1C285 /* ConditionalView.swift in Sources */ = {isa = PBXBuildFile; fileRef = A901EF75256F8C1A00F1C285 /* ConditionalView.swift */; };
		A901EFFC256F8C1B00F1C285 /* ConditionalView.swift in Sources */ = {isa = PBXBuildFile; fileRef = A901EF75256F8C1A00F1C285 /* ConditionalView.swift */; };
		A901EFFD256F8C1B00F1C285 /* AsyncImage.swift in Sources */ = {isa = PBXBuildFile; fileRef = A901EF76256F8C1A00F1C285 /* AsyncImage.swift */; };
		A901EFFE256F8C1B00F1C285 /* AsyncImage.swift in Sources */ = {isa = PBXBuildFile; fileRef = A901EF76256F8C1A00F1C285 /* AsyncImage.swift */; };
		A901EFFF256F8C1B00F1C285 /* DismissableView.swift in Sources */ = {isa = PBXBuildFile; fileRef = A901EF77256F8C1A00F1C285 /* DismissableView.swift */; };
		A901F000256F8C1B00F1C285 /* DismissableView.swift in Sources */ = {isa = PBXBuildFile; fileRef = A901EF77256F8C1A00F1C285 /* DismissableView.swift */; };
		A901F001256F8C1B00F1C285 /* FetchedDataView.swift in Sources */ = {isa = PBXBuildFile; fileRef = A901EF78256F8C1A00F1C285 /* FetchedDataView.swift */; };
		A901F002256F8C1B00F1C285 /* FetchedDataView.swift in Sources */ = {isa = PBXBuildFile; fileRef = A901EF78256F8C1A00F1C285 /* FetchedDataView.swift */; };
		A901F003256F8C1B00F1C285 /* VerticalResizingList.swift in Sources */ = {isa = PBXBuildFile; fileRef = A901EF79256F8C1A00F1C285 /* VerticalResizingList.swift */; };
		A901F004256F8C1B00F1C285 /* VerticalResizingList.swift in Sources */ = {isa = PBXBuildFile; fileRef = A901EF79256F8C1A00F1C285 /* VerticalResizingList.swift */; };
		A901F005256F8C1B00F1C285 /* UIViewWrapper.swift in Sources */ = {isa = PBXBuildFile; fileRef = A901EF7A256F8C1A00F1C285 /* UIViewWrapper.swift */; };
		A901F006256F8C1B00F1C285 /* UIViewWrapper.swift in Sources */ = {isa = PBXBuildFile; fileRef = A901EF7A256F8C1A00F1C285 /* UIViewWrapper.swift */; };
		A901F007256F8C1B00F1C285 /* OptionalView.swift in Sources */ = {isa = PBXBuildFile; fileRef = A901EF7B256F8C1A00F1C285 /* OptionalView.swift */; };
		A901F008256F8C1B00F1C285 /* OptionalView.swift in Sources */ = {isa = PBXBuildFile; fileRef = A901EF7B256F8C1A00F1C285 /* OptionalView.swift */; };
		A901F009256F8C1B00F1C285 /* MultiPageView.swift in Sources */ = {isa = PBXBuildFile; fileRef = A901EF7C256F8C1A00F1C285 /* MultiPageView.swift */; };
		A901F00A256F8C1B00F1C285 /* MultiPageView.swift in Sources */ = {isa = PBXBuildFile; fileRef = A901EF7C256F8C1A00F1C285 /* MultiPageView.swift */; };
		A901F00B256F8C1B00F1C285 /* ToastProvider.swift in Sources */ = {isa = PBXBuildFile; fileRef = A901EF7E256F8C1A00F1C285 /* ToastProvider.swift */; };
		A901F00C256F8C1B00F1C285 /* ToastProvider.swift in Sources */ = {isa = PBXBuildFile; fileRef = A901EF7E256F8C1A00F1C285 /* ToastProvider.swift */; };
		A901F00D256F8C1B00F1C285 /* SheetContext.swift in Sources */ = {isa = PBXBuildFile; fileRef = A901EF7F256F8C1A00F1C285 /* SheetContext.swift */; };
		A901F00E256F8C1B00F1C285 /* SheetContext.swift in Sources */ = {isa = PBXBuildFile; fileRef = A901EF7F256F8C1A00F1C285 /* SheetContext.swift */; };
		A901F00F256F8C1B00F1C285 /* FullScreenCoverContext.swift in Sources */ = {isa = PBXBuildFile; fileRef = A901EF80256F8C1A00F1C285 /* FullScreenCoverContext.swift */; };
		A901F010256F8C1B00F1C285 /* FullScreenCoverContext.swift in Sources */ = {isa = PBXBuildFile; fileRef = A901EF80256F8C1A00F1C285 /* FullScreenCoverContext.swift */; };
		A901F011256F8C1B00F1C285 /* PresentationContext.swift in Sources */ = {isa = PBXBuildFile; fileRef = A901EF81256F8C1A00F1C285 /* PresentationContext.swift */; };
		A901F012256F8C1B00F1C285 /* PresentationContext.swift in Sources */ = {isa = PBXBuildFile; fileRef = A901EF81256F8C1A00F1C285 /* PresentationContext.swift */; };
		A901F013256F8C1B00F1C285 /* View+FullScreenCover.swift in Sources */ = {isa = PBXBuildFile; fileRef = A901EF82256F8C1A00F1C285 /* View+FullScreenCover.swift */; };
		A901F014256F8C1B00F1C285 /* View+FullScreenCover.swift in Sources */ = {isa = PBXBuildFile; fileRef = A901EF82256F8C1A00F1C285 /* View+FullScreenCover.swift */; };
		A901F015256F8C1B00F1C285 /* View+Alert.swift in Sources */ = {isa = PBXBuildFile; fileRef = A901EF83256F8C1A00F1C285 /* View+Alert.swift */; };
		A901F016256F8C1B00F1C285 /* View+Alert.swift in Sources */ = {isa = PBXBuildFile; fileRef = A901EF83256F8C1A00F1C285 /* View+Alert.swift */; };
		A901F017256F8C1B00F1C285 /* Toast+Shadow.swift in Sources */ = {isa = PBXBuildFile; fileRef = A901EF84256F8C1A00F1C285 /* Toast+Shadow.swift */; };
		A901F018256F8C1B00F1C285 /* Toast+Shadow.swift in Sources */ = {isa = PBXBuildFile; fileRef = A901EF84256F8C1A00F1C285 /* Toast+Shadow.swift */; };
		A901F019256F8C1B00F1C285 /* View+Sheet.swift in Sources */ = {isa = PBXBuildFile; fileRef = A901EF85256F8C1A00F1C285 /* View+Sheet.swift */; };
		A901F01A256F8C1B00F1C285 /* View+Sheet.swift in Sources */ = {isa = PBXBuildFile; fileRef = A901EF85256F8C1A00F1C285 /* View+Sheet.swift */; };
		A901F01B256F8C1B00F1C285 /* ToastStyle.swift in Sources */ = {isa = PBXBuildFile; fileRef = A901EF86256F8C1A00F1C285 /* ToastStyle.swift */; };
		A901F01C256F8C1B00F1C285 /* ToastStyle.swift in Sources */ = {isa = PBXBuildFile; fileRef = A901EF86256F8C1A00F1C285 /* ToastStyle.swift */; };
		A901F01D256F8C1B00F1C285 /* View+Toast.swift in Sources */ = {isa = PBXBuildFile; fileRef = A901EF87256F8C1A00F1C285 /* View+Toast.swift */; };
		A901F01E256F8C1B00F1C285 /* View+Toast.swift in Sources */ = {isa = PBXBuildFile; fileRef = A901EF87256F8C1A00F1C285 /* View+Toast.swift */; };
		A901F01F256F8C1B00F1C285 /* SheetProvider.swift in Sources */ = {isa = PBXBuildFile; fileRef = A901EF88256F8C1A00F1C285 /* SheetProvider.swift */; };
		A901F020256F8C1B00F1C285 /* SheetProvider.swift in Sources */ = {isa = PBXBuildFile; fileRef = A901EF88256F8C1A00F1C285 /* SheetProvider.swift */; };
		A901F021256F8C1B00F1C285 /* ToastContext.swift in Sources */ = {isa = PBXBuildFile; fileRef = A901EF89256F8C1A00F1C285 /* ToastContext.swift */; };
		A901F022256F8C1B00F1C285 /* ToastContext.swift in Sources */ = {isa = PBXBuildFile; fileRef = A901EF89256F8C1A00F1C285 /* ToastContext.swift */; };
		A901F023256F8C1B00F1C285 /* AlertProvider.swift in Sources */ = {isa = PBXBuildFile; fileRef = A901EF8A256F8C1A00F1C285 /* AlertProvider.swift */; };
		A901F024256F8C1B00F1C285 /* AlertProvider.swift in Sources */ = {isa = PBXBuildFile; fileRef = A901EF8A256F8C1A00F1C285 /* AlertProvider.swift */; };
		A901F025256F8C1B00F1C285 /* AlertContext.swift in Sources */ = {isa = PBXBuildFile; fileRef = A901EF8B256F8C1A00F1C285 /* AlertContext.swift */; };
		A901F026256F8C1B00F1C285 /* AlertContext.swift in Sources */ = {isa = PBXBuildFile; fileRef = A901EF8B256F8C1A00F1C285 /* AlertContext.swift */; };
		A901F027256F8C1B00F1C285 /* FullScreenCoverProvider.swift in Sources */ = {isa = PBXBuildFile; fileRef = A901EF8C256F8C1A00F1C285 /* FullScreenCoverProvider.swift */; };
		A901F028256F8C1B00F1C285 /* FullScreenCoverProvider.swift in Sources */ = {isa = PBXBuildFile; fileRef = A901EF8C256F8C1A00F1C285 /* FullScreenCoverProvider.swift */; };
		A901F029256F8C1B00F1C285 /* BlurView.swift in Sources */ = {isa = PBXBuildFile; fileRef = A901EF8E256F8C1A00F1C285 /* BlurView.swift */; };
		A901F02A256F8C1B00F1C285 /* BlurView.swift in Sources */ = {isa = PBXBuildFile; fileRef = A901EF8E256F8C1A00F1C285 /* BlurView.swift */; };
		A901F02B256F8C1B00F1C285 /* View+Blur.swift in Sources */ = {isa = PBXBuildFile; fileRef = A901EF8F256F8C1B00F1C285 /* View+Blur.swift */; };
		A901F02C256F8C1B00F1C285 /* View+Blur.swift in Sources */ = {isa = PBXBuildFile; fileRef = A901EF8F256F8C1B00F1C285 /* View+Blur.swift */; };
		A901F02D256F8C1B00F1C285 /* UIBlurEffectStyle+AllCases.swift in Sources */ = {isa = PBXBuildFile; fileRef = A901EF90256F8C1B00F1C285 /* UIBlurEffectStyle+AllCases.swift */; };
		A901F02E256F8C1B00F1C285 /* UIBlurEffectStyle+AllCases.swift in Sources */ = {isa = PBXBuildFile; fileRef = A901EF90256F8C1B00F1C285 /* UIBlurEffectStyle+AllCases.swift */; };
		A901F033256F8C9A00F1C285 /* BlursScreen.swift in Sources */ = {isa = PBXBuildFile; fileRef = A901F032256F8C9A00F1C285 /* BlursScreen.swift */; };
		A901F034256F8C9A00F1C285 /* BlursScreen.swift in Sources */ = {isa = PBXBuildFile; fileRef = A901F032256F8C9A00F1C285 /* BlursScreen.swift */; };
		A901F03A256F8CA600F1C285 /* DataScreen.swift in Sources */ = {isa = PBXBuildFile; fileRef = A901F039256F8CA600F1C285 /* DataScreen.swift */; };
		A901F03B256F8CA600F1C285 /* DataScreen.swift in Sources */ = {isa = PBXBuildFile; fileRef = A901F039256F8CA600F1C285 /* DataScreen.swift */; };
		A901F03F256F8CB100F1C285 /* ExtensionsScreen.swift in Sources */ = {isa = PBXBuildFile; fileRef = A901F03E256F8CB100F1C285 /* ExtensionsScreen.swift */; };
		A901F040256F8CB100F1C285 /* ExtensionsScreen.swift in Sources */ = {isa = PBXBuildFile; fileRef = A901F03E256F8CB100F1C285 /* ExtensionsScreen.swift */; };
		A901F044256F8CBC00F1C285 /* GesturesScreen.swift in Sources */ = {isa = PBXBuildFile; fileRef = A901F043256F8CBC00F1C285 /* GesturesScreen.swift */; };
		A901F045256F8CBC00F1C285 /* GesturesScreen.swift in Sources */ = {isa = PBXBuildFile; fileRef = A901F043256F8CBC00F1C285 /* GesturesScreen.swift */; };
		A901F049256F8CC900F1C285 /* PresentationScreen.swift in Sources */ = {isa = PBXBuildFile; fileRef = A901F048256F8CC900F1C285 /* PresentationScreen.swift */; };
		A901F04A256F8CC900F1C285 /* PresentationScreen.swift in Sources */ = {isa = PBXBuildFile; fileRef = A901F048256F8CC900F1C285 /* PresentationScreen.swift */; };
		A901F04E256F8CFE00F1C285 /* StylesScreen.swift in Sources */ = {isa = PBXBuildFile; fileRef = A901F04D256F8CFE00F1C285 /* StylesScreen.swift */; };
		A901F04F256F8CFE00F1C285 /* StylesScreen.swift in Sources */ = {isa = PBXBuildFile; fileRef = A901F04D256F8CFE00F1C285 /* StylesScreen.swift */; };
		A901F05A256F932C00F1C285 /* DemoListLink.swift in Sources */ = {isa = PBXBuildFile; fileRef = A901F059256F932C00F1C285 /* DemoListLink.swift */; };
		A901F05B256F932C00F1C285 /* DemoListLink.swift in Sources */ = {isa = PBXBuildFile; fileRef = A901F059256F932C00F1C285 /* DemoListLink.swift */; };
		A901F05F256F936700F1C285 /* DemoListItem.swift in Sources */ = {isa = PBXBuildFile; fileRef = A901F05E256F936700F1C285 /* DemoListItem.swift */; };
		A901F060256F936700F1C285 /* DemoListItem.swift in Sources */ = {isa = PBXBuildFile; fileRef = A901F05E256F936700F1C285 /* DemoListItem.swift */; };
		A901F066256F94C600F1C285 /* DemoListButton.swift in Sources */ = {isa = PBXBuildFile; fileRef = A901F065256F94C600F1C285 /* DemoListButton.swift */; };
		A901F067256F94C600F1C285 /* DemoListButton.swift in Sources */ = {isa = PBXBuildFile; fileRef = A901F065256F94C600F1C285 /* DemoListButton.swift */; };
		A901F06F256F95A700F1C285 /* UIBlurEffectStyle+Name.swift in Sources */ = {isa = PBXBuildFile; fileRef = A901F06E256F95A700F1C285 /* UIBlurEffectStyle+Name.swift */; };
		A901F070256F95A700F1C285 /* UIBlurEffectStyle+Name.swift in Sources */ = {isa = PBXBuildFile; fileRef = A901F06E256F95A700F1C285 /* UIBlurEffectStyle+Name.swift */; };
		A901F074256F962600F1C285 /* CameraScreen.swift in Sources */ = {isa = PBXBuildFile; fileRef = A901F073256F962600F1C285 /* CameraScreen.swift */; };
		A901F075256F962600F1C285 /* CameraScreen.swift in Sources */ = {isa = PBXBuildFile; fileRef = A901F073256F962600F1C285 /* CameraScreen.swift */; };
		A901F07B256F963400F1C285 /* PickersScreen.swift in Sources */ = {isa = PBXBuildFile; fileRef = A901F07A256F963400F1C285 /* PickersScreen.swift */; };
		A901F07C256F963400F1C285 /* PickersScreen.swift in Sources */ = {isa = PBXBuildFile; fileRef = A901F07A256F963400F1C285 /* PickersScreen.swift */; };
		A901F080256F963E00F1C285 /* SharingScreen.swift in Sources */ = {isa = PBXBuildFile; fileRef = A901F07F256F963E00F1C285 /* SharingScreen.swift */; };
		A901F081256F963E00F1C285 /* SharingScreen.swift in Sources */ = {isa = PBXBuildFile; fileRef = A901F07F256F963E00F1C285 /* SharingScreen.swift */; };
		A901F085256F964600F1C285 /* ViewsScreen.swift in Sources */ = {isa = PBXBuildFile; fileRef = A901F084256F964600F1C285 /* ViewsScreen.swift */; };
		A901F086256F964600F1C285 /* ViewsScreen.swift in Sources */ = {isa = PBXBuildFile; fileRef = A901F084256F964600F1C285 /* ViewsScreen.swift */; };
		A9355043256F7E3D00BBE9CE /* DemoApp.swift in Sources */ = {isa = PBXBuildFile; fileRef = A9355030256F7E3C00BBE9CE /* DemoApp.swift */; };
		A9355044256F7E3D00BBE9CE /* DemoApp.swift in Sources */ = {isa = PBXBuildFile; fileRef = A9355030256F7E3C00BBE9CE /* DemoApp.swift */; };
		A9355045256F7E3D00BBE9CE /* ContentView.swift in Sources */ = {isa = PBXBuildFile; fileRef = A9355031256F7E3C00BBE9CE /* ContentView.swift */; };
		A9355046256F7E3D00BBE9CE /* ContentView.swift in Sources */ = {isa = PBXBuildFile; fileRef = A9355031256F7E3C00BBE9CE /* ContentView.swift */; };
		A9355047256F7E3D00BBE9CE /* Assets.xcassets in Resources */ = {isa = PBXBuildFile; fileRef = A9355032256F7E3D00BBE9CE /* Assets.xcassets */; };
		A9355048256F7E3D00BBE9CE /* Assets.xcassets in Resources */ = {isa = PBXBuildFile; fileRef = A9355032256F7E3D00BBE9CE /* Assets.xcassets */; };
		A9355055256F7E6C00BBE9CE /* Image+Demo.swift in Sources */ = {isa = PBXBuildFile; fileRef = A9355054256F7E6C00BBE9CE /* Image+Demo.swift */; };
		A9355056256F7E6C00BBE9CE /* Image+Demo.swift in Sources */ = {isa = PBXBuildFile; fileRef = A9355054256F7E6C00BBE9CE /* Image+Demo.swift */; };
/* End PBXBuildFile section */

/* Begin PBXFileReference section */
		A901EF34256F8C1A00F1C285 /* ShareSheet.swift */ = {isa = PBXFileReference; fileEncoding = 4; lastKnownFileType = sourcecode.swift; path = ShareSheet.swift; sourceTree = "<group>"; };
		A901EF36256F8C1A00F1C285 /* DocumentCamera.swift */ = {isa = PBXFileReference; fileEncoding = 4; lastKnownFileType = sourcecode.swift; path = DocumentCamera.swift; sourceTree = "<group>"; };
		A901EF38256F8C1A00F1C285 /* UrlOpener.swift */ = {isa = PBXFileReference; fileEncoding = 4; lastKnownFileType = sourcecode.swift; path = UrlOpener.swift; sourceTree = "<group>"; };
		A901EF3A256F8C1A00F1C285 /* View+Snapshot.swift */ = {isa = PBXFileReference; fileEncoding = 4; lastKnownFileType = sourcecode.swift; path = "View+Snapshot.swift"; sourceTree = "<group>"; };
		A901EF3B256F8C1A00F1C285 /* EdgeInsets+Edge.swift */ = {isa = PBXFileReference; fileEncoding = 4; lastKnownFileType = sourcecode.swift; path = "EdgeInsets+Edge.swift"; sourceTree = "<group>"; };
		A901EF3C256F8C1A00F1C285 /* Color+Random.swift */ = {isa = PBXFileReference; fileEncoding = 4; lastKnownFileType = sourcecode.swift; path = "Color+Random.swift"; sourceTree = "<group>"; };
		A901EF3D256F8C1A00F1C285 /* View+Visible.swift */ = {isa = PBXFileReference; fileEncoding = 4; lastKnownFileType = sourcecode.swift; path = "View+Visible.swift"; sourceTree = "<group>"; };
		A901EF3E256F8C1A00F1C285 /* View+Geometry.swift */ = {isa = PBXFileReference; fileEncoding = 4; lastKnownFileType = sourcecode.swift; path = "View+Geometry.swift"; sourceTree = "<group>"; };
		A901EF3F256F8C1A00F1C285 /* Text+SingleLine.swift */ = {isa = PBXFileReference; fileEncoding = 4; lastKnownFileType = sourcecode.swift; path = "Text+SingleLine.swift"; sourceTree = "<group>"; };
		A901EF40256F8C1A00F1C285 /* View+Border.swift */ = {isa = PBXFileReference; fileEncoding = 4; lastKnownFileType = sourcecode.swift; path = "View+Border.swift"; sourceTree = "<group>"; };
		A901EF41256F8C1A00F1C285 /* View+AnyView.swift */ = {isa = PBXFileReference; fileEncoding = 4; lastKnownFileType = sourcecode.swift; path = "View+AnyView.swift"; sourceTree = "<group>"; };
		A901EF43256F8C1A00F1C285 /* FontStyle.swift */ = {isa = PBXFileReference; fileEncoding = 4; lastKnownFileType = sourcecode.swift; path = FontStyle.swift; sourceTree = "<group>"; };
		A901EF44256F8C1A00F1C285 /* ShadowStyle.swift */ = {isa = PBXFileReference; fileEncoding = 4; lastKnownFileType = sourcecode.swift; path = ShadowStyle.swift; sourceTree = "<group>"; };
		A901EF45256F8C1A00F1C285 /* CornerRadiusStyle.swift */ = {isa = PBXFileReference; fileEncoding = 4; lastKnownFileType = sourcecode.swift; path = CornerRadiusStyle.swift; sourceTree = "<group>"; };
		A901EF46256F8C1A00F1C285 /* View+CornerRadius.swift */ = {isa = PBXFileReference; fileEncoding = 4; lastKnownFileType = sourcecode.swift; path = "View+CornerRadius.swift"; sourceTree = "<group>"; };
		A901EF47256F8C1A00F1C285 /* View+Font.swift */ = {isa = PBXFileReference; fileEncoding = 4; lastKnownFileType = sourcecode.swift; path = "View+Font.swift"; sourceTree = "<group>"; };
		A901EF48256F8C1A00F1C285 /* FontIdentifier.swift */ = {isa = PBXFileReference; fileEncoding = 4; lastKnownFileType = sourcecode.swift; path = FontIdentifier.swift; sourceTree = "<group>"; };
		A901EF49256F8C1A00F1C285 /* View+Shadow.swift */ = {isa = PBXFileReference; fileEncoding = 4; lastKnownFileType = sourcecode.swift; path = "View+Shadow.swift"; sourceTree = "<group>"; };
		A901EF4B256F8C1A00F1C285 /* View+SwipeGesture.swift */ = {isa = PBXFileReference; fileEncoding = 4; lastKnownFileType = sourcecode.swift; path = "View+SwipeGesture.swift"; sourceTree = "<group>"; };
		A901EF4C256F8C1A00F1C285 /* SwipeGesture+Coordinator.swift */ = {isa = PBXFileReference; fileEncoding = 4; lastKnownFileType = sourcecode.swift; path = "SwipeGesture+Coordinator.swift"; sourceTree = "<group>"; };
		A901EF4D256F8C1A00F1C285 /* UIView+SwipeGesture.swift */ = {isa = PBXFileReference; fileEncoding = 4; lastKnownFileType = sourcecode.swift; path = "UIView+SwipeGesture.swift"; sourceTree = "<group>"; };
		A901EF4E256F8C1A00F1C285 /* SwipeGesture.swift */ = {isa = PBXFileReference; fileEncoding = 4; lastKnownFileType = sourcecode.swift; path = SwipeGesture.swift; sourceTree = "<group>"; };
		A901EF4F256F8C1A00F1C285 /* SwipeGesture+Actions.swift */ = {isa = PBXFileReference; fileEncoding = 4; lastKnownFileType = sourcecode.swift; path = "SwipeGesture+Actions.swift"; sourceTree = "<group>"; };
		A901EF51256F8C1A00F1C285 /* FlipDirection.swift */ = {isa = PBXFileReference; fileEncoding = 4; lastKnownFileType = sourcecode.swift; path = FlipDirection.swift; sourceTree = "<group>"; };
		A901EF52256F8C1A00F1C285 /* Flippable.swift */ = {isa = PBXFileReference; fileEncoding = 4; lastKnownFileType = sourcecode.swift; path = Flippable.swift; sourceTree = "<group>"; };
		A901EF53256F8C1A00F1C285 /* FlippableView.swift */ = {isa = PBXFileReference; fileEncoding = 4; lastKnownFileType = sourcecode.swift; path = FlippableView.swift; sourceTree = "<group>"; };
		A901EF56256F8C1A00F1C285 /* ImagePickerPhotosCompletionHandler.swift */ = {isa = PBXFileReference; fileEncoding = 4; lastKnownFileType = sourcecode.swift; path = ImagePickerPhotosCompletionHandler.swift; sourceTree = "<group>"; };
		A901EF57256F8C1A00F1C285 /* ImagePickerStandardCompletionHandler.swift */ = {isa = PBXFileReference; fileEncoding = 4; lastKnownFileType = sourcecode.swift; path = ImagePickerStandardCompletionHandler.swift; sourceTree = "<group>"; };
		A901EF58256F8C1A00F1C285 /* ImagePickerCompletionHandler.swift */ = {isa = PBXFileReference; fileEncoding = 4; lastKnownFileType = sourcecode.swift; path = ImagePickerCompletionHandler.swift; sourceTree = "<group>"; };
		A901EF59256F8C1A00F1C285 /* SimplePicker.swift */ = {isa = PBXFileReference; fileEncoding = 4; lastKnownFileType = sourcecode.swift; path = SimplePicker.swift; sourceTree = "<group>"; };
		A901EF5A256F8C1A00F1C285 /* SimpleOptionalPicker.swift */ = {isa = PBXFileReference; fileEncoding = 4; lastKnownFileType = sourcecode.swift; path = SimpleOptionalPicker.swift; sourceTree = "<group>"; };
		A901EF5B256F8C1A00F1C285 /* SimplePickerValue.swift */ = {isa = PBXFileReference; fileEncoding = 4; lastKnownFileType = sourcecode.swift; path = SimplePickerValue.swift; sourceTree = "<group>"; };
		A901EF5C256F8C1A00F1C285 /* SimplePickerScreen.swift */ = {isa = PBXFileReference; fileEncoding = 4; lastKnownFileType = sourcecode.swift; path = SimplePickerScreen.swift; sourceTree = "<group>"; };
		A901EF5D256F8C1A00F1C285 /* ImagePicker.swift */ = {isa = PBXFileReference; fileEncoding = 4; lastKnownFileType = sourcecode.swift; path = ImagePicker.swift; sourceTree = "<group>"; };
		A901EF5E256F8C1A00F1C285 /* SimpleMultiPicker.swift */ = {isa = PBXFileReference; fileEncoding = 4; lastKnownFileType = sourcecode.swift; path = SimpleMultiPicker.swift; sourceTree = "<group>"; };
		A901EF5F256F8C1A00F1C285 /* SimpleSinglePicker.swift */ = {isa = PBXFileReference; fileEncoding = 4; lastKnownFileType = sourcecode.swift; path = SimpleSinglePicker.swift; sourceTree = "<group>"; };
		A901EF60256F8C1A00F1C285 /* FilePicker.swift */ = {isa = PBXFileReference; fileEncoding = 4; lastKnownFileType = sourcecode.swift; path = FilePicker.swift; sourceTree = "<group>"; };
		A901EF62256F8C1A00F1C285 /* AsyncImageLoader.swift */ = {isa = PBXFileReference; fileEncoding = 4; lastKnownFileType = sourcecode.swift; path = AsyncImageLoader.swift; sourceTree = "<group>"; };
		A901EF63256F8C1A00F1C285 /* QrCodeGenerator.swift */ = {isa = PBXFileReference; fileEncoding = 4; lastKnownFileType = sourcecode.swift; path = QrCodeGenerator.swift; sourceTree = "<group>"; };
		A901EF64256F8C1A00F1C285 /* UserDefaultsPersisted.swift */ = {isa = PBXFileReference; fileEncoding = 4; lastKnownFileType = sourcecode.swift; path = UserDefaultsPersisted.swift; sourceTree = "<group>"; };
		A901EF65256F8C1A00F1C285 /* StandardQrCodeGenerator.swift */ = {isa = PBXFileReference; fileEncoding = 4; lastKnownFileType = sourcecode.swift; path = StandardQrCodeGenerator.swift; sourceTree = "<group>"; };
		A901EF67256F8C1A00F1C285 /* MultilineTextField.swift */ = {isa = PBXFileReference; fileEncoding = 4; lastKnownFileType = sourcecode.swift; path = MultilineTextField.swift; sourceTree = "<group>"; };
		A901EF68256F8C1A00F1C285 /* CircularProgressBar.swift */ = {isa = PBXFileReference; fileEncoding = 4; lastKnownFileType = sourcecode.swift; path = CircularProgressBar.swift; sourceTree = "<group>"; };
		A901EF6A256F8C1A00F1C285 /* CollectionViewLayout.swift */ = {isa = PBXFileReference; fileEncoding = 4; lastKnownFileType = sourcecode.swift; path = CollectionViewLayout.swift; sourceTree = "<group>"; };
		A901EF6B256F8C1A00F1C285 /* CollectionView.swift */ = {isa = PBXFileReference; fileEncoding = 4; lastKnownFileType = sourcecode.swift; path = CollectionView.swift; sourceTree = "<group>"; };
		A901EF6D256F8C1A00F1C285 /* CollectionViewLayout+VerticalGrid.swift */ = {isa = PBXFileReference; fileEncoding = 4; lastKnownFileType = sourcecode.swift; path = "CollectionViewLayout+VerticalGrid.swift"; sourceTree = "<group>"; };
		A901EF6E256F8C1A00F1C285 /* CollectionViewLayout+Shelves.swift */ = {isa = PBXFileReference; fileEncoding = 4; lastKnownFileType = sourcecode.swift; path = "CollectionViewLayout+Shelves.swift"; sourceTree = "<group>"; };
		A901EF6F256F8C1A00F1C285 /* CollectionViewRow.swift */ = {isa = PBXFileReference; fileEncoding = 4; lastKnownFileType = sourcecode.swift; path = CollectionViewRow.swift; sourceTree = "<group>"; };
		A901EF70256F8C1A00F1C285 /* UIHostingController+SafeArea.swift */ = {isa = PBXFileReference; fileEncoding = 4; lastKnownFileType = sourcecode.swift; path = "UIHostingController+SafeArea.swift"; sourceTree = "<group>"; };
		A901EF71256F8C1A00F1C285 /* CircularProgressView.swift */ = {isa = PBXFileReference; fileEncoding = 4; lastKnownFileType = sourcecode.swift; path = CircularProgressView.swift; sourceTree = "<group>"; };
		A901EF72256F8C1A00F1C285 /* MinWidthButton.swift */ = {isa = PBXFileReference; fileEncoding = 4; lastKnownFileType = sourcecode.swift; path = MinWidthButton.swift; sourceTree = "<group>"; };
		A901EF73256F8C1A00F1C285 /* LazyNavigationLink.swift */ = {isa = PBXFileReference; fileEncoding = 4; lastKnownFileType = sourcecode.swift; path = LazyNavigationLink.swift; sourceTree = "<group>"; };
		A901EF74256F8C1A00F1C285 /* LazyView.swift */ = {isa = PBXFileReference; fileEncoding = 4; lastKnownFileType = sourcecode.swift; path = LazyView.swift; sourceTree = "<group>"; };
		A901EF75256F8C1A00F1C285 /* ConditionalView.swift */ = {isa = PBXFileReference; fileEncoding = 4; lastKnownFileType = sourcecode.swift; path = ConditionalView.swift; sourceTree = "<group>"; };
		A901EF76256F8C1A00F1C285 /* AsyncImage.swift */ = {isa = PBXFileReference; fileEncoding = 4; lastKnownFileType = sourcecode.swift; path = AsyncImage.swift; sourceTree = "<group>"; };
		A901EF77256F8C1A00F1C285 /* DismissableView.swift */ = {isa = PBXFileReference; fileEncoding = 4; lastKnownFileType = sourcecode.swift; path = DismissableView.swift; sourceTree = "<group>"; };
		A901EF78256F8C1A00F1C285 /* FetchedDataView.swift */ = {isa = PBXFileReference; fileEncoding = 4; lastKnownFileType = sourcecode.swift; path = FetchedDataView.swift; sourceTree = "<group>"; };
		A901EF79256F8C1A00F1C285 /* VerticalResizingList.swift */ = {isa = PBXFileReference; fileEncoding = 4; lastKnownFileType = sourcecode.swift; path = VerticalResizingList.swift; sourceTree = "<group>"; };
		A901EF7A256F8C1A00F1C285 /* UIViewWrapper.swift */ = {isa = PBXFileReference; fileEncoding = 4; lastKnownFileType = sourcecode.swift; path = UIViewWrapper.swift; sourceTree = "<group>"; };
		A901EF7B256F8C1A00F1C285 /* OptionalView.swift */ = {isa = PBXFileReference; fileEncoding = 4; lastKnownFileType = sourcecode.swift; path = OptionalView.swift; sourceTree = "<group>"; };
		A901EF7C256F8C1A00F1C285 /* MultiPageView.swift */ = {isa = PBXFileReference; fileEncoding = 4; lastKnownFileType = sourcecode.swift; path = MultiPageView.swift; sourceTree = "<group>"; };
		A901EF7E256F8C1A00F1C285 /* ToastProvider.swift */ = {isa = PBXFileReference; fileEncoding = 4; lastKnownFileType = sourcecode.swift; path = ToastProvider.swift; sourceTree = "<group>"; };
		A901EF7F256F8C1A00F1C285 /* SheetContext.swift */ = {isa = PBXFileReference; fileEncoding = 4; lastKnownFileType = sourcecode.swift; path = SheetContext.swift; sourceTree = "<group>"; };
		A901EF80256F8C1A00F1C285 /* FullScreenCoverContext.swift */ = {isa = PBXFileReference; fileEncoding = 4; lastKnownFileType = sourcecode.swift; path = FullScreenCoverContext.swift; sourceTree = "<group>"; };
		A901EF81256F8C1A00F1C285 /* PresentationContext.swift */ = {isa = PBXFileReference; fileEncoding = 4; lastKnownFileType = sourcecode.swift; path = PresentationContext.swift; sourceTree = "<group>"; };
		A901EF82256F8C1A00F1C285 /* View+FullScreenCover.swift */ = {isa = PBXFileReference; fileEncoding = 4; lastKnownFileType = sourcecode.swift; path = "View+FullScreenCover.swift"; sourceTree = "<group>"; };
		A901EF83256F8C1A00F1C285 /* View+Alert.swift */ = {isa = PBXFileReference; fileEncoding = 4; lastKnownFileType = sourcecode.swift; path = "View+Alert.swift"; sourceTree = "<group>"; };
		A901EF84256F8C1A00F1C285 /* Toast+Shadow.swift */ = {isa = PBXFileReference; fileEncoding = 4; lastKnownFileType = sourcecode.swift; path = "Toast+Shadow.swift"; sourceTree = "<group>"; };
		A901EF85256F8C1A00F1C285 /* View+Sheet.swift */ = {isa = PBXFileReference; fileEncoding = 4; lastKnownFileType = sourcecode.swift; path = "View+Sheet.swift"; sourceTree = "<group>"; };
		A901EF86256F8C1A00F1C285 /* ToastStyle.swift */ = {isa = PBXFileReference; fileEncoding = 4; lastKnownFileType = sourcecode.swift; path = ToastStyle.swift; sourceTree = "<group>"; };
		A901EF87256F8C1A00F1C285 /* View+Toast.swift */ = {isa = PBXFileReference; fileEncoding = 4; lastKnownFileType = sourcecode.swift; path = "View+Toast.swift"; sourceTree = "<group>"; };
		A901EF88256F8C1A00F1C285 /* SheetProvider.swift */ = {isa = PBXFileReference; fileEncoding = 4; lastKnownFileType = sourcecode.swift; path = SheetProvider.swift; sourceTree = "<group>"; };
		A901EF89256F8C1A00F1C285 /* ToastContext.swift */ = {isa = PBXFileReference; fileEncoding = 4; lastKnownFileType = sourcecode.swift; path = ToastContext.swift; sourceTree = "<group>"; };
		A901EF8A256F8C1A00F1C285 /* AlertProvider.swift */ = {isa = PBXFileReference; fileEncoding = 4; lastKnownFileType = sourcecode.swift; path = AlertProvider.swift; sourceTree = "<group>"; };
		A901EF8B256F8C1A00F1C285 /* AlertContext.swift */ = {isa = PBXFileReference; fileEncoding = 4; lastKnownFileType = sourcecode.swift; path = AlertContext.swift; sourceTree = "<group>"; };
		A901EF8C256F8C1A00F1C285 /* FullScreenCoverProvider.swift */ = {isa = PBXFileReference; fileEncoding = 4; lastKnownFileType = sourcecode.swift; path = FullScreenCoverProvider.swift; sourceTree = "<group>"; };
		A901EF8E256F8C1A00F1C285 /* BlurView.swift */ = {isa = PBXFileReference; fileEncoding = 4; lastKnownFileType = sourcecode.swift; path = BlurView.swift; sourceTree = "<group>"; };
		A901EF8F256F8C1B00F1C285 /* View+Blur.swift */ = {isa = PBXFileReference; fileEncoding = 4; lastKnownFileType = sourcecode.swift; path = "View+Blur.swift"; sourceTree = "<group>"; };
		A901EF90256F8C1B00F1C285 /* UIBlurEffectStyle+AllCases.swift */ = {isa = PBXFileReference; fileEncoding = 4; lastKnownFileType = sourcecode.swift; path = "UIBlurEffectStyle+AllCases.swift"; sourceTree = "<group>"; };
		A901F032256F8C9A00F1C285 /* BlursScreen.swift */ = {isa = PBXFileReference; lastKnownFileType = sourcecode.swift; path = BlursScreen.swift; sourceTree = "<group>"; };
		A901F039256F8CA600F1C285 /* DataScreen.swift */ = {isa = PBXFileReference; lastKnownFileType = sourcecode.swift; path = DataScreen.swift; sourceTree = "<group>"; };
		A901F03E256F8CB100F1C285 /* ExtensionsScreen.swift */ = {isa = PBXFileReference; lastKnownFileType = sourcecode.swift; path = ExtensionsScreen.swift; sourceTree = "<group>"; };
		A901F043256F8CBC00F1C285 /* GesturesScreen.swift */ = {isa = PBXFileReference; lastKnownFileType = sourcecode.swift; path = GesturesScreen.swift; sourceTree = "<group>"; };
		A901F048256F8CC900F1C285 /* PresentationScreen.swift */ = {isa = PBXFileReference; lastKnownFileType = sourcecode.swift; path = PresentationScreen.swift; sourceTree = "<group>"; };
		A901F04D256F8CFE00F1C285 /* StylesScreen.swift */ = {isa = PBXFileReference; lastKnownFileType = sourcecode.swift; path = StylesScreen.swift; sourceTree = "<group>"; };
		A901F059256F932C00F1C285 /* DemoListLink.swift */ = {isa = PBXFileReference; lastKnownFileType = sourcecode.swift; path = DemoListLink.swift; sourceTree = "<group>"; };
		A901F05E256F936700F1C285 /* DemoListItem.swift */ = {isa = PBXFileReference; lastKnownFileType = sourcecode.swift; path = DemoListItem.swift; sourceTree = "<group>"; };
		A901F065256F94C600F1C285 /* DemoListButton.swift */ = {isa = PBXFileReference; lastKnownFileType = sourcecode.swift; path = DemoListButton.swift; sourceTree = "<group>"; };
		A901F06E256F95A700F1C285 /* UIBlurEffectStyle+Name.swift */ = {isa = PBXFileReference; lastKnownFileType = sourcecode.swift; path = "UIBlurEffectStyle+Name.swift"; sourceTree = "<group>"; };
		A901F073256F962600F1C285 /* CameraScreen.swift */ = {isa = PBXFileReference; lastKnownFileType = sourcecode.swift; path = CameraScreen.swift; sourceTree = "<group>"; };
		A901F07A256F963400F1C285 /* PickersScreen.swift */ = {isa = PBXFileReference; lastKnownFileType = sourcecode.swift; path = PickersScreen.swift; sourceTree = "<group>"; };
		A901F07F256F963E00F1C285 /* SharingScreen.swift */ = {isa = PBXFileReference; lastKnownFileType = sourcecode.swift; path = SharingScreen.swift; sourceTree = "<group>"; };
		A901F084256F964600F1C285 /* ViewsScreen.swift */ = {isa = PBXFileReference; lastKnownFileType = sourcecode.swift; path = ViewsScreen.swift; sourceTree = "<group>"; };
		A9355030256F7E3C00BBE9CE /* DemoApp.swift */ = {isa = PBXFileReference; lastKnownFileType = sourcecode.swift; path = DemoApp.swift; sourceTree = "<group>"; };
		A9355031256F7E3C00BBE9CE /* ContentView.swift */ = {isa = PBXFileReference; lastKnownFileType = sourcecode.swift; path = ContentView.swift; sourceTree = "<group>"; };
		A9355032256F7E3D00BBE9CE /* Assets.xcassets */ = {isa = PBXFileReference; lastKnownFileType = folder.assetcatalog; path = Assets.xcassets; sourceTree = "<group>"; };
		A9355037256F7E3D00BBE9CE /* Demo.app */ = {isa = PBXFileReference; explicitFileType = wrapper.application; includeInIndex = 0; path = Demo.app; sourceTree = BUILT_PRODUCTS_DIR; };
		A935503A256F7E3D00BBE9CE /* Info.plist */ = {isa = PBXFileReference; lastKnownFileType = text.plist.xml; path = Info.plist; sourceTree = "<group>"; };
		A935503F256F7E3D00BBE9CE /* Demo.app */ = {isa = PBXFileReference; explicitFileType = wrapper.application; includeInIndex = 0; path = Demo.app; sourceTree = BUILT_PRODUCTS_DIR; };
		A9355041256F7E3D00BBE9CE /* Info.plist */ = {isa = PBXFileReference; lastKnownFileType = text.plist.xml; path = Info.plist; sourceTree = "<group>"; };
		A9355042256F7E3D00BBE9CE /* macOS.entitlements */ = {isa = PBXFileReference; lastKnownFileType = text.plist.entitlements; path = macOS.entitlements; sourceTree = "<group>"; };
		A9355054256F7E6C00BBE9CE /* Image+Demo.swift */ = {isa = PBXFileReference; lastKnownFileType = sourcecode.swift; path = "Image+Demo.swift"; sourceTree = "<group>"; };
/* End PBXFileReference section */

/* Begin PBXFrameworksBuildPhase section */
		A9355034256F7E3D00BBE9CE /* Frameworks */ = {
			isa = PBXFrameworksBuildPhase;
			buildActionMask = 2147483647;
			files = (
			);
			runOnlyForDeploymentPostprocessing = 0;
		};
		A935503C256F7E3D00BBE9CE /* Frameworks */ = {
			isa = PBXFrameworksBuildPhase;
			buildActionMask = 2147483647;
			files = (
			);
			runOnlyForDeploymentPostprocessing = 0;
		};
/* End PBXFrameworksBuildPhase section */

/* Begin PBXGroup section */
		A901EF32256F8C1A00F1C285 /* SwiftUIKit */ = {
			isa = PBXGroup;
			children = (
				A901EF8D256F8C1A00F1C285 /* Blurs */,
				A901EF35256F8C1A00F1C285 /* Camera */,
				A901EF61256F8C1A00F1C285 /* Data */,
				A901EF39256F8C1A00F1C285 /* Extensions */,
				A901EF4A256F8C1A00F1C285 /* Gestures */,
				A901EF37256F8C1A00F1C285 /* Navigation */,
				A901EF54256F8C1A00F1C285 /* Pickers */,
				A901EF7D256F8C1A00F1C285 /* Presentation */,
				A901EF33256F8C1A00F1C285 /* Sharing */,
				A901EF42256F8C1A00F1C285 /* Styles */,
				A901EF66256F8C1A00F1C285 /* Views */,
			);
			name = SwiftUIKit;
			path = ../../Sources/SwiftUIKit;
			sourceTree = "<group>";
		};
		A901EF33256F8C1A00F1C285 /* Sharing */ = {
			isa = PBXGroup;
			children = (
				A901EF34256F8C1A00F1C285 /* ShareSheet.swift */,
			);
			path = Sharing;
			sourceTree = "<group>";
		};
		A901EF35256F8C1A00F1C285 /* Camera */ = {
			isa = PBXGroup;
			children = (
				A901EF36256F8C1A00F1C285 /* DocumentCamera.swift */,
			);
			path = Camera;
			sourceTree = "<group>";
		};
		A901EF37256F8C1A00F1C285 /* Navigation */ = {
			isa = PBXGroup;
			children = (
				A901EF38256F8C1A00F1C285 /* UrlOpener.swift */,
			);
			path = Navigation;
			sourceTree = "<group>";
		};
		A901EF39256F8C1A00F1C285 /* Extensions */ = {
			isa = PBXGroup;
			children = (
				A901EF3C256F8C1A00F1C285 /* Color+Random.swift */,
				A901EF3B256F8C1A00F1C285 /* EdgeInsets+Edge.swift */,
				A901EF3F256F8C1A00F1C285 /* Text+SingleLine.swift */,
				A901EF41256F8C1A00F1C285 /* View+AnyView.swift */,
				A901EF40256F8C1A00F1C285 /* View+Border.swift */,
				A901EF3E256F8C1A00F1C285 /* View+Geometry.swift */,
				A901EF3A256F8C1A00F1C285 /* View+Snapshot.swift */,
				A901EF3D256F8C1A00F1C285 /* View+Visible.swift */,
			);
			path = Extensions;
			sourceTree = "<group>";
		};
		A901EF42256F8C1A00F1C285 /* Styles */ = {
			isa = PBXGroup;
			children = (
				A901EF45256F8C1A00F1C285 /* CornerRadiusStyle.swift */,
				A901EF48256F8C1A00F1C285 /* FontIdentifier.swift */,
				A901EF43256F8C1A00F1C285 /* FontStyle.swift */,
				A901EF44256F8C1A00F1C285 /* ShadowStyle.swift */,
				A901EF46256F8C1A00F1C285 /* View+CornerRadius.swift */,
				A901EF47256F8C1A00F1C285 /* View+Font.swift */,
				A901EF49256F8C1A00F1C285 /* View+Shadow.swift */,
			);
			path = Styles;
			sourceTree = "<group>";
		};
		A901EF4A256F8C1A00F1C285 /* Gestures */ = {
			isa = PBXGroup;
			children = (
				A901EF50256F8C1A00F1C285 /* Views */,
				A901EF4E256F8C1A00F1C285 /* SwipeGesture.swift */,
				A901EF4F256F8C1A00F1C285 /* SwipeGesture+Actions.swift */,
				A901EF4C256F8C1A00F1C285 /* SwipeGesture+Coordinator.swift */,
				A901EF4D256F8C1A00F1C285 /* UIView+SwipeGesture.swift */,
				A901EF4B256F8C1A00F1C285 /* View+SwipeGesture.swift */,
			);
			path = Gestures;
			sourceTree = "<group>";
		};
		A901EF50256F8C1A00F1C285 /* Views */ = {
			isa = PBXGroup;
			children = (
				A901EF51256F8C1A00F1C285 /* FlipDirection.swift */,
				A901EF52256F8C1A00F1C285 /* Flippable.swift */,
				A901EF53256F8C1A00F1C285 /* FlippableView.swift */,
			);
			path = Views;
			sourceTree = "<group>";
		};
		A901EF54256F8C1A00F1C285 /* Pickers */ = {
			isa = PBXGroup;
			children = (
				A901EF55256F8C1A00F1C285 /* CompletionHandlers */,
				A901EF60256F8C1A00F1C285 /* FilePicker.swift */,
				A901EF5D256F8C1A00F1C285 /* ImagePicker.swift */,
				A901EF5E256F8C1A00F1C285 /* SimpleMultiPicker.swift */,
				A901EF5A256F8C1A00F1C285 /* SimpleOptionalPicker.swift */,
				A901EF59256F8C1A00F1C285 /* SimplePicker.swift */,
				A901EF5C256F8C1A00F1C285 /* SimplePickerScreen.swift */,
				A901EF5B256F8C1A00F1C285 /* SimplePickerValue.swift */,
				A901EF5F256F8C1A00F1C285 /* SimpleSinglePicker.swift */,
			);
			path = Pickers;
			sourceTree = "<group>";
		};
		A901EF55256F8C1A00F1C285 /* CompletionHandlers */ = {
			isa = PBXGroup;
			children = (
				A901EF56256F8C1A00F1C285 /* ImagePickerPhotosCompletionHandler.swift */,
				A901EF57256F8C1A00F1C285 /* ImagePickerStandardCompletionHandler.swift */,
				A901EF58256F8C1A00F1C285 /* ImagePickerCompletionHandler.swift */,
			);
			path = CompletionHandlers;
			sourceTree = "<group>";
		};
		A901EF61256F8C1A00F1C285 /* Data */ = {
			isa = PBXGroup;
			children = (
				A901EF62256F8C1A00F1C285 /* AsyncImageLoader.swift */,
				A901EF63256F8C1A00F1C285 /* QrCodeGenerator.swift */,
				A901EF65256F8C1A00F1C285 /* StandardQrCodeGenerator.swift */,
				A901EF64256F8C1A00F1C285 /* UserDefaultsPersisted.swift */,
			);
			path = Data;
			sourceTree = "<group>";
		};
		A901EF66256F8C1A00F1C285 /* Views */ = {
			isa = PBXGroup;
			children = (
				A901EF69256F8C1A00F1C285 /* CollectionView */,
				A901EF76256F8C1A00F1C285 /* AsyncImage.swift */,
				A901EF68256F8C1A00F1C285 /* CircularProgressBar.swift */,
				A901EF71256F8C1A00F1C285 /* CircularProgressView.swift */,
				A901EF75256F8C1A00F1C285 /* ConditionalView.swift */,
				A901EF77256F8C1A00F1C285 /* DismissableView.swift */,
				A901EF78256F8C1A00F1C285 /* FetchedDataView.swift */,
				A901EF73256F8C1A00F1C285 /* LazyNavigationLink.swift */,
				A901EF74256F8C1A00F1C285 /* LazyView.swift */,
				A901EF72256F8C1A00F1C285 /* MinWidthButton.swift */,
				A901EF67256F8C1A00F1C285 /* MultilineTextField.swift */,
				A901EF7C256F8C1A00F1C285 /* MultiPageView.swift */,
				A901EF7B256F8C1A00F1C285 /* OptionalView.swift */,
				A901EF7A256F8C1A00F1C285 /* UIViewWrapper.swift */,
				A901EF79256F8C1A00F1C285 /* VerticalResizingList.swift */,
			);
			path = Views;
			sourceTree = "<group>";
		};
		A901EF69256F8C1A00F1C285 /* CollectionView */ = {
			isa = PBXGroup;
			children = (
				A901EF6A256F8C1A00F1C285 /* CollectionViewLayout.swift */,
				A901EF6B256F8C1A00F1C285 /* CollectionView.swift */,
				A901EF6C256F8C1A00F1C285 /* Layouts */,
				A901EF6F256F8C1A00F1C285 /* CollectionViewRow.swift */,
				A901EF70256F8C1A00F1C285 /* UIHostingController+SafeArea.swift */,
			);
			path = CollectionView;
			sourceTree = "<group>";
		};
		A901EF6C256F8C1A00F1C285 /* Layouts */ = {
			isa = PBXGroup;
			children = (
				A901EF6D256F8C1A00F1C285 /* CollectionViewLayout+VerticalGrid.swift */,
				A901EF6E256F8C1A00F1C285 /* CollectionViewLayout+Shelves.swift */,
			);
			path = Layouts;
			sourceTree = "<group>";
		};
		A901EF7D256F8C1A00F1C285 /* Presentation */ = {
			isa = PBXGroup;
			children = (
				A901EF8B256F8C1A00F1C285 /* AlertContext.swift */,
				A901EF8A256F8C1A00F1C285 /* AlertProvider.swift */,
				A901EF80256F8C1A00F1C285 /* FullScreenCoverContext.swift */,
				A901EF8C256F8C1A00F1C285 /* FullScreenCoverProvider.swift */,
				A901EF81256F8C1A00F1C285 /* PresentationContext.swift */,
				A901EF7F256F8C1A00F1C285 /* SheetContext.swift */,
				A901EF88256F8C1A00F1C285 /* SheetProvider.swift */,
				A901EF84256F8C1A00F1C285 /* Toast+Shadow.swift */,
				A901EF89256F8C1A00F1C285 /* ToastContext.swift */,
				A901EF7E256F8C1A00F1C285 /* ToastProvider.swift */,
				A901EF86256F8C1A00F1C285 /* ToastStyle.swift */,
				A901EF83256F8C1A00F1C285 /* View+Alert.swift */,
				A901EF82256F8C1A00F1C285 /* View+FullScreenCover.swift */,
				A901EF85256F8C1A00F1C285 /* View+Sheet.swift */,
				A901EF87256F8C1A00F1C285 /* View+Toast.swift */,
			);
			path = Presentation;
			sourceTree = "<group>";
		};
		A901EF8D256F8C1A00F1C285 /* Blurs */ = {
			isa = PBXGroup;
			children = (
				A901EF8E256F8C1A00F1C285 /* BlurView.swift */,
				A901EF90256F8C1B00F1C285 /* UIBlurEffectStyle+AllCases.swift */,
				A901F06E256F95A700F1C285 /* UIBlurEffectStyle+Name.swift */,
				A901EF8F256F8C1B00F1C285 /* View+Blur.swift */,
			);
			path = Blurs;
			sourceTree = "<group>";
		};
		A901F031256F8C8F00F1C285 /* Blurs */ = {
			isa = PBXGroup;
			children = (
				A901F032256F8C9A00F1C285 /* BlursScreen.swift */,
			);
			path = Blurs;
			sourceTree = "<group>";
		};
		A901F052256F8D0E00F1C285 /* Extensions */ = {
			isa = PBXGroup;
			children = (
				A901F03E256F8CB100F1C285 /* ExtensionsScreen.swift */,
			);
			path = Extensions;
			sourceTree = "<group>";
		};
		A901F053256F8D1700F1C285 /* Data */ = {
			isa = PBXGroup;
			children = (
				A901F039256F8CA600F1C285 /* DataScreen.swift */,
			);
			path = Data;
			sourceTree = "<group>";
		};
		A901F054256F8D1D00F1C285 /* Gestures */ = {
			isa = PBXGroup;
			children = (
				A901F043256F8CBC00F1C285 /* GesturesScreen.swift */,
			);
			path = Gestures;
			sourceTree = "<group>";
		};
		A901F055256F8D2400F1C285 /* Presentation */ = {
			isa = PBXGroup;
			children = (
				A901F048256F8CC900F1C285 /* PresentationScreen.swift */,
			);
			path = Presentation;
			sourceTree = "<group>";
		};
		A901F056256F8D2A00F1C285 /* Styles */ = {
			isa = PBXGroup;
			children = (
				A901F04D256F8CFE00F1C285 /* StylesScreen.swift */,
			);
			path = Styles;
			sourceTree = "<group>";
		};
		A901F089256F964C00F1C285 /* Camera */ = {
			isa = PBXGroup;
			children = (
				A901F073256F962600F1C285 /* CameraScreen.swift */,
			);
			path = Camera;
			sourceTree = "<group>";
		};
		A901F08A256F965300F1C285 /* Pickers */ = {
			isa = PBXGroup;
			children = (
				A901F07A256F963400F1C285 /* PickersScreen.swift */,
			);
			path = Pickers;
			sourceTree = "<group>";
		};
		A901F08B256F965900F1C285 /* Sharing */ = {
			isa = PBXGroup;
			children = (
				A901F07F256F963E00F1C285 /* SharingScreen.swift */,
			);
			path = Sharing;
			sourceTree = "<group>";
		};
		A901F08C256F965F00F1C285 /* Views */ = {
			isa = PBXGroup;
			children = (
				A901F084256F964600F1C285 /* ViewsScreen.swift */,
			);
			path = Views;
			sourceTree = "<group>";
		};
		A935502A256F7E3C00BBE9CE = {
			isa = PBXGroup;
			children = (
				A935502F256F7E3C00BBE9CE /* Shared */,
				A9355039256F7E3D00BBE9CE /* iOS */,
				A9355040256F7E3D00BBE9CE /* macOS */,
				A9355038256F7E3D00BBE9CE /* Products */,
			);
			sourceTree = "<group>";
		};
		A935502F256F7E3C00BBE9CE /* Shared */ = {
			isa = PBXGroup;
			children = (
				A9355032256F7E3D00BBE9CE /* Assets.xcassets */,
				A901F031256F8C8F00F1C285 /* Blurs */,
				A901F089256F964C00F1C285 /* Camera */,
				A901F053256F8D1700F1C285 /* Data */,
				A9355053256F7E5D00BBE9CE /* Demo */,
				A901F052256F8D0E00F1C285 /* Extensions */,
				A901F054256F8D1D00F1C285 /* Gestures */,
				A901F08A256F965300F1C285 /* Pickers */,
				A901F055256F8D2400F1C285 /* Presentation */,
				A901F08B256F965900F1C285 /* Sharing */,
				A901F056256F8D2A00F1C285 /* Styles */,
				A901EF32256F8C1A00F1C285 /* SwiftUIKit */,
				A901F08C256F965F00F1C285 /* Views */,
			);
			path = Shared;
			sourceTree = "<group>";
		};
		A9355038256F7E3D00BBE9CE /* Products */ = {
			isa = PBXGroup;
			children = (
				A9355037256F7E3D00BBE9CE /* Demo.app */,
				A935503F256F7E3D00BBE9CE /* Demo.app */,
			);
			name = Products;
			sourceTree = "<group>";
		};
		A9355039256F7E3D00BBE9CE /* iOS */ = {
			isa = PBXGroup;
			children = (
				A935503A256F7E3D00BBE9CE /* Info.plist */,
			);
			path = iOS;
			sourceTree = "<group>";
		};
		A9355040256F7E3D00BBE9CE /* macOS */ = {
			isa = PBXGroup;
			children = (
				A9355041256F7E3D00BBE9CE /* Info.plist */,
				A9355042256F7E3D00BBE9CE /* macOS.entitlements */,
			);
			path = macOS;
			sourceTree = "<group>";
		};
		A9355053256F7E5D00BBE9CE /* Demo */ = {
			isa = PBXGroup;
			children = (
				A9355031256F7E3C00BBE9CE /* ContentView.swift */,
				A9355030256F7E3C00BBE9CE /* DemoApp.swift */,
				A901F065256F94C600F1C285 /* DemoListButton.swift */,
				A901F05E256F936700F1C285 /* DemoListItem.swift */,
				A901F059256F932C00F1C285 /* DemoListLink.swift */,
				A9355054256F7E6C00BBE9CE /* Image+Demo.swift */,
			);
			path = Demo;
			sourceTree = "<group>";
		};
/* End PBXGroup section */

/* Begin PBXNativeTarget section */
		A9355036256F7E3D00BBE9CE /* Demo (iOS) */ = {
			isa = PBXNativeTarget;
			buildConfigurationList = A935504B256F7E3D00BBE9CE /* Build configuration list for PBXNativeTarget "Demo (iOS)" */;
			buildPhases = (
				A9355033256F7E3D00BBE9CE /* Sources */,
				A9355034256F7E3D00BBE9CE /* Frameworks */,
				A9355035256F7E3D00BBE9CE /* Resources */,
			);
			buildRules = (
			);
			dependencies = (
			);
			name = "Demo (iOS)";
			productName = "Demo (iOS)";
			productReference = A9355037256F7E3D00BBE9CE /* Demo.app */;
			productType = "com.apple.product-type.application";
		};
		A935503E256F7E3D00BBE9CE /* Demo (macOS) */ = {
			isa = PBXNativeTarget;
			buildConfigurationList = A935504E256F7E3D00BBE9CE /* Build configuration list for PBXNativeTarget "Demo (macOS)" */;
			buildPhases = (
				A935503B256F7E3D00BBE9CE /* Sources */,
				A935503C256F7E3D00BBE9CE /* Frameworks */,
				A935503D256F7E3D00BBE9CE /* Resources */,
			);
			buildRules = (
			);
			dependencies = (
			);
			name = "Demo (macOS)";
			productName = "Demo (macOS)";
			productReference = A935503F256F7E3D00BBE9CE /* Demo.app */;
			productType = "com.apple.product-type.application";
		};
/* End PBXNativeTarget section */

/* Begin PBXProject section */
		A935502B256F7E3C00BBE9CE /* Project object */ = {
			isa = PBXProject;
			attributes = {
				LastSwiftUpdateCheck = 1220;
				LastUpgradeCheck = 1220;
				ORGANIZATIONNAME = "Daniel Saidi";
				TargetAttributes = {
					A9355036256F7E3D00BBE9CE = {
						CreatedOnToolsVersion = 12.2;
					};
					A935503E256F7E3D00BBE9CE = {
						CreatedOnToolsVersion = 12.2;
					};
				};
			};
			buildConfigurationList = A935502E256F7E3C00BBE9CE /* Build configuration list for PBXProject "Demo" */;
			compatibilityVersion = "Xcode 9.3";
			developmentRegion = en;
			hasScannedForEncodings = 0;
			knownRegions = (
				en,
				Base,
			);
			mainGroup = A935502A256F7E3C00BBE9CE;
			productRefGroup = A9355038256F7E3D00BBE9CE /* Products */;
			projectDirPath = "";
			projectRoot = "";
			targets = (
				A9355036256F7E3D00BBE9CE /* Demo (iOS) */,
				A935503E256F7E3D00BBE9CE /* Demo (macOS) */,
			);
		};
/* End PBXProject section */

/* Begin PBXResourcesBuildPhase section */
		A9355035256F7E3D00BBE9CE /* Resources */ = {
			isa = PBXResourcesBuildPhase;
			buildActionMask = 2147483647;
			files = (
				A9355047256F7E3D00BBE9CE /* Assets.xcassets in Resources */,
			);
			runOnlyForDeploymentPostprocessing = 0;
		};
		A935503D256F7E3D00BBE9CE /* Resources */ = {
			isa = PBXResourcesBuildPhase;
			buildActionMask = 2147483647;
			files = (
				A9355048256F7E3D00BBE9CE /* Assets.xcassets in Resources */,
			);
			runOnlyForDeploymentPostprocessing = 0;
		};
/* End PBXResourcesBuildPhase section */

/* Begin PBXSourcesBuildPhase section */
		A9355033256F7E3D00BBE9CE /* Sources */ = {
			isa = PBXSourcesBuildPhase;
			buildActionMask = 2147483647;
			files = (
				A901EFF3256F8C1B00F1C285 /* CircularProgressView.swift in Sources */,
				A901F021256F8C1B00F1C285 /* ToastContext.swift in Sources */,
				A901EFAF256F8C1B00F1C285 /* View+Font.swift in Sources */,
				A901F044256F8CBC00F1C285 /* GesturesScreen.swift in Sources */,
				A901EFDB256F8C1B00F1C285 /* AsyncImageLoader.swift in Sources */,
				A901EFE7256F8C1B00F1C285 /* CollectionViewLayout.swift in Sources */,
				A901EFC7256F8C1B00F1C285 /* ImagePickerStandardCompletionHandler.swift in Sources */,
				A901EF97256F8C1B00F1C285 /* View+Snapshot.swift in Sources */,
				A901EFDF256F8C1B00F1C285 /* UserDefaultsPersisted.swift in Sources */,
				A901EFE9256F8C1B00F1C285 /* CollectionView.swift in Sources */,
				A901F049256F8CC900F1C285 /* PresentationScreen.swift in Sources */,
				A901EFCD256F8C1B00F1C285 /* SimpleOptionalPicker.swift in Sources */,
				A901F023256F8C1B00F1C285 /* AlertProvider.swift in Sources */,
				A901F011256F8C1B00F1C285 /* PresentationContext.swift in Sources */,
				A901EFA3256F8C1B00F1C285 /* View+Border.swift in Sources */,
				A901EFB5256F8C1B00F1C285 /* View+SwipeGesture.swift in Sources */,
				A9355045256F7E3D00BBE9CE /* ContentView.swift in Sources */,
				A901EFD1256F8C1B00F1C285 /* SimplePickerScreen.swift in Sources */,
				A901EFD3256F8C1B00F1C285 /* ImagePicker.swift in Sources */,
				A901F05A256F932C00F1C285 /* DemoListLink.swift in Sources */,
				A901EFFB256F8C1B00F1C285 /* ConditionalView.swift in Sources */,
				A901F00D256F8C1B00F1C285 /* SheetContext.swift in Sources */,
				A901EFA9256F8C1B00F1C285 /* ShadowStyle.swift in Sources */,
				A901F001256F8C1B00F1C285 /* FetchedDataView.swift in Sources */,
				A901F015256F8C1B00F1C285 /* View+Alert.swift in Sources */,
				A901F05F256F936700F1C285 /* DemoListItem.swift in Sources */,
				A901F085256F964600F1C285 /* ViewsScreen.swift in Sources */,
				A901F009256F8C1B00F1C285 /* MultiPageView.swift in Sources */,
				A901F003256F8C1B00F1C285 /* VerticalResizingList.swift in Sources */,
				A901EFC3256F8C1B00F1C285 /* FlippableView.swift in Sources */,
				A901EFF7256F8C1B00F1C285 /* LazyNavigationLink.swift in Sources */,
				A901F025256F8C1B00F1C285 /* AlertContext.swift in Sources */,
				A901EFEF256F8C1B00F1C285 /* CollectionViewRow.swift in Sources */,
				A901EFE5256F8C1B00F1C285 /* CircularProgressBar.swift in Sources */,
				A901EFD5256F8C1B00F1C285 /* SimpleMultiPicker.swift in Sources */,
				A901F074256F962600F1C285 /* CameraScreen.swift in Sources */,
				A901F02B256F8C1B00F1C285 /* View+Blur.swift in Sources */,
				A901EFF9256F8C1B00F1C285 /* LazyView.swift in Sources */,
				A901F07B256F963400F1C285 /* PickersScreen.swift in Sources */,
				A901EFF1256F8C1B00F1C285 /* UIHostingController+SafeArea.swift in Sources */,
				A901F03A256F8CA600F1C285 /* DataScreen.swift in Sources */,
				A901EFB1256F8C1B00F1C285 /* FontIdentifier.swift in Sources */,
				A901EFF5256F8C1B00F1C285 /* MinWidthButton.swift in Sources */,
				A901F06F256F95A700F1C285 /* UIBlurEffectStyle+Name.swift in Sources */,
				A901F03F256F8CB100F1C285 /* ExtensionsScreen.swift in Sources */,
				A901EFE3256F8C1B00F1C285 /* MultilineTextField.swift in Sources */,
				A901EFFF256F8C1B00F1C285 /* DismissableView.swift in Sources */,
				A901F017256F8C1B00F1C285 /* Toast+Shadow.swift in Sources */,
				A901EF93256F8C1B00F1C285 /* DocumentCamera.swift in Sources */,
				A901EF9B256F8C1B00F1C285 /* Color+Random.swift in Sources */,
				A901F066256F94C600F1C285 /* DemoListButton.swift in Sources */,
				A901EFFD256F8C1B00F1C285 /* AsyncImage.swift in Sources */,
				A901EFC1256F8C1B00F1C285 /* Flippable.swift in Sources */,
				A901EFBF256F8C1B00F1C285 /* FlipDirection.swift in Sources */,
				A901EFD9256F8C1B00F1C285 /* FilePicker.swift in Sources */,
				A901EFB3256F8C1B00F1C285 /* View+Shadow.swift in Sources */,
				A901EFC9256F8C1B00F1C285 /* ImagePickerCompletionHandler.swift in Sources */,
				A901F019256F8C1B00F1C285 /* View+Sheet.swift in Sources */,
				A901F01B256F8C1B00F1C285 /* ToastStyle.swift in Sources */,
				A901EF99256F8C1B00F1C285 /* EdgeInsets+Edge.swift in Sources */,
				A901F005256F8C1B00F1C285 /* UIViewWrapper.swift in Sources */,
				A901EFA5256F8C1B00F1C285 /* View+AnyView.swift in Sources */,
				A901EFCB256F8C1B00F1C285 /* SimplePicker.swift in Sources */,
				A9355043256F7E3D00BBE9CE /* DemoApp.swift in Sources */,
				A901F007256F8C1B00F1C285 /* OptionalView.swift in Sources */,
				A901F02D256F8C1B00F1C285 /* UIBlurEffectStyle+AllCases.swift in Sources */,
				A901F00F256F8C1B00F1C285 /* FullScreenCoverContext.swift in Sources */,
				A901EF9F256F8C1B00F1C285 /* View+Geometry.swift in Sources */,
				A9355055256F7E6C00BBE9CE /* Image+Demo.swift in Sources */,
				A901EFEB256F8C1B00F1C285 /* CollectionViewLayout+VerticalGrid.swift in Sources */,
				A901F029256F8C1B00F1C285 /* BlurView.swift in Sources */,
				A901EFED256F8C1B00F1C285 /* CollectionViewLayout+Shelves.swift in Sources */,
				A901F04E256F8CFE00F1C285 /* StylesScreen.swift in Sources */,
				A901EFB9256F8C1B00F1C285 /* UIView+SwipeGesture.swift in Sources */,
				A901EFD7256F8C1B00F1C285 /* SimpleSinglePicker.swift in Sources */,
				A901EFDD256F8C1B00F1C285 /* QrCodeGenerator.swift in Sources */,
				A901EFA1256F8C1B00F1C285 /* Text+SingleLine.swift in Sources */,
				A901F00B256F8C1B00F1C285 /* ToastProvider.swift in Sources */,
				A901EF9D256F8C1B00F1C285 /* View+Visible.swift in Sources */,
				A901F033256F8C9A00F1C285 /* BlursScreen.swift in Sources */,
				A901EFCF256F8C1B00F1C285 /* SimplePickerValue.swift in Sources */,
				A901F027256F8C1B00F1C285 /* FullScreenCoverProvider.swift in Sources */,
				A901EFE1256F8C1B00F1C285 /* StandardQrCodeGenerator.swift in Sources */,
				A901F080256F963E00F1C285 /* SharingScreen.swift in Sources */,
				A901EFC5256F8C1B00F1C285 /* ImagePickerPhotosCompletionHandler.swift in Sources */,
				A901F01D256F8C1B00F1C285 /* View+Toast.swift in Sources */,
				A901EF95256F8C1B00F1C285 /* UrlOpener.swift in Sources */,
				A901EFAB256F8C1B00F1C285 /* CornerRadiusStyle.swift in Sources */,
				A901EFAD256F8C1B00F1C285 /* View+CornerRadius.swift in Sources */,
				A901EFB7256F8C1B00F1C285 /* SwipeGesture+Coordinator.swift in Sources */,
				A901EFBD256F8C1B00F1C285 /* SwipeGesture+Actions.swift in Sources */,
				A901F013256F8C1B00F1C285 /* View+FullScreenCover.swift in Sources */,
				A901EF91256F8C1B00F1C285 /* ShareSheet.swift in Sources */,
				A901EFBB256F8C1B00F1C285 /* SwipeGesture.swift in Sources */,
				A901EFA7256F8C1B00F1C285 /* FontStyle.swift in Sources */,
				A901F01F256F8C1B00F1C285 /* SheetProvider.swift in Sources */,
			);
			runOnlyForDeploymentPostprocessing = 0;
		};
		A935503B256F7E3D00BBE9CE /* Sources */ = {
			isa = PBXSourcesBuildPhase;
			buildActionMask = 2147483647;
			files = (
				A901EFF4256F8C1B00F1C285 /* CircularProgressView.swift in Sources */,
				A901F022256F8C1B00F1C285 /* ToastContext.swift in Sources */,
				A901EFB0256F8C1B00F1C285 /* View+Font.swift in Sources */,
				A901F045256F8CBC00F1C285 /* GesturesScreen.swift in Sources */,
				A901EFDC256F8C1B00F1C285 /* AsyncImageLoader.swift in Sources */,
				A901EFE8256F8C1B00F1C285 /* CollectionViewLayout.swift in Sources */,
				A901EFC8256F8C1B00F1C285 /* ImagePickerStandardCompletionHandler.swift in Sources */,
				A901EF98256F8C1B00F1C285 /* View+Snapshot.swift in Sources */,
				A901EFE0256F8C1B00F1C285 /* UserDefaultsPersisted.swift in Sources */,
				A901EFEA256F8C1B00F1C285 /* CollectionView.swift in Sources */,
				A901F04A256F8CC900F1C285 /* PresentationScreen.swift in Sources */,
				A901EFCE256F8C1B00F1C285 /* SimpleOptionalPicker.swift in Sources */,
				A901F024256F8C1B00F1C285 /* AlertProvider.swift in Sources */,
				A901F012256F8C1B00F1C285 /* PresentationContext.swift in Sources */,
				A901EFA4256F8C1B00F1C285 /* View+Border.swift in Sources */,
				A901EFB6256F8C1B00F1C285 /* View+SwipeGesture.swift in Sources */,
				A9355046256F7E3D00BBE9CE /* ContentView.swift in Sources */,
				A901EFD2256F8C1B00F1C285 /* SimplePickerScreen.swift in Sources */,
				A901EFD4256F8C1B00F1C285 /* ImagePicker.swift in Sources */,
				A901F05B256F932C00F1C285 /* DemoListLink.swift in Sources */,
				A901EFFC256F8C1B00F1C285 /* ConditionalView.swift in Sources */,
				A901F00E256F8C1B00F1C285 /* SheetContext.swift in Sources */,
				A901EFAA256F8C1B00F1C285 /* ShadowStyle.swift in Sources */,
				A901F002256F8C1B00F1C285 /* FetchedDataView.swift in Sources */,
				A901F016256F8C1B00F1C285 /* View+Alert.swift in Sources */,
				A901F060256F936700F1C285 /* DemoListItem.swift in Sources */,
				A901F086256F964600F1C285 /* ViewsScreen.swift in Sources */,
				A901F00A256F8C1B00F1C285 /* MultiPageView.swift in Sources */,
				A901F004256F8C1B00F1C285 /* VerticalResizingList.swift in Sources */,
				A901EFC4256F8C1B00F1C285 /* FlippableView.swift in Sources */,
				A901EFF8256F8C1B00F1C285 /* LazyNavigationLink.swift in Sources */,
				A901F026256F8C1B00F1C285 /* AlertContext.swift in Sources */,
				A901EFF0256F8C1B00F1C285 /* CollectionViewRow.swift in Sources */,
				A901EFE6256F8C1B00F1C285 /* CircularProgressBar.swift in Sources */,
				A901EFD6256F8C1B00F1C285 /* SimpleMultiPicker.swift in Sources */,
				A901F075256F962600F1C285 /* CameraScreen.swift in Sources */,
				A901F02C256F8C1B00F1C285 /* View+Blur.swift in Sources */,
				A901EFFA256F8C1B00F1C285 /* LazyView.swift in Sources */,
				A901F07C256F963400F1C285 /* PickersScreen.swift in Sources */,
				A901EFF2256F8C1B00F1C285 /* UIHostingController+SafeArea.swift in Sources */,
				A901F03B256F8CA600F1C285 /* DataScreen.swift in Sources */,
				A901EFB2256F8C1B00F1C285 /* FontIdentifier.swift in Sources */,
				A901EFF6256F8C1B00F1C285 /* MinWidthButton.swift in Sources */,
				A901F070256F95A700F1C285 /* UIBlurEffectStyle+Name.swift in Sources */,
				A901F040256F8CB100F1C285 /* ExtensionsScreen.swift in Sources */,
				A901EFE4256F8C1B00F1C285 /* MultilineTextField.swift in Sources */,
				A901F000256F8C1B00F1C285 /* DismissableView.swift in Sources */,
				A901F018256F8C1B00F1C285 /* Toast+Shadow.swift in Sources */,
				A901EF94256F8C1B00F1C285 /* DocumentCamera.swift in Sources */,
				A901EF9C256F8C1B00F1C285 /* Color+Random.swift in Sources */,
				A901F067256F94C600F1C285 /* DemoListButton.swift in Sources */,
				A901EFFE256F8C1B00F1C285 /* AsyncImage.swift in Sources */,
				A901EFC2256F8C1B00F1C285 /* Flippable.swift in Sources */,
				A901EFC0256F8C1B00F1C285 /* FlipDirection.swift in Sources */,
				A901EFDA256F8C1B00F1C285 /* FilePicker.swift in Sources */,
				A901EFB4256F8C1B00F1C285 /* View+Shadow.swift in Sources */,
				A901EFCA256F8C1B00F1C285 /* ImagePickerCompletionHandler.swift in Sources */,
				A901F01A256F8C1B00F1C285 /* View+Sheet.swift in Sources */,
				A901F01C256F8C1B00F1C285 /* ToastStyle.swift in Sources */,
				A901EF9A256F8C1B00F1C285 /* EdgeInsets+Edge.swift in Sources */,
				A901F006256F8C1B00F1C285 /* UIViewWrapper.swift in Sources */,
				A901EFA6256F8C1B00F1C285 /* View+AnyView.swift in Sources */,
				A901EFCC256F8C1B00F1C285 /* SimplePicker.swift in Sources */,
				A9355044256F7E3D00BBE9CE /* DemoApp.swift in Sources */,
				A901F008256F8C1B00F1C285 /* OptionalView.swift in Sources */,
				A901F02E256F8C1B00F1C285 /* UIBlurEffectStyle+AllCases.swift in Sources */,
				A901F010256F8C1B00F1C285 /* FullScreenCoverContext.swift in Sources */,
				A901EFA0256F8C1B00F1C285 /* View+Geometry.swift in Sources */,
				A9355056256F7E6C00BBE9CE /* Image+Demo.swift in Sources */,
				A901EFEC256F8C1B00F1C285 /* CollectionViewLayout+VerticalGrid.swift in Sources */,
				A901F02A256F8C1B00F1C285 /* BlurView.swift in Sources */,
				A901EFEE256F8C1B00F1C285 /* CollectionViewLayout+Shelves.swift in Sources */,
				A901F04F256F8CFE00F1C285 /* StylesScreen.swift in Sources */,
				A901EFBA256F8C1B00F1C285 /* UIView+SwipeGesture.swift in Sources */,
				A901EFD8256F8C1B00F1C285 /* SimpleSinglePicker.swift in Sources */,
				A901EFDE256F8C1B00F1C285 /* QrCodeGenerator.swift in Sources */,
				A901EFA2256F8C1B00F1C285 /* Text+SingleLine.swift in Sources */,
				A901F00C256F8C1B00F1C285 /* ToastProvider.swift in Sources */,
				A901EF9E256F8C1B00F1C285 /* View+Visible.swift in Sources */,
				A901F034256F8C9A00F1C285 /* BlursScreen.swift in Sources */,
				A901EFD0256F8C1B00F1C285 /* SimplePickerValue.swift in Sources */,
				A901F028256F8C1B00F1C285 /* FullScreenCoverProvider.swift in Sources */,
				A901EFE2256F8C1B00F1C285 /* StandardQrCodeGenerator.swift in Sources */,
				A901F081256F963E00F1C285 /* SharingScreen.swift in Sources */,
				A901EFC6256F8C1B00F1C285 /* ImagePickerPhotosCompletionHandler.swift in Sources */,
				A901F01E256F8C1B00F1C285 /* View+Toast.swift in Sources */,
				A901EF96256F8C1B00F1C285 /* UrlOpener.swift in Sources */,
				A901EFAC256F8C1B00F1C285 /* CornerRadiusStyle.swift in Sources */,
				A901EFAE256F8C1B00F1C285 /* View+CornerRadius.swift in Sources */,
				A901EFB8256F8C1B00F1C285 /* SwipeGesture+Coordinator.swift in Sources */,
				A901EFBE256F8C1B00F1C285 /* SwipeGesture+Actions.swift in Sources */,
				A901F014256F8C1B00F1C285 /* View+FullScreenCover.swift in Sources */,
				A901EF92256F8C1B00F1C285 /* ShareSheet.swift in Sources */,
				A901EFBC256F8C1B00F1C285 /* SwipeGesture.swift in Sources */,
				A901EFA8256F8C1B00F1C285 /* FontStyle.swift in Sources */,
				A901F020256F8C1B00F1C285 /* SheetProvider.swift in Sources */,
			);
			runOnlyForDeploymentPostprocessing = 0;
		};
/* End PBXSourcesBuildPhase section */

/* Begin XCBuildConfiguration section */
		A9355049256F7E3D00BBE9CE /* Debug */ = {
			isa = XCBuildConfiguration;
			buildSettings = {
				ALWAYS_SEARCH_USER_PATHS = NO;
				CLANG_ANALYZER_NONNULL = YES;
				CLANG_ANALYZER_NUMBER_OBJECT_CONVERSION = YES_AGGRESSIVE;
				CLANG_CXX_LANGUAGE_STANDARD = "gnu++14";
				CLANG_CXX_LIBRARY = "libc++";
				CLANG_ENABLE_MODULES = YES;
				CLANG_ENABLE_OBJC_ARC = YES;
				CLANG_ENABLE_OBJC_WEAK = YES;
				CLANG_WARN_BLOCK_CAPTURE_AUTORELEASING = YES;
				CLANG_WARN_BOOL_CONVERSION = YES;
				CLANG_WARN_COMMA = YES;
				CLANG_WARN_CONSTANT_CONVERSION = YES;
				CLANG_WARN_DEPRECATED_OBJC_IMPLEMENTATIONS = YES;
				CLANG_WARN_DIRECT_OBJC_ISA_USAGE = YES_ERROR;
				CLANG_WARN_DOCUMENTATION_COMMENTS = YES;
				CLANG_WARN_EMPTY_BODY = YES;
				CLANG_WARN_ENUM_CONVERSION = YES;
				CLANG_WARN_INFINITE_RECURSION = YES;
				CLANG_WARN_INT_CONVERSION = YES;
				CLANG_WARN_NON_LITERAL_NULL_CONVERSION = YES;
				CLANG_WARN_OBJC_IMPLICIT_RETAIN_SELF = YES;
				CLANG_WARN_OBJC_LITERAL_CONVERSION = YES;
				CLANG_WARN_OBJC_ROOT_CLASS = YES_ERROR;
				CLANG_WARN_QUOTED_INCLUDE_IN_FRAMEWORK_HEADER = YES;
				CLANG_WARN_RANGE_LOOP_ANALYSIS = YES;
				CLANG_WARN_STRICT_PROTOTYPES = YES;
				CLANG_WARN_SUSPICIOUS_MOVE = YES;
				CLANG_WARN_UNGUARDED_AVAILABILITY = YES_AGGRESSIVE;
				CLANG_WARN_UNREACHABLE_CODE = YES;
				CLANG_WARN__DUPLICATE_METHOD_MATCH = YES;
				COPY_PHASE_STRIP = NO;
				DEBUG_INFORMATION_FORMAT = dwarf;
				ENABLE_STRICT_OBJC_MSGSEND = YES;
				ENABLE_TESTABILITY = YES;
				GCC_C_LANGUAGE_STANDARD = gnu11;
				GCC_DYNAMIC_NO_PIC = NO;
				GCC_NO_COMMON_BLOCKS = YES;
				GCC_OPTIMIZATION_LEVEL = 0;
				GCC_PREPROCESSOR_DEFINITIONS = (
					"DEBUG=1",
					"$(inherited)",
				);
				GCC_WARN_64_TO_32_BIT_CONVERSION = YES;
				GCC_WARN_ABOUT_RETURN_TYPE = YES_ERROR;
				GCC_WARN_UNDECLARED_SELECTOR = YES;
				GCC_WARN_UNINITIALIZED_AUTOS = YES_AGGRESSIVE;
				GCC_WARN_UNUSED_FUNCTION = YES;
				GCC_WARN_UNUSED_VARIABLE = YES;
				MTL_ENABLE_DEBUG_INFO = INCLUDE_SOURCE;
				MTL_FAST_MATH = YES;
				ONLY_ACTIVE_ARCH = YES;
				SWIFT_ACTIVE_COMPILATION_CONDITIONS = DEBUG;
				SWIFT_OPTIMIZATION_LEVEL = "-Onone";
			};
			name = Debug;
		};
		A935504A256F7E3D00BBE9CE /* Release */ = {
			isa = XCBuildConfiguration;
			buildSettings = {
				ALWAYS_SEARCH_USER_PATHS = NO;
				CLANG_ANALYZER_NONNULL = YES;
				CLANG_ANALYZER_NUMBER_OBJECT_CONVERSION = YES_AGGRESSIVE;
				CLANG_CXX_LANGUAGE_STANDARD = "gnu++14";
				CLANG_CXX_LIBRARY = "libc++";
				CLANG_ENABLE_MODULES = YES;
				CLANG_ENABLE_OBJC_ARC = YES;
				CLANG_ENABLE_OBJC_WEAK = YES;
				CLANG_WARN_BLOCK_CAPTURE_AUTORELEASING = YES;
				CLANG_WARN_BOOL_CONVERSION = YES;
				CLANG_WARN_COMMA = YES;
				CLANG_WARN_CONSTANT_CONVERSION = YES;
				CLANG_WARN_DEPRECATED_OBJC_IMPLEMENTATIONS = YES;
				CLANG_WARN_DIRECT_OBJC_ISA_USAGE = YES_ERROR;
				CLANG_WARN_DOCUMENTATION_COMMENTS = YES;
				CLANG_WARN_EMPTY_BODY = YES;
				CLANG_WARN_ENUM_CONVERSION = YES;
				CLANG_WARN_INFINITE_RECURSION = YES;
				CLANG_WARN_INT_CONVERSION = YES;
				CLANG_WARN_NON_LITERAL_NULL_CONVERSION = YES;
				CLANG_WARN_OBJC_IMPLICIT_RETAIN_SELF = YES;
				CLANG_WARN_OBJC_LITERAL_CONVERSION = YES;
				CLANG_WARN_OBJC_ROOT_CLASS = YES_ERROR;
				CLANG_WARN_QUOTED_INCLUDE_IN_FRAMEWORK_HEADER = YES;
				CLANG_WARN_RANGE_LOOP_ANALYSIS = YES;
				CLANG_WARN_STRICT_PROTOTYPES = YES;
				CLANG_WARN_SUSPICIOUS_MOVE = YES;
				CLANG_WARN_UNGUARDED_AVAILABILITY = YES_AGGRESSIVE;
				CLANG_WARN_UNREACHABLE_CODE = YES;
				CLANG_WARN__DUPLICATE_METHOD_MATCH = YES;
				COPY_PHASE_STRIP = NO;
				DEBUG_INFORMATION_FORMAT = "dwarf-with-dsym";
				ENABLE_NS_ASSERTIONS = NO;
				ENABLE_STRICT_OBJC_MSGSEND = YES;
				GCC_C_LANGUAGE_STANDARD = gnu11;
				GCC_NO_COMMON_BLOCKS = YES;
				GCC_WARN_64_TO_32_BIT_CONVERSION = YES;
				GCC_WARN_ABOUT_RETURN_TYPE = YES_ERROR;
				GCC_WARN_UNDECLARED_SELECTOR = YES;
				GCC_WARN_UNINITIALIZED_AUTOS = YES_AGGRESSIVE;
				GCC_WARN_UNUSED_FUNCTION = YES;
				GCC_WARN_UNUSED_VARIABLE = YES;
				MTL_ENABLE_DEBUG_INFO = NO;
				MTL_FAST_MATH = YES;
				SWIFT_COMPILATION_MODE = wholemodule;
				SWIFT_OPTIMIZATION_LEVEL = "-O";
			};
			name = Release;
		};
		A935504C256F7E3D00BBE9CE /* Debug */ = {
			isa = XCBuildConfiguration;
			buildSettings = {
				ASSETCATALOG_COMPILER_APPICON_NAME = AppIcon;
				ASSETCATALOG_COMPILER_GLOBAL_ACCENT_COLOR_NAME = AccentColor;
				CODE_SIGN_STYLE = Automatic;
				DEVELOPMENT_TEAM = PMEDFW438U;
				ENABLE_PREVIEWS = YES;
				INFOPLIST_FILE = iOS/Info.plist;
				IPHONEOS_DEPLOYMENT_TARGET = 14.0;
				LD_RUNPATH_SEARCH_PATHS = (
					"$(inherited)",
					"@executable_path/Frameworks",
				);
				PRODUCT_BUNDLE_IDENTIFIER = com.danielsaidi.swiftuikit.demo;
				PRODUCT_NAME = Demo;
				SDKROOT = iphoneos;
				SWIFT_VERSION = 5.0;
				TARGETED_DEVICE_FAMILY = "1,2";
			};
			name = Debug;
		};
		A935504D256F7E3D00BBE9CE /* Release */ = {
			isa = XCBuildConfiguration;
			buildSettings = {
				ASSETCATALOG_COMPILER_APPICON_NAME = AppIcon;
				ASSETCATALOG_COMPILER_GLOBAL_ACCENT_COLOR_NAME = AccentColor;
				CODE_SIGN_STYLE = Automatic;
				DEVELOPMENT_TEAM = PMEDFW438U;
				ENABLE_PREVIEWS = YES;
				INFOPLIST_FILE = iOS/Info.plist;
				IPHONEOS_DEPLOYMENT_TARGET = 14.0;
				LD_RUNPATH_SEARCH_PATHS = (
					"$(inherited)",
					"@executable_path/Frameworks",
				);
				PRODUCT_BUNDLE_IDENTIFIER = com.danielsaidi.swiftuikit.demo;
				PRODUCT_NAME = Demo;
				SDKROOT = iphoneos;
				SWIFT_VERSION = 5.0;
				TARGETED_DEVICE_FAMILY = "1,2";
				VALIDATE_PRODUCT = YES;
			};
			name = Release;
		};
		A935504F256F7E3D00BBE9CE /* Debug */ = {
			isa = XCBuildConfiguration;
			buildSettings = {
				ASSETCATALOG_COMPILER_APPICON_NAME = AppIcon;
				ASSETCATALOG_COMPILER_GLOBAL_ACCENT_COLOR_NAME = AccentColor;
				CODE_SIGN_ENTITLEMENTS = macOS/macOS.entitlements;
				CODE_SIGN_STYLE = Automatic;
				COMBINE_HIDPI_IMAGES = YES;
				DEVELOPMENT_TEAM = PMEDFW438U;
				ENABLE_HARDENED_RUNTIME = YES;
				ENABLE_PREVIEWS = YES;
				INFOPLIST_FILE = macOS/Info.plist;
				LD_RUNPATH_SEARCH_PATHS = (
					"$(inherited)",
					"@executable_path/../Frameworks",
				);
				MACOSX_DEPLOYMENT_TARGET = 11.0;
				PRODUCT_BUNDLE_IDENTIFIER = com.danielsaidi.Demo;
				PRODUCT_NAME = Demo;
				SDKROOT = macosx;
				SWIFT_VERSION = 5.0;
			};
			name = Debug;
		};
		A9355050256F7E3D00BBE9CE /* Release */ = {
			isa = XCBuildConfiguration;
			buildSettings = {
				ASSETCATALOG_COMPILER_APPICON_NAME = AppIcon;
				ASSETCATALOG_COMPILER_GLOBAL_ACCENT_COLOR_NAME = AccentColor;
				CODE_SIGN_ENTITLEMENTS = macOS/macOS.entitlements;
				CODE_SIGN_STYLE = Automatic;
				COMBINE_HIDPI_IMAGES = YES;
				DEVELOPMENT_TEAM = PMEDFW438U;
				ENABLE_HARDENED_RUNTIME = YES;
				ENABLE_PREVIEWS = YES;
				INFOPLIST_FILE = macOS/Info.plist;
				LD_RUNPATH_SEARCH_PATHS = (
					"$(inherited)",
					"@executable_path/../Frameworks",
				);
				MACOSX_DEPLOYMENT_TARGET = 11.0;
				PRODUCT_BUNDLE_IDENTIFIER = com.danielsaidi.Demo;
				PRODUCT_NAME = Demo;
				SDKROOT = macosx;
				SWIFT_VERSION = 5.0;
			};
			name = Release;
		};
/* End XCBuildConfiguration section */

/* Begin XCConfigurationList section */
		A935502E256F7E3C00BBE9CE /* Build configuration list for PBXProject "Demo" */ = {
			isa = XCConfigurationList;
			buildConfigurations = (
				A9355049256F7E3D00BBE9CE /* Debug */,
				A935504A256F7E3D00BBE9CE /* Release */,
			);
			defaultConfigurationIsVisible = 0;
			defaultConfigurationName = Release;
		};
		A935504B256F7E3D00BBE9CE /* Build configuration list for PBXNativeTarget "Demo (iOS)" */ = {
			isa = XCConfigurationList;
			buildConfigurations = (
				A935504C256F7E3D00BBE9CE /* Debug */,
				A935504D256F7E3D00BBE9CE /* Release */,
			);
			defaultConfigurationIsVisible = 0;
			defaultConfigurationName = Release;
		};
		A935504E256F7E3D00BBE9CE /* Build configuration list for PBXNativeTarget "Demo (macOS)" */ = {
			isa = XCConfigurationList;
			buildConfigurations = (
				A935504F256F7E3D00BBE9CE /* Debug */,
				A9355050256F7E3D00BBE9CE /* Release */,
			);
			defaultConfigurationIsVisible = 0;
			defaultConfigurationName = Release;
		};
/* End XCConfigurationList section */
	};
	rootObject = A935502B256F7E3C00BBE9CE /* Project object */;
}
